{
  "version": 4,
  "terraform_version": "1.7.5",
  "serial": 101,
  "lineage": "5f023cae-2f2c-dd23-2359-96d5de98d665",
  "outputs": {},
  "resources": [
    {
      "mode": "data",
      "type": "aws_eks_cluster",
      "name": "default",
      "provider": "provider[\"registry.terraform.io/hashicorp/aws\"]",
      "instances": [
        {
          "schema_version": 0,
          "attributes": {
            "access_config": [
              {
                "authentication_mode": "CONFIG_MAP"
              }
            ],
            "arn": "arn:aws:eks:us-east-1:852312235001:cluster/my-eks-cluster",
            "certificate_authority": [
              {
                "data": "LS0tLS1CRUdJTiBDRVJUSUZJQ0FURS0tLS0tCk1JSURCVENDQWUyZ0F3SUJBZ0lJY0pzQkRoMitJQjB3RFFZSktvWklodmNOQVFFTEJRQXdGVEVUTUJFR0ExVUUKQXhNS2EzVmlaWEp1WlhSbGN6QWVGdzB5TkRBek1UUXhNak00TXpaYUZ3MHpOREF6TVRJeE1qUXpNelphTUJVeApFekFSQmdOVkJBTVRDbXQxWW1WeWJtVjBaWE13Z2dFaU1BMEdDU3FHU0liM0RRRUJBUVVBQTRJQkR3QXdnZ0VLCkFvSUJBUURISUR3ckU0QmJaQTF6V1c3SDIzcXJiMTE5UkdvWmNtNDBaOExsUHdjU2k4clIvTzNxakNIdnVKU0YKL2M2N0s1ektvMkQ0eTg5TUdjZlVlNVBEYWw4MVhzam5xVXlVWk96K01zc3hXVlozejE5K0JqQ1EweEljS01ZWgoyczdmc3A1azczd1psREJHbmxUOFdRWkwvUXBIbllUSC83MlVpWTFLaDIwOVo3M0hhZ3NIaHFHMDkwRmpoYStzCnlnRUJZWXNVTWMyaTkyMmQyb3E2cTF6N0wydEFmWHhKUUJNMHhrN2s1TUttTUJVd214ZytIdUp1SEtRdnpoRmsKeDhGUXI1d2p1UWF2bWNIYUxWcVNGN0w2Y2xUaVJzZmNrUlhmNmdIRlhxRHdPWkxyWW1ualFVR3RZYXlFYVI1MgppcFd3Q3hxb2piczkyeFFnK0sycjFCV0ZLNFpyQWdNQkFBR2pXVEJYTUE0R0ExVWREd0VCL3dRRUF3SUNwREFQCkJnTlZIUk1CQWY4RUJUQURBUUgvTUIwR0ExVWREZ1FXQkJSK1FDSjBWMHlWeEtBSmpNT1A4aXhwdEJhRGRqQVYKQmdOVkhSRUVEakFNZ2dwcmRXSmxjbTVsZEdWek1BMEdDU3FHU0liM0RRRUJDd1VBQTRJQkFRQWdMRlhLLzl0WQpzZTluWlg0Q1BpRHZpQVhPcDJDaWdLMWExMUJ4c3NzTGVrU1hYcEltbk5oUkEzcDFodmMxYldGT1ZZUzNmdTEyCi95Z1o1bkdzd2luanh3Qnd0cXIvRGZEU3BiOElTRHVGSnlLM0c2YjlYYkVKVjdkUzcvMlBwRXFQR0xrNGhOUkcKVjJmcFFOMHBNU0pTWmFUd09DYUFXWGRHK2FaZFRmaHJ2TWVPcGlROFpmSU50YUlKVENHQTFQY3R2L2p3alFONgo0L1RXSFZ1K3czdjNET0RrcGJUN3JSLytjNFRETWVPSjk0UUJ5a1hZV244YXRzNXA2WXZmOWFiMW5CKzBrSGYwClBSSHYzV3QwTkYzUTNqYVFGdkZOUWlNdHFzNU5rVzRzQU9ESitwR3UvOHVCQU9lUWlFSVhDanhld2NiQWwvVHQKcFVhd3orUi9meWRFCi0tLS0tRU5EIENFUlRJRklDQVRFLS0tLS0K"
              }
            ],
            "cluster_id": null,
            "created_at": "2024-03-14 12:39:05.58 +0000 UTC",
            "enabled_cluster_log_types": [
              "api",
              "audit",
              "authenticator"
            ],
            "endpoint": "https://52839B6C3B38F550EC33B5803BE65701.gr7.us-east-1.eks.amazonaws.com",
            "id": "my-eks-cluster",
            "identity": [
              {
                "oidc": [
                  {
                    "issuer": "https://oidc.eks.us-east-1.amazonaws.com/id/52839B6C3B38F550EC33B5803BE65701"
                  }
                ]
              }
            ],
            "kubernetes_network_config": [
              {
                "ip_family": "ipv4",
                "service_ipv4_cidr": "172.20.0.0/16",
                "service_ipv6_cidr": ""
              }
            ],
            "name": "my-eks-cluster",
            "outpost_config": [],
            "platform_version": "eks.15",
            "role_arn": "arn:aws:iam::852312235001:role/my-eks-cluster-cluster-20240314123829782200000004",
            "status": "ACTIVE",
            "tags": {
              "Environment": "dev"
            },
            "version": "1.25",
            "vpc_config": [
              {
                "cluster_security_group_id": "sg-0085d06dd9edd98a9",
                "endpoint_private_access": true,
                "endpoint_public_access": true,
                "public_access_cidrs": [
                  "0.0.0.0/0"
                ],
                "security_group_ids": [
                  "sg-0eef7b9bfe93a6bf1"
                ],
                "subnet_ids": [
                  "subnet-0204908893f489429",
                  "subnet-09bc423ef8b7165aa"
                ],
                "vpc_id": "vpc-0680979fd1bca1c4d"
              }
            ]
          },
          "sensitive_attributes": []
        }
      ]
    },
    {
      "mode": "data",
      "type": "aws_eks_cluster_auth",
      "name": "default",
      "provider": "provider[\"registry.terraform.io/hashicorp/aws\"]",
      "instances": [
        {
          "schema_version": 0,
          "attributes": {
            "id": "my-eks-cluster",
            "name": "my-eks-cluster",
            "token": "k8s-aws-v1.aHR0cHM6Ly9zdHMudXMtZWFzdC0xLmFtYXpvbmF3cy5jb20vP0FjdGlvbj1HZXRDYWxsZXJJZGVudGl0eSZWZXJzaW9uPTIwMTEtMDYtMTUmWC1BbXotQWxnb3JpdGhtPUFXUzQtSE1BQy1TSEEyNTYmWC1BbXotQ3JlZGVudGlhbD1BS0lBNE00T0VUUDRaVU5NNFNKWSUyRjIwMjQwMzE0JTJGdXMtZWFzdC0xJTJGc3RzJTJGYXdzNF9yZXF1ZXN0JlgtQW16LURhdGU9MjAyNDAzMTRUMTUxODQyWiZYLUFtei1FeHBpcmVzPTAmWC1BbXotU2lnbmVkSGVhZGVycz1ob3N0JTNCeC1rOHMtYXdzLWlkJlgtQW16LVNpZ25hdHVyZT1kNWUwZDFmZmQ1MDdmMDIxZjE3MTg4NjY2ZjEwNzUyMTUyNjI3ZDZjNGI2NTIxMTllOWQ3NjI2MjcwMmMyZmI0"
          },
          "sensitive_attributes": []
        }
      ]
    },
    {
      "mode": "managed",
      "type": "helm_release",
      "name": "aws_load_balancer_controller",
      "provider": "provider[\"registry.terraform.io/hashicorp/helm\"]",
      "instances": [
        {
          "schema_version": 1,
          "attributes": {
            "atomic": false,
            "chart": "aws-load-balancer-controller",
            "cleanup_on_fail": false,
            "create_namespace": false,
            "dependency_update": false,
            "description": null,
            "devel": null,
            "disable_crd_hooks": false,
            "disable_openapi_validation": false,
            "disable_webhooks": false,
            "force_update": false,
            "id": "aws-load-balancer-controller",
            "keyring": null,
            "lint": false,
            "manifest": null,
            "max_history": 0,
            "metadata": [
              {
                "app_version": "v2.4.3",
                "chart": "aws-load-balancer-controller",
                "name": "aws-load-balancer-controller",
                "namespace": "kube-system",
                "revision": 1,
                "values": "{\"clusterName\":\"my-eks-cluster\",\"replicaCount\":1,\"serviceAccount\":{\"annotations\":{\"eks.amazonaws.com/role-arn\":\"arn:aws:iam::852312235001:role/aws-load-balancer-controller\"},\"name\":\"aws-load-balancer-controller\"}}",
                "version": "1.4.4"
              }
            ],
            "name": "aws-load-balancer-controller",
            "namespace": "kube-system",
            "pass_credentials": false,
            "postrender": [],
            "recreate_pods": false,
            "render_subchart_notes": true,
            "replace": false,
            "repository": "https://aws.github.io/eks-charts",
            "repository_ca_file": null,
            "repository_cert_file": null,
            "repository_key_file": null,
            "repository_password": null,
            "repository_username": null,
            "reset_values": false,
            "reuse_values": false,
            "set": [
              {
                "name": "clusterName",
                "type": "",
                "value": "my-eks-cluster"
              },
              {
                "name": "replicaCount",
                "type": "",
                "value": "1"
              },
              {
                "name": "serviceAccount.annotations.eks\\.amazonaws\\.com/role-arn",
                "type": "",
                "value": "arn:aws:iam::852312235001:role/aws-load-balancer-controller"
              },
              {
                "name": "serviceAccount.name",
                "type": "",
                "value": "aws-load-balancer-controller"
              }
            ],
            "set_list": [],
            "set_sensitive": [],
            "skip_crds": false,
            "status": "deployed",
            "timeout": 300,
            "values": null,
            "verify": false,
            "version": "1.4.4",
            "wait": true,
            "wait_for_jobs": false
          },
          "sensitive_attributes": [],
          "private": "eyJzY2hlbWFfdmVyc2lvbiI6IjEifQ==",
          "dependencies": [
            "data.aws_eks_cluster.default",
            "module.aws_load_balancer_controller_irsa_role.aws_iam_role.this",
            "module.aws_load_balancer_controller_irsa_role.data.aws_caller_identity.current",
            "module.aws_load_balancer_controller_irsa_role.data.aws_iam_policy_document.this",
            "module.aws_load_balancer_controller_irsa_role.data.aws_partition.current",
            "module.eks.aws_cloudwatch_log_group.this",
            "module.eks.aws_eks_cluster.this",
            "module.eks.aws_iam_openid_connect_provider.oidc_provider",
            "module.eks.aws_iam_role.this",
            "module.eks.aws_iam_role_policy_attachment.this",
            "module.eks.aws_security_group.cluster",
            "module.eks.aws_security_group.node",
            "module.eks.aws_security_group_rule.cluster",
            "module.eks.aws_security_group_rule.node",
            "module.eks.data.aws_caller_identity.current",
            "module.eks.data.aws_iam_policy_document.assume_role_policy",
            "module.eks.data.aws_partition.current",
            "module.eks.data.tls_certificate.this",
            "module.eks.module.kms.aws_kms_external_key.this",
            "module.eks.module.kms.aws_kms_key.this",
            "module.eks.module.kms.data.aws_caller_identity.current",
            "module.eks.module.kms.data.aws_iam_policy_document.this",
            "module.eks.module.kms.data.aws_partition.current",
            "module.vpc.aws_subnet.private",
            "module.vpc.aws_vpc.this",
            "module.vpc.aws_vpc_ipv4_cidr_block_association.this"
          ]
        }
      ]
    },
    {
      "mode": "managed",
      "type": "helm_release",
      "name": "prometheus",
      "provider": "provider[\"registry.terraform.io/hashicorp/helm\"]",
      "instances": [
        {
          "schema_version": 1,
          "attributes": {
            "atomic": false,
            "chart": "kube-prometheus-stack",
            "cleanup_on_fail": false,
            "create_namespace": true,
            "dependency_update": false,
            "description": null,
            "devel": null,
            "disable_crd_hooks": false,
            "disable_openapi_validation": false,
            "disable_webhooks": false,
            "force_update": false,
            "id": "prometheus",
            "keyring": null,
            "lint": false,
            "manifest": null,
            "max_history": 0,
            "metadata": [
              {
                "app_version": "v0.68.0",
                "chart": "kube-prometheus-stack",
                "name": "prometheus",
                "namespace": "prometheus",
                "revision": 1,
                "values": "{\"alertRelabelConfigs\":{},\"alertmanager\":{\"enabled\":true,\"persistence\":{\"size\":\"2Gi\"},\"podSecurityContext\":{\"fsGroup\":65534,\"runAsGroup\":65534,\"runAsNonRoot\":true,\"runAsUser\":65534}},\"configmapReload\":{\"prometheus\":{\"containerSecurityContext\":{},\"enabled\":true,\"extraArgs\":{},\"extraConfigmapMounts\":[],\"extraVolumeDirs\":[],\"image\":{\"digest\":\"\",\"pullPolicy\":\"IfNotPresent\",\"repository\":\"jimmidyson/configmap-reload\",\"tag\":\"v0.8.0\"},\"name\":\"configmap-reload\",\"resources\":{}}},\"extraManifests\":[],\"extraScrapeConfigs\":\"\",\"forceNamespace\":\"\",\"imagePullSecrets\":[],\"kube-state-metrics\":{\"enabled\":true},\"networkPolicy\":{\"enabled\":false},\"podSecurityPolicy\":{\"enabled\":true},\"prometheus-node-exporter\":{\"containerSecurityContext\":{\"allowPrivilegeEscalation\":false},\"enabled\":true,\"rbac\":{\"pspEnabled\":false}},\"prometheus-pushgateway\":{\"enabled\":true,\"serviceAnnotations\":{\"prometheus.io/probe\":\"pushgateway\"}},\"rbac\":{\"create\":true},\"ruleFiles\":{},\"server\":{\"affinity\":{},\"alertmanagers\":[],\"baseURL\":\"\",\"configMapOverrideName\":\"\",\"configPath\":\"/etc/config/prometheus.yml\",\"containerSecurityContext\":{},\"defaultFlagsOverride\":[],\"deploymentAnnotations\":{},\"dnsConfig\":{},\"dnsPolicy\":\"ClusterFirst\",\"emptyDir\":{\"sizeLimit\":\"\"},\"enableServiceLinks\":true,\"env\":[],\"extraArgs\":{},\"extraConfigmapLabels\":{},\"extraConfigmapMounts\":[],\"extraFlags\":[\"web.enable-lifecycle\"],\"extraHostPathMounts\":[],\"extraInitContainers\":[],\"extraSecretMounts\":[],\"extraVolumeMounts\":[],\"extraVolumes\":[],\"global\":{\"evaluation_interval\":\"1m\",\"scrape_interval\":\"1m\",\"scrape_timeout\":\"10s\"},\"hostAliases\":[],\"hostNetwork\":false,\"image\":{\"digest\":\"\",\"pullPolicy\":\"IfNotPresent\",\"repository\":\"quay.io/prometheus/prometheus\",\"tag\":\"\"},\"ingress\":{\"annotations\":{},\"enabled\":false,\"extraLabels\":{},\"extraPaths\":[],\"hosts\":[],\"path\":\"/\",\"pathType\":\"Prefix\",\"tls\":[]},\"livenessProbeFailureThreshold\":3,\"livenessProbeInitialDelay\":30,\"livenessProbePeriodSeconds\":15,\"livenessProbeSuccessThreshold\":1,\"livenessProbeTimeout\":10,\"name\":\"server\",\"nodeSelector\":{},\"persistentVolume\":{\"accessModes\":[\"ReadWriteOnce\"],\"annotations\":{},\"enabled\":false,\"existingClaim\":\"\",\"labels\":{},\"mountPath\":\"/data\",\"size\":\"8Gi\",\"subPath\":\"\"},\"podAnnotations\":{},\"podDisruptionBudget\":{\"enabled\":false,\"maxUnavailable\":1},\"podLabels\":{},\"podSecurityPolicy\":{\"annotations\":{}},\"prefixURL\":\"\",\"priorityClassName\":\"\",\"probeHeaders\":[],\"probeScheme\":\"HTTP\",\"readinessProbeFailureThreshold\":3,\"readinessProbeInitialDelay\":30,\"readinessProbePeriodSeconds\":5,\"readinessProbeSuccessThreshold\":1,\"readinessProbeTimeout\":4,\"remoteRead\":[],\"remoteWrite\":[],\"replicaCount\":1,\"resources\":{},\"retention\":\"15d\",\"securityContext\":{\"fsGroup\":65534,\"runAsGroup\":65534,\"runAsNonRoot\":true,\"runAsUser\":65534},\"service\":{\"annotations\":{},\"clusterIP\":\"\",\"enabled\":true,\"externalIPs\":[],\"gRPC\":{\"enabled\":false,\"servicePort\":10901},\"labels\":{},\"loadBalancerIP\":\"\",\"loadBalancerSourceRanges\":[],\"servicePort\":80,\"sessionAffinity\":\"None\",\"statefulsetReplica\":{\"enabled\":false,\"replica\":0},\"type\":\"ClusterIP\"},\"sidecarContainers\":{},\"sidecarTemplateValues\":{},\"startupProbe\":{\"enabled\":false,\"failureThreshold\":30,\"periodSeconds\":5,\"timeoutSeconds\":10},\"statefulSet\":{\"annotations\":{},\"enabled\":false,\"headless\":{\"annotations\":{},\"gRPC\":{\"enabled\":false,\"servicePort\":10901},\"labels\":{},\"servicePort\":80},\"labels\":{},\"podManagementPolicy\":\"OrderedReady\"},\"storagePath\":\"\",\"strategy\":{\"type\":\"Recreate\"},\"tcpSocketProbeEnabled\":false,\"terminationGracePeriodSeconds\":300,\"tolerations\":[],\"verticalAutoscaler\":{\"enabled\":false}},\"server.resources\":\"\\\"limits\\\":\\n  \\\"cpu\\\": \\\"200m\\\"\\n  \\\"memory\\\": \\\"50Mi\\\"\\n\\\"requests\\\":\\n  \\\"cpu\\\": \\\"100m\\\"\\n  \\\"memory\\\": \\\"30Mi\\\"\\n\",\"serverFiles\":{\"alerting_rules.yml\":{},\"alerts\":{},\"prometheus.yml\":{\"rule_files\":[\"/etc/config/recording_rules.yml\",\"/etc/config/alerting_rules.yml\",\"/etc/config/rules\",\"/etc/config/alerts\"],\"scrape_configs\":[{\"job_name\":\"prometheus\",\"static_configs\":[{\"targets\":[\"localhost:9090\"]}]},{\"bearer_token_file\":\"/var/run/secrets/kubernetes.io/serviceaccount/token\",\"job_name\":\"kubernetes-apiservers\",\"kubernetes_sd_configs\":[{\"role\":\"endpoints\"}],\"relabel_configs\":[{\"action\":\"keep\",\"regex\":\"default;kubernetes;https\",\"source_labels\":[\"__meta_kubernetes_namespace\",\"__meta_kubernetes_service_name\",\"__meta_kubernetes_endpoint_port_name\"]}],\"scheme\":\"https\",\"tls_config\":{\"ca_file\":\"/var/run/secrets/kubernetes.io/serviceaccount/ca.crt\",\"insecure_skip_verify\":true}},{\"bearer_token_file\":\"/var/run/secrets/kubernetes.io/serviceaccount/token\",\"job_name\":\"kubernetes-nodes\",\"kubernetes_sd_configs\":[{\"role\":\"node\"}],\"relabel_configs\":[{\"action\":\"labelmap\",\"regex\":\"__meta_kubernetes_node_label_(.+)\"},{\"replacement\":\"kubernetes.default.svc:443\",\"target_label\":\"__address__\"},{\"regex\":\"(.+)\",\"replacement\":\"/api/v1/nodes/$1/proxy/metrics\",\"source_labels\":[\"__meta_kubernetes_node_name\"],\"target_label\":\"__metrics_path__\"}],\"scheme\":\"https\",\"tls_config\":{\"ca_file\":\"/var/run/secrets/kubernetes.io/serviceaccount/ca.crt\",\"insecure_skip_verify\":true}},{\"bearer_token_file\":\"/var/run/secrets/kubernetes.io/serviceaccount/token\",\"job_name\":\"kubernetes-nodes-cadvisor\",\"kubernetes_sd_configs\":[{\"role\":\"node\"}],\"relabel_configs\":[{\"action\":\"labelmap\",\"regex\":\"__meta_kubernetes_node_label_(.+)\"},{\"replacement\":\"kubernetes.default.svc:443\",\"target_label\":\"__address__\"},{\"regex\":\"(.+)\",\"replacement\":\"/api/v1/nodes/$1/proxy/metrics/cadvisor\",\"source_labels\":[\"__meta_kubernetes_node_name\"],\"target_label\":\"__metrics_path__\"}],\"scheme\":\"https\",\"tls_config\":{\"ca_file\":\"/var/run/secrets/kubernetes.io/serviceaccount/ca.crt\",\"insecure_skip_verify\":true}},{\"honor_labels\":true,\"job_name\":\"kubernetes-service-endpoints\",\"kubernetes_sd_configs\":[{\"role\":\"endpoints\"}],\"relabel_configs\":[{\"action\":\"keep\",\"regex\":true,\"source_labels\":[\"__meta_kubernetes_service_annotation_prometheus_io_scrape\"]},{\"action\":\"drop\",\"regex\":true,\"source_labels\":[\"__meta_kubernetes_service_annotation_prometheus_io_scrape_slow\"]},{\"action\":\"replace\",\"regex\":\"(https?)\",\"source_labels\":[\"__meta_kubernetes_service_annotation_prometheus_io_scheme\"],\"target_label\":\"__scheme__\"},{\"action\":\"replace\",\"regex\":\"(.+)\",\"source_labels\":[\"__meta_kubernetes_service_annotation_prometheus_io_path\"],\"target_label\":\"__metrics_path__\"},{\"action\":\"replace\",\"regex\":\"(.+?)(?::\\\\d+)?;(\\\\d+)\",\"replacement\":\"$1:$2\",\"source_labels\":[\"__address__\",\"__meta_kubernetes_service_annotation_prometheus_io_port\"],\"target_label\":\"__address__\"},{\"action\":\"labelmap\",\"regex\":\"__meta_kubernetes_service_annotation_prometheus_io_param_(.+)\",\"replacement\":\"__param_$1\"},{\"action\":\"labelmap\",\"regex\":\"__meta_kubernetes_service_label_(.+)\"},{\"action\":\"replace\",\"source_labels\":[\"__meta_kubernetes_namespace\"],\"target_label\":\"namespace\"},{\"action\":\"replace\",\"source_labels\":[\"__meta_kubernetes_service_name\"],\"target_label\":\"service\"},{\"action\":\"replace\",\"source_labels\":[\"__meta_kubernetes_pod_node_name\"],\"target_label\":\"node\"}]},{\"honor_labels\":true,\"job_name\":\"kubernetes-service-endpoints-slow\",\"kubernetes_sd_configs\":[{\"role\":\"endpoints\"}],\"relabel_configs\":[{\"action\":\"keep\",\"regex\":true,\"source_labels\":[\"__meta_kubernetes_service_annotation_prometheus_io_scrape_slow\"]},{\"action\":\"replace\",\"regex\":\"(https?)\",\"source_labels\":[\"__meta_kubernetes_service_annotation_prometheus_io_scheme\"],\"target_label\":\"__scheme__\"},{\"action\":\"replace\",\"regex\":\"(.+)\",\"source_labels\":[\"__meta_kubernetes_service_annotation_prometheus_io_path\"],\"target_label\":\"__metrics_path__\"},{\"action\":\"replace\",\"regex\":\"(.+?)(?::\\\\d+)?;(\\\\d+)\",\"replacement\":\"$1:$2\",\"source_labels\":[\"__address__\",\"__meta_kubernetes_service_annotation_prometheus_io_port\"],\"target_label\":\"__address__\"},{\"action\":\"labelmap\",\"regex\":\"__meta_kubernetes_service_annotation_prometheus_io_param_(.+)\",\"replacement\":\"__param_$1\"},{\"action\":\"labelmap\",\"regex\":\"__meta_kubernetes_service_label_(.+)\"},{\"action\":\"replace\",\"source_labels\":[\"__meta_kubernetes_namespace\"],\"target_label\":\"namespace\"},{\"action\":\"replace\",\"source_labels\":[\"__meta_kubernetes_service_name\"],\"target_label\":\"service\"},{\"action\":\"replace\",\"source_labels\":[\"__meta_kubernetes_pod_node_name\"],\"target_label\":\"node\"}],\"scrape_interval\":\"5m\",\"scrape_timeout\":\"30s\"},{\"honor_labels\":true,\"job_name\":\"prometheus-pushgateway\",\"kubernetes_sd_configs\":[{\"role\":\"service\"}],\"relabel_configs\":[{\"action\":\"keep\",\"regex\":\"pushgateway\",\"source_labels\":[\"__meta_kubernetes_service_annotation_prometheus_io_probe\"]}]},{\"honor_labels\":true,\"job_name\":\"kubernetes-services\",\"kubernetes_sd_configs\":[{\"role\":\"service\"}],\"metrics_path\":\"/probe\",\"params\":{\"module\":[\"http_2xx\"]},\"relabel_configs\":[{\"action\":\"keep\",\"regex\":true,\"source_labels\":[\"__meta_kubernetes_service_annotation_prometheus_io_probe\"]},{\"source_labels\":[\"__address__\"],\"target_label\":\"__param_target\"},{\"replacement\":\"blackbox\",\"target_label\":\"__address__\"},{\"source_labels\":[\"__param_target\"],\"target_label\":\"instance\"},{\"action\":\"labelmap\",\"regex\":\"__meta_kubernetes_service_label_(.+)\"},{\"source_labels\":[\"__meta_kubernetes_namespace\"],\"target_label\":\"namespace\"},{\"source_labels\":[\"__meta_kubernetes_service_name\"],\"target_label\":\"service\"}]},{\"honor_labels\":true,\"job_name\":\"kubernetes-pods\",\"kubernetes_sd_configs\":[{\"role\":\"pod\"}],\"relabel_configs\":[{\"action\":\"keep\",\"regex\":true,\"source_labels\":[\"__meta_kubernetes_pod_annotation_prometheus_io_scrape\"]},{\"action\":\"drop\",\"regex\":true,\"source_labels\":[\"__meta_kubernetes_pod_annotation_prometheus_io_scrape_slow\"]},{\"action\":\"replace\",\"regex\":\"(https?)\",\"source_labels\":[\"__meta_kubernetes_pod_annotation_prometheus_io_scheme\"],\"target_label\":\"__scheme__\"},{\"action\":\"replace\",\"regex\":\"(.+)\",\"source_labels\":[\"__meta_kubernetes_pod_annotation_prometheus_io_path\"],\"target_label\":\"__metrics_path__\"},{\"action\":\"replace\",\"regex\":\"(\\\\d+);(([A-Fa-f0-9]{1,4}::?){1,7}[A-Fa-f0-9]{1,4})\",\"replacement\":\"[$2]:$1\",\"source_labels\":[\"__meta_kubernetes_pod_annotation_prometheus_io_port\",\"__meta_kubernetes_pod_ip\"],\"target_label\":\"__address__\"},{\"action\":\"replace\",\"regex\":\"(\\\\d+);((([0-9]+?)(\\\\.|$)){4})\",\"replacement\":\"$2:$1\",\"source_labels\":[\"__meta_kubernetes_pod_annotation_prometheus_io_port\",\"__meta_kubernetes_pod_ip\"],\"target_label\":\"__address__\"},{\"action\":\"labelmap\",\"regex\":\"__meta_kubernetes_pod_annotation_prometheus_io_param_(.+)\",\"replacement\":\"__param_$1\"},{\"action\":\"labelmap\",\"regex\":\"__meta_kubernetes_pod_label_(.+)\"},{\"action\":\"replace\",\"source_labels\":[\"__meta_kubernetes_namespace\"],\"target_label\":\"namespace\"},{\"action\":\"replace\",\"source_labels\":[\"__meta_kubernetes_pod_name\"],\"target_label\":\"pod\"},{\"action\":\"drop\",\"regex\":\"Pending|Succeeded|Failed|Completed\",\"source_labels\":[\"__meta_kubernetes_pod_phase\"]}]},{\"honor_labels\":true,\"job_name\":\"kubernetes-pods-slow\",\"kubernetes_sd_configs\":[{\"role\":\"pod\"}],\"relabel_configs\":[{\"action\":\"keep\",\"regex\":true,\"source_labels\":[\"__meta_kubernetes_pod_annotation_prometheus_io_scrape_slow\"]},{\"action\":\"replace\",\"regex\":\"(https?)\",\"source_labels\":[\"__meta_kubernetes_pod_annotation_prometheus_io_scheme\"],\"target_label\":\"__scheme__\"},{\"action\":\"replace\",\"regex\":\"(.+)\",\"source_labels\":[\"__meta_kubernetes_pod_annotation_prometheus_io_path\"],\"target_label\":\"__metrics_path__\"},{\"action\":\"replace\",\"regex\":\"(\\\\d+);(([A-Fa-f0-9]{1,4}::?){1,7}[A-Fa-f0-9]{1,4})\",\"replacement\":\"[$2]:$1\",\"source_labels\":[\"__meta_kubernetes_pod_annotation_prometheus_io_port\",\"__meta_kubernetes_pod_ip\"],\"target_label\":\"__address__\"},{\"action\":\"replace\",\"regex\":\"(\\\\d+);((([0-9]+?)(\\\\.|$)){4})\",\"replacement\":\"$2:$1\",\"source_labels\":[\"__meta_kubernetes_pod_annotation_prometheus_io_port\",\"__meta_kubernetes_pod_ip\"],\"target_label\":\"__address__\"},{\"action\":\"labelmap\",\"regex\":\"__meta_kubernetes_pod_annotation_prometheus_io_param_(.+)\",\"replacement\":\"__param_$1\"},{\"action\":\"labelmap\",\"regex\":\"__meta_kubernetes_pod_label_(.+)\"},{\"action\":\"replace\",\"source_labels\":[\"__meta_kubernetes_namespace\"],\"target_label\":\"namespace\"},{\"action\":\"replace\",\"source_labels\":[\"__meta_kubernetes_pod_name\"],\"target_label\":\"pod\"},{\"action\":\"drop\",\"regex\":\"Pending|Succeeded|Failed|Completed\",\"source_labels\":[\"__meta_kubernetes_pod_phase\"]}],\"scrape_interval\":\"5m\",\"scrape_timeout\":\"30s\"}]},\"recording_rules.yml\":{},\"rules\":{}},\"serviceAccounts\":{\"server\":{\"annotations\":{},\"create\":true,\"name\":\"\"}}}",
                "version": "51.3.0"
              }
            ],
            "name": "prometheus",
            "namespace": "prometheus",
            "pass_credentials": false,
            "postrender": [],
            "recreate_pods": false,
            "render_subchart_notes": true,
            "replace": false,
            "repository": "https://prometheus-community.github.io/helm-charts",
            "repository_ca_file": null,
            "repository_cert_file": null,
            "repository_key_file": null,
            "repository_password": null,
            "repository_username": null,
            "reset_values": false,
            "reuse_values": false,
            "set": [
              {
                "name": "podSecurityPolicy.enabled",
                "type": "",
                "value": "true"
              },
              {
                "name": "server.persistentVolume.enabled",
                "type": "",
                "value": "false"
              },
              {
                "name": "server\\.resources",
                "type": "",
                "value": "\"limits\":\n  \"cpu\": \"200m\"\n  \"memory\": \"50Mi\"\n\"requests\":\n  \"cpu\": \"100m\"\n  \"memory\": \"30Mi\"\n"
              }
            ],
            "set_list": [],
            "set_sensitive": [],
            "skip_crds": false,
            "status": "deployed",
            "timeout": 2000,
            "values": [
              "rbac:\n  create: true\n\npodSecurityPolicy:\n  enabled: false\n\nimagePullSecrets: []\n# - name: \"image-pull-secret\"\n\n## Define serviceAccount names for components. Defaults to component's fully qualified name.\n##\nserviceAccounts:\n  server:\n    create: true\n    name: \"\"\n    annotations: {}\n\n## Monitors ConfigMap changes and POSTs to a URL\n## Ref: https://github.com/jimmidyson/configmap-reload\n##\nconfigmapReload:\n  prometheus:\n    ## If false, the configmap-reload container will not be deployed\n    ##\n    enabled: true\n\n    ## configmap-reload container name\n    ##\n    name: configmap-reload\n\n    ## configmap-reload container image\n    ##\n    image:\n      repository: jimmidyson/configmap-reload\n      tag: v0.8.0\n      # When digest is set to a non-empty value, images will be pulled by digest (regardless of tag value).\n      digest: \"\"\n      pullPolicy: IfNotPresent\n\n    # containerPort: 9533\n\n    ## Additional configmap-reload container arguments\n    ##\n    extraArgs: {}\n    ## Additional configmap-reload volume directories\n    ##\n    extraVolumeDirs: []\n\n\n    ## Additional configmap-reload mounts\n    ##\n    extraConfigmapMounts: []\n      # - name: prometheus-alerts\n      #   mountPath: /etc/alerts.d\n      #   subPath: \"\"\n      #   configMap: prometheus-alerts\n      #   readOnly: true\n\n    ## Security context to be added to configmap-reload container\n    containerSecurityContext: {}\n\n    ## configmap-reload resource requests and limits\n    ## Ref: http://kubernetes.io/docs/user-guide/compute-resources/\n    ##\n    resources: {}\n\nserver:\n  ## Prometheus server container name\n  ##\n  name: server\n\n  ## Use a ClusterRole (and ClusterRoleBinding)\n  ## - If set to false - we define a RoleBinding in the defined namespaces ONLY\n  ##\n  ## NB: because we need a Role with nonResourceURL's (\"/metrics\") - you must get someone with Cluster-admin privileges to define this role for you, before running with this setting enabled.\n  ##     This makes prometheus work - for users who do not have ClusterAdmin privs, but wants prometheus to operate on their own namespaces, instead of clusterwide.\n  ##\n  ## You MUST also set namespaces to the ones you have access to and want monitored by Prometheus.\n  ##\n  # useExistingClusterRoleName: nameofclusterrole\n\n  ## namespaces to monitor (instead of monitoring all - clusterwide). Needed if you want to run without Cluster-admin privileges.\n  # namespaces:\n  #   - yournamespace\n\n  # sidecarContainers - add more containers to prometheus server\n  # Key/Value where Key is the sidecar `- name: \u003cKey\u003e`\n  # Example:\n  #   sidecarContainers:\n  #      webserver:\n  #        image: nginx\n  sidecarContainers: {}\n\n  # sidecarTemplateValues - context to be used in template for sidecarContainers\n  # Example:\n  #   sidecarTemplateValues: *your-custom-globals\n  #   sidecarContainers:\n  #     webserver: |-\n  #       {{ include \"webserver-container-template\" . }}\n  # Template for `webserver-container-template` might looks like this:\n  #   image: \"{{ .Values.server.sidecarTemplateValues.repository }}:{{ .Values.server.sidecarTemplateValues.tag }}\"\n  #   ...\n  #\n  sidecarTemplateValues: {}\n\n  ## Prometheus server container image\n  ##\n  image:\n    repository: quay.io/prometheus/prometheus\n    # if not set appVersion field from Chart.yaml is used\n    tag: \"\"\n    # When digest is set to a non-empty value, images will be pulled by digest (regardless of tag value).\n    digest: \"\"\n    pullPolicy: IfNotPresent\n\n  ## prometheus server priorityClassName\n  ##\n  priorityClassName: \"\"\n\n  ## EnableServiceLinks indicates whether information about services should be injected\n  ## into pod's environment variables, matching the syntax of Docker links.\n  ## WARNING: the field is unsupported and will be skipped in K8s prior to v1.13.0.\n  ##\n  enableServiceLinks: true\n\n  ## The URL prefix at which the container can be accessed. Useful in the case the '-web.external-url' includes a slug\n  ## so that the various internal URLs are still able to access as they are in the default case.\n  ## (Optional)\n  prefixURL: \"\"\n\n  ## External URL which can access prometheus\n  ## Maybe same with Ingress host name\n  baseURL: \"\"\n\n  ## Additional server container environment variables\n  ##\n  ## You specify this manually like you would a raw deployment manifest.\n  ## This means you can bind in environment variables from secrets.\n  ##\n  ## e.g. static environment variable:\n  ##  - name: DEMO_GREETING\n  ##    value: \"Hello from the environment\"\n  ##\n  ## e.g. secret environment variable:\n  ## - name: USERNAME\n  ##   valueFrom:\n  ##     secretKeyRef:\n  ##       name: mysecret\n  ##       key: username\n  env: []\n\n  # List of flags to override default parameters, e.g:\n  # - --enable-feature=agent\n  # - --storage.agent.retention.max-time=30m\n  defaultFlagsOverride: []\n\n  extraFlags:\n    - web.enable-lifecycle\n    ## web.enable-admin-api flag controls access to the administrative HTTP API which includes functionality such as\n    ## deleting time series. This is disabled by default.\n    # - web.enable-admin-api\n    ##\n    ## storage.tsdb.no-lockfile flag controls BD locking\n    # - storage.tsdb.no-lockfile\n    ##\n    ## storage.tsdb.wal-compression flag enables compression of the write-ahead log (WAL)\n    # - storage.tsdb.wal-compression\n\n  ## Path to a configuration file on prometheus server container FS\n  configPath: /etc/config/prometheus.yml\n\n  ### The data directory used by prometheus to set --storage.tsdb.path\n  ### When empty server.persistentVolume.mountPath is used instead\n  storagePath: \"\"\n\n  global:\n    ## How frequently to scrape targets by default\n    ##\n    scrape_interval: 1m\n    ## How long until a scrape request times out\n    ##\n    scrape_timeout: 10s\n    ## How frequently to evaluate rules\n    ##\n    evaluation_interval: 1m\n  ## https://prometheus.io/docs/prometheus/latest/configuration/configuration/#remote_write\n  ##\n  remoteWrite: []\n  ## https://prometheus.io/docs/prometheus/latest/configuration/configuration/#remote_read\n  ##\n  remoteRead: []\n\n  ## Custom HTTP headers for Liveness/Readiness/Startup Probe\n  ##\n  ## Useful for providing HTTP Basic Auth to healthchecks\n  probeHeaders: []\n    # - name: \"Authorization\"\n    #   value: \"Bearer ABCDEabcde12345\"\n\n  ## Additional Prometheus server container arguments\n  ##\n  extraArgs: {}\n\n  ## Additional InitContainers to initialize the pod\n  ##\n  extraInitContainers: []\n\n  ## Additional Prometheus server Volume mounts\n  ##\n  extraVolumeMounts: []\n\n  ## Additional Prometheus server Volumes\n  ##\n  extraVolumes: []\n\n  ## Additional Prometheus server hostPath mounts\n  ##\n  extraHostPathMounts: []\n    # - name: certs-dir\n    #   mountPath: /etc/kubernetes/certs\n    #   subPath: \"\"\n    #   hostPath: /etc/kubernetes/certs\n    #   readOnly: true\n\n  extraConfigmapMounts: []\n    # - name: certs-configmap\n    #   mountPath: /prometheus\n    #   subPath: \"\"\n    #   configMap: certs-configmap\n    #   readOnly: true\n\n  ## Additional Prometheus server Secret mounts\n  # Defines additional mounts with secrets. Secrets must be manually created in the namespace.\n  extraSecretMounts: []\n    # - name: secret-files\n    #   mountPath: /etc/secrets\n    #   subPath: \"\"\n    #   secretName: prom-secret-files\n    #   readOnly: true\n\n  ## ConfigMap override where fullname is {{.Release.Name}}-{{.Values.server.configMapOverrideName}}\n  ## Defining configMapOverrideName will cause templates/server-configmap.yaml\n  ## to NOT generate a ConfigMap resource\n  ##\n  configMapOverrideName: \"\"\n\n  ## Extra labels for Prometheus server ConfigMap (ConfigMap that holds serverFiles)\n  extraConfigmapLabels: {}\n\n  ingress:\n    ## If true, Prometheus server Ingress will be created\n    ##\n    enabled: false\n\n    # For Kubernetes \u003e= 1.18 you should specify the ingress-controller via the field ingressClassName\n    # See https://kubernetes.io/blog/2020/04/02/improvements-to-the-ingress-api-in-kubernetes-1.18/#specifying-the-class-of-an-ingress\n    # ingressClassName: nginx\n\n    ## Prometheus server Ingress annotations\n    ##\n    annotations: {}\n    #   kubernetes.io/ingress.class: nginx\n    #   kubernetes.io/tls-acme: 'true'\n\n    ## Prometheus server Ingress additional labels\n    ##\n    extraLabels: {}\n\n    ## Prometheus server Ingress hostnames with optional path\n    ## Must be provided if Ingress is enabled\n    ##\n    hosts: []\n    #   - prometheus.domain.com\n    #   - domain.com/prometheus\n\n    path: /\n\n    # pathType is only for k8s \u003e= 1.18\n    pathType: Prefix\n\n    ## Extra paths to prepend to every host configuration. This is useful when working with annotation based services.\n    extraPaths: []\n    # - path: /*\n    #   backend:\n    #     serviceName: ssl-redirect\n    #     servicePort: use-annotation\n\n    ## Prometheus server Ingress TLS configuration\n    ## Secrets must be manually created in the namespace\n    ##\n    tls: []\n    #   - secretName: prometheus-server-tls\n    #     hosts:\n    #       - prometheus.domain.com\n\n  ## Server Deployment Strategy type\n  strategy:\n    type: Recreate\n\n  ## hostAliases allows adding entries to /etc/hosts inside the containers\n  hostAliases: []\n  #   - ip: \"127.0.0.1\"\n  #     hostnames:\n  #       - \"example.com\"\n\n  ## Node tolerations for server scheduling to nodes with taints\n  ## Ref: https://kubernetes.io/docs/concepts/configuration/assign-pod-node/\n  ##\n  tolerations: []\n    # - key: \"key\"\n    #   operator: \"Equal|Exists\"\n    #   value: \"value\"\n    #   effect: \"NoSchedule|PreferNoSchedule|NoExecute(1.6 only)\"\n\n  ## Node labels for Prometheus server pod assignment\n  ## Ref: https://kubernetes.io/docs/user-guide/node-selection/\n  ##\n  nodeSelector: {}\n\n  ## Pod affinity\n  ##\n  affinity: {}\n\n  ## PodDisruptionBudget settings\n  ## ref: https://kubernetes.io/docs/concepts/workloads/pods/disruptions/\n  ##\n  podDisruptionBudget:\n    enabled: false\n    maxUnavailable: 1\n\n  ## Use an alternate scheduler, e.g. \"stork\".\n  ## ref: https://kubernetes.io/docs/tasks/administer-cluster/configure-multiple-schedulers/\n  ##\n  # schedulerName:\n\n  persistentVolume:\n    ## If true, Prometheus server will create/use a Persistent Volume Claim\n    ## If false, use emptyDir\n    ##\n    enabled: true\n\n    ## Prometheus server data Persistent Volume access modes\n    ## Must match those of existing PV or dynamic provisioner\n    ## Ref: http://kubernetes.io/docs/user-guide/persistent-volumes/\n    ##\n    accessModes:\n      - ReadWriteOnce\n\n    ## Prometheus server data Persistent Volume labels\n    ##\n    labels: {}\n\n    ## Prometheus server data Persistent Volume annotations\n    ##\n    annotations: {}\n\n    ## Prometheus server data Persistent Volume existing claim name\n    ## Requires server.persistentVolume.enabled: true\n    ## If defined, PVC must be created manually before volume will be bound\n    existingClaim: \"\"\n\n    ## Prometheus server data Persistent Volume mount root path\n    ##\n    mountPath: /data\n\n    ## Prometheus server data Persistent Volume size\n    ##\n    size: 8Gi\n\n    ## Prometheus server data Persistent Volume Storage Class\n    ## If defined, storageClassName: \u003cstorageClass\u003e\n    ## If set to \"-\", storageClassName: \"\", which disables dynamic provisioning\n    ## If undefined (the default) or set to null, no storageClassName spec is\n    ##   set, choosing the default provisioner.  (gp2 on AWS, standard on\n    ##   GKE, AWS \u0026 OpenStack)\n    ##\n    # storageClass: \"-\"\n\n    ## Prometheus server data Persistent Volume Binding Mode\n    ## If defined, volumeBindingMode: \u003cvolumeBindingMode\u003e\n    ## If undefined (the default) or set to null, no volumeBindingMode spec is\n    ##   set, choosing the default mode.\n    ##\n    # volumeBindingMode: \"\"\n\n    ## Subdirectory of Prometheus server data Persistent Volume to mount\n    ## Useful if the volume's root directory is not empty\n    ##\n    subPath: \"\"\n\n    ## Persistent Volume Claim Selector\n    ## Useful if Persistent Volumes have been provisioned in advance\n    ## Ref: https://kubernetes.io/docs/concepts/storage/persistent-volumes/#selector\n    ##\n    # selector:\n    #  matchLabels:\n    #    release: \"stable\"\n    #  matchExpressions:\n    #    - { key: environment, operator: In, values: [ dev ] }\n\n    ## Persistent Volume Name\n    ## Useful if Persistent Volumes have been provisioned in advance and you want to use a specific one\n    ##\n    # volumeName: \"\"\n\n  emptyDir:\n    ## Prometheus server emptyDir volume size limit\n    ##\n    sizeLimit: \"\"\n\n  ## Annotations to be added to Prometheus server pods\n  ##\n  podAnnotations: {}\n    # iam.amazonaws.com/role: prometheus\n\n  ## Labels to be added to Prometheus server pods\n  ##\n  podLabels: {}\n\n  ## Prometheus AlertManager configuration\n  ##\n  alertmanagers: []\n\n  ## Specify if a Pod Security Policy for node-exporter must be created\n  ## Ref: https://kubernetes.io/docs/concepts/policy/pod-security-policy/\n  ##\n  podSecurityPolicy:\n    annotations: {}\n      ## Specify pod annotations\n      ## Ref: https://kubernetes.io/docs/concepts/policy/pod-security-policy/#apparmor\n      ## Ref: https://kubernetes.io/docs/concepts/policy/pod-security-policy/#seccomp\n      ## Ref: https://kubernetes.io/docs/concepts/policy/pod-security-policy/#sysctl\n      ##\n      # seccomp.security.alpha.kubernetes.io/allowedProfileNames: '*'\n      # seccomp.security.alpha.kubernetes.io/defaultProfileName: 'docker/default'\n      # apparmor.security.beta.kubernetes.io/defaultProfileName: 'runtime/default'\n\n  ## Use a StatefulSet if replicaCount needs to be greater than 1 (see below)\n  ##\n  replicaCount: 1\n\n  ## Annotations to be added to deployment\n  ##\n  deploymentAnnotations: {}\n\n  statefulSet:\n    ## If true, use a statefulset instead of a deployment for pod management.\n    ## This allows to scale replicas to more than 1 pod\n    ##\n    enabled: false\n\n    annotations: {}\n    labels: {}\n    podManagementPolicy: OrderedReady\n\n    ## Alertmanager headless service to use for the statefulset\n    ##\n    headless:\n      annotations: {}\n      labels: {}\n      servicePort: 80\n      ## Enable gRPC port on service to allow auto discovery with thanos-querier\n      gRPC:\n        enabled: false\n        servicePort: 10901\n        # nodePort: 10901\n\n  ## Prometheus server readiness and liveness probe initial delay and timeout\n  ## Ref: https://kubernetes.io/docs/tasks/configure-pod-container/configure-liveness-readiness-startup-probes/\n  ##\n  tcpSocketProbeEnabled: false\n  probeScheme: HTTP\n  readinessProbeInitialDelay: 30\n  readinessProbePeriodSeconds: 5\n  readinessProbeTimeout: 4\n  readinessProbeFailureThreshold: 3\n  readinessProbeSuccessThreshold: 1\n  livenessProbeInitialDelay: 30\n  livenessProbePeriodSeconds: 15\n  livenessProbeTimeout: 10\n  livenessProbeFailureThreshold: 3\n  livenessProbeSuccessThreshold: 1\n  startupProbe:\n    enabled: false\n    periodSeconds: 5\n    failureThreshold: 30\n    timeoutSeconds: 10\n\n  ## Prometheus server resource requests and limits\n  ## Ref: http://kubernetes.io/docs/user-guide/compute-resources/\n  ##\n  resources: {}\n    # limits:\n    #   cpu: 500m\n    #   memory: 512Mi\n    # requests:\n    #   cpu: 500m\n    #   memory: 512Mi\n\n  # Required for use in managed kubernetes clusters (such as AWS EKS) with custom CNI (such as calico),\n  # because control-plane managed by AWS cannot communicate with pods' IP CIDR and admission webhooks are not working\n  ##\n  hostNetwork: false\n\n  # When hostNetwork is enabled, this will set to ClusterFirstWithHostNet automatically\n  dnsPolicy: ClusterFirst\n\n  # Use hostPort\n  # hostPort: 9090\n\n  ## Vertical Pod Autoscaler config\n  ## Ref: https://github.com/kubernetes/autoscaler/tree/master/vertical-pod-autoscaler\n  verticalAutoscaler:\n    ## If true a VPA object will be created for the controller (either StatefulSet or Deployemnt, based on above configs)\n    enabled: false\n    # updateMode: \"Auto\"\n    # containerPolicies:\n    # - containerName: 'prometheus-server'\n\n  # Custom DNS configuration to be added to prometheus server pods\n  dnsConfig: {}\n    # nameservers:\n    #   - 1.2.3.4\n    # searches:\n    #   - ns1.svc.cluster-domain.example\n    #   - my.dns.search.suffix\n    # options:\n    #   - name: ndots\n    #     value: \"2\"\n  #   - name: edns0\n\n  ## Security context to be added to server pods\n  ##\n  securityContext:\n    runAsUser: 65534\n    runAsNonRoot: true\n    runAsGroup: 65534\n    fsGroup: 65534\n\n  ## Security context to be added to server container\n  ##\n  containerSecurityContext: {}\n\n  service:\n    ## If false, no Service will be created for the Prometheus server\n    ##\n    enabled: true\n\n    annotations: {}\n    labels: {}\n    clusterIP: \"\"\n\n    ## List of IP addresses at which the Prometheus server service is available\n    ## Ref: https://kubernetes.io/docs/user-guide/services/#external-ips\n    ##\n    externalIPs: []\n\n    loadBalancerIP: \"\"\n    loadBalancerSourceRanges: []\n    servicePort: 80\n    sessionAffinity: None\n    type: ClusterIP\n\n    ## Enable gRPC port on service to allow auto discovery with thanos-querier\n    gRPC:\n      enabled: false\n      servicePort: 10901\n      # nodePort: 10901\n\n    ## If using a statefulSet (statefulSet.enabled=true), configure the\n    ## service to connect to a specific replica to have a consistent view\n    ## of the data.\n    statefulsetReplica:\n      enabled: false\n      replica: 0\n\n  ## Prometheus server pod termination grace period\n  ##\n  terminationGracePeriodSeconds: 300\n\n  ## Prometheus data retention period (default if not specified is 15 days)\n  ##\n  retention: \"15d\"\n\n## Prometheus server ConfigMap entries for rule files (allow prometheus labels interpolation)\nruleFiles: {}\n\n## Prometheus server ConfigMap entries\n##\nserverFiles:\n  ## Alerts configuration\n  ## Ref: https://prometheus.io/docs/prometheus/latest/configuration/alerting_rules/\n  alerting_rules.yml: {}\n  # groups:\n  #   - name: Instances\n  #     rules:\n  #       - alert: InstanceDown\n  #         expr: up == 0\n  #         for: 5m\n  #         labels:\n  #           severity: page\n  #         annotations:\n  #           description: '{{ $labels.instance }} of job {{ $labels.job }} has been down for more than 5 minutes.'\n  #           summary: 'Instance {{ $labels.instance }} down'\n  ## DEPRECATED DEFAULT VALUE, unless explicitly naming your files, please use alerting_rules.yml\n  alerts: {}\n\n  ## Records configuration\n  ## Ref: https://prometheus.io/docs/prometheus/latest/configuration/recording_rules/\n  recording_rules.yml: {}\n  ## DEPRECATED DEFAULT VALUE, unless explicitly naming your files, please use recording_rules.yml\n  rules: {}\n\n  prometheus.yml:\n    rule_files:\n      - /etc/config/recording_rules.yml\n      - /etc/config/alerting_rules.yml\n    ## Below two files are DEPRECATED will be removed from this default values file\n      - /etc/config/rules\n      - /etc/config/alerts\n\n    scrape_configs:\n      - job_name: prometheus\n        static_configs:\n          - targets:\n            - localhost:9090\n\n      # A scrape configuration for running Prometheus on a Kubernetes cluster.\n      # This uses separate scrape configs for cluster components (i.e. API server, node)\n      # and services to allow each to use different authentication configs.\n      #\n      # Kubernetes labels will be added as Prometheus labels on metrics via the\n      # `labelmap` relabeling action.\n\n      # Scrape config for API servers.\n      #\n      # Kubernetes exposes API servers as endpoints to the default/kubernetes\n      # service so this uses `endpoints` role and uses relabelling to only keep\n      # the endpoints associated with the default/kubernetes service using the\n      # default named port `https`. This works for single API server deployments as\n      # well as HA API server deployments.\n      - job_name: 'kubernetes-apiservers'\n\n        kubernetes_sd_configs:\n          - role: endpoints\n\n        # Default to scraping over https. If required, just disable this or change to\n        # `http`.\n        scheme: https\n\n        # This TLS \u0026 bearer token file config is used to connect to the actual scrape\n        # endpoints for cluster components. This is separate to discovery auth\n        # configuration because discovery \u0026 scraping are two separate concerns in\n        # Prometheus. The discovery auth config is automatic if Prometheus runs inside\n        # the cluster. Otherwise, more config options have to be provided within the\n        # \u003ckubernetes_sd_config\u003e.\n        tls_config:\n          ca_file: /var/run/secrets/kubernetes.io/serviceaccount/ca.crt\n          # If your node certificates are self-signed or use a different CA to the\n          # master CA, then disable certificate verification below. Note that\n          # certificate verification is an integral part of a secure infrastructure\n          # so this should only be disabled in a controlled environment. You can\n          # disable certificate verification by uncommenting the line below.\n          #\n          insecure_skip_verify: true\n        bearer_token_file: /var/run/secrets/kubernetes.io/serviceaccount/token\n\n        # Keep only the default/kubernetes service endpoints for the https port. This\n        # will add targets for each API server which Kubernetes adds an endpoint to\n        # the default/kubernetes service.\n        relabel_configs:\n          - source_labels: [__meta_kubernetes_namespace, __meta_kubernetes_service_name, __meta_kubernetes_endpoint_port_name]\n            action: keep\n            regex: default;kubernetes;https\n\n      - job_name: 'kubernetes-nodes'\n\n        # Default to scraping over https. If required, just disable this or change to\n        # `http`.\n        scheme: https\n\n        # This TLS \u0026 bearer token file config is used to connect to the actual scrape\n        # endpoints for cluster components. This is separate to discovery auth\n        # configuration because discovery \u0026 scraping are two separate concerns in\n        # Prometheus. The discovery auth config is automatic if Prometheus runs inside\n        # the cluster. Otherwise, more config options have to be provided within the\n        # \u003ckubernetes_sd_config\u003e.\n        tls_config:\n          ca_file: /var/run/secrets/kubernetes.io/serviceaccount/ca.crt\n          # If your node certificates are self-signed or use a different CA to the\n          # master CA, then disable certificate verification below. Note that\n          # certificate verification is an integral part of a secure infrastructure\n          # so this should only be disabled in a controlled environment. You can\n          # disable certificate verification by uncommenting the line below.\n          #\n          insecure_skip_verify: true\n        bearer_token_file: /var/run/secrets/kubernetes.io/serviceaccount/token\n\n        kubernetes_sd_configs:\n          - role: node\n\n        relabel_configs:\n          - action: labelmap\n            regex: __meta_kubernetes_node_label_(.+)\n          - target_label: __address__\n            replacement: kubernetes.default.svc:443\n          - source_labels: [__meta_kubernetes_node_name]\n            regex: (.+)\n            target_label: __metrics_path__\n            replacement: /api/v1/nodes/$1/proxy/metrics\n\n\n      - job_name: 'kubernetes-nodes-cadvisor'\n\n        # Default to scraping over https. If required, just disable this or change to\n        # `http`.\n        scheme: https\n\n        # This TLS \u0026 bearer token file config is used to connect to the actual scrape\n        # endpoints for cluster components. This is separate to discovery auth\n        # configuration because discovery \u0026 scraping are two separate concerns in\n        # Prometheus. The discovery auth config is automatic if Prometheus runs inside\n        # the cluster. Otherwise, more config options have to be provided within the\n        # \u003ckubernetes_sd_config\u003e.\n        tls_config:\n          ca_file: /var/run/secrets/kubernetes.io/serviceaccount/ca.crt\n          # If your node certificates are self-signed or use a different CA to the\n          # master CA, then disable certificate verification below. Note that\n          # certificate verification is an integral part of a secure infrastructure\n          # so this should only be disabled in a controlled environment. You can\n          # disable certificate verification by uncommenting the line below.\n          #\n          insecure_skip_verify: true\n        bearer_token_file: /var/run/secrets/kubernetes.io/serviceaccount/token\n\n        kubernetes_sd_configs:\n          - role: node\n\n        # This configuration will work only on kubelet 1.7.3+\n        # As the scrape endpoints for cAdvisor have changed\n        # if you are using older version you need to change the replacement to\n        # replacement: /api/v1/nodes/$1:4194/proxy/metrics\n        # more info here https://github.com/coreos/prometheus-operator/issues/633\n        relabel_configs:\n          - action: labelmap\n            regex: __meta_kubernetes_node_label_(.+)\n          - target_label: __address__\n            replacement: kubernetes.default.svc:443\n          - source_labels: [__meta_kubernetes_node_name]\n            regex: (.+)\n            target_label: __metrics_path__\n            replacement: /api/v1/nodes/$1/proxy/metrics/cadvisor\n\n        # Metric relabel configs to apply to samples before ingestion.\n        # [Metric Relabeling](https://prometheus.io/docs/prometheus/latest/configuration/configuration/#metric_relabel_configs)\n        # metric_relabel_configs:\n        # - action: labeldrop\n        #   regex: (kubernetes_io_hostname|failure_domain_beta_kubernetes_io_region|beta_kubernetes_io_os|beta_kubernetes_io_arch|beta_kubernetes_io_instance_type|failure_domain_beta_kubernetes_io_zone)\n\n      # Scrape config for service endpoints.\n      #\n      # The relabeling allows the actual service scrape endpoint to be configured\n      # via the following annotations:\n      #\n      # * `prometheus.io/scrape`: Only scrape services that have a value of\n      # `true`, except if `prometheus.io/scrape-slow` is set to `true` as well.\n      # * `prometheus.io/scheme`: If the metrics endpoint is secured then you will need\n      # to set this to `https` \u0026 most likely set the `tls_config` of the scrape config.\n      # * `prometheus.io/path`: If the metrics path is not `/metrics` override this.\n      # * `prometheus.io/port`: If the metrics are exposed on a different port to the\n      # service then set this appropriately.\n      # * `prometheus.io/param_\u003cparameter\u003e`: If the metrics endpoint uses parameters\n      # then you can set any parameter\n      - job_name: 'kubernetes-service-endpoints'\n        honor_labels: true\n\n        kubernetes_sd_configs:\n          - role: endpoints\n\n        relabel_configs:\n          - source_labels: [__meta_kubernetes_service_annotation_prometheus_io_scrape]\n            action: keep\n            regex: true\n          - source_labels: [__meta_kubernetes_service_annotation_prometheus_io_scrape_slow]\n            action: drop\n            regex: true\n          - source_labels: [__meta_kubernetes_service_annotation_prometheus_io_scheme]\n            action: replace\n            target_label: __scheme__\n            regex: (https?)\n          - source_labels: [__meta_kubernetes_service_annotation_prometheus_io_path]\n            action: replace\n            target_label: __metrics_path__\n            regex: (.+)\n          - source_labels: [__address__, __meta_kubernetes_service_annotation_prometheus_io_port]\n            action: replace\n            target_label: __address__\n            regex: (.+?)(?::\\d+)?;(\\d+)\n            replacement: $1:$2\n          - action: labelmap\n            regex: __meta_kubernetes_service_annotation_prometheus_io_param_(.+)\n            replacement: __param_$1\n          - action: labelmap\n            regex: __meta_kubernetes_service_label_(.+)\n          - source_labels: [__meta_kubernetes_namespace]\n            action: replace\n            target_label: namespace\n          - source_labels: [__meta_kubernetes_service_name]\n            action: replace\n            target_label: service\n          - source_labels: [__meta_kubernetes_pod_node_name]\n            action: replace\n            target_label: node\n\n      # Scrape config for slow service endpoints; same as above, but with a larger\n      # timeout and a larger interval\n      #\n      # The relabeling allows the actual service scrape endpoint to be configured\n      # via the following annotations:\n      #\n      # * `prometheus.io/scrape-slow`: Only scrape services that have a value of `true`\n      # * `prometheus.io/scheme`: If the metrics endpoint is secured then you will need\n      # to set this to `https` \u0026 most likely set the `tls_config` of the scrape config.\n      # * `prometheus.io/path`: If the metrics path is not `/metrics` override this.\n      # * `prometheus.io/port`: If the metrics are exposed on a different port to the\n      # service then set this appropriately.\n      # * `prometheus.io/param_\u003cparameter\u003e`: If the metrics endpoint uses parameters\n      # then you can set any parameter\n      - job_name: 'kubernetes-service-endpoints-slow'\n        honor_labels: true\n\n        scrape_interval: 5m\n        scrape_timeout: 30s\n\n        kubernetes_sd_configs:\n          - role: endpoints\n\n        relabel_configs:\n          - source_labels: [__meta_kubernetes_service_annotation_prometheus_io_scrape_slow]\n            action: keep\n            regex: true\n          - source_labels: [__meta_kubernetes_service_annotation_prometheus_io_scheme]\n            action: replace\n            target_label: __scheme__\n            regex: (https?)\n          - source_labels: [__meta_kubernetes_service_annotation_prometheus_io_path]\n            action: replace\n            target_label: __metrics_path__\n            regex: (.+)\n          - source_labels: [__address__, __meta_kubernetes_service_annotation_prometheus_io_port]\n            action: replace\n            target_label: __address__\n            regex: (.+?)(?::\\d+)?;(\\d+)\n            replacement: $1:$2\n          - action: labelmap\n            regex: __meta_kubernetes_service_annotation_prometheus_io_param_(.+)\n            replacement: __param_$1\n          - action: labelmap\n            regex: __meta_kubernetes_service_label_(.+)\n          - source_labels: [__meta_kubernetes_namespace]\n            action: replace\n            target_label: namespace\n          - source_labels: [__meta_kubernetes_service_name]\n            action: replace\n            target_label: service\n          - source_labels: [__meta_kubernetes_pod_node_name]\n            action: replace\n            target_label: node\n\n      - job_name: 'prometheus-pushgateway'\n        honor_labels: true\n\n        kubernetes_sd_configs:\n          - role: service\n\n        relabel_configs:\n          - source_labels: [__meta_kubernetes_service_annotation_prometheus_io_probe]\n            action: keep\n            regex: pushgateway\n\n      # Example scrape config for probing services via the Blackbox Exporter.\n      #\n      # The relabeling allows the actual service scrape endpoint to be configured\n      # via the following annotations:\n      #\n      # * `prometheus.io/probe`: Only probe services that have a value of `true`\n      - job_name: 'kubernetes-services'\n        honor_labels: true\n\n        metrics_path: /probe\n        params:\n          module: [http_2xx]\n\n        kubernetes_sd_configs:\n          - role: service\n\n        relabel_configs:\n          - source_labels: [__meta_kubernetes_service_annotation_prometheus_io_probe]\n            action: keep\n            regex: true\n          - source_labels: [__address__]\n            target_label: __param_target\n          - target_label: __address__\n            replacement: blackbox\n          - source_labels: [__param_target]\n            target_label: instance\n          - action: labelmap\n            regex: __meta_kubernetes_service_label_(.+)\n          - source_labels: [__meta_kubernetes_namespace]\n            target_label: namespace\n          - source_labels: [__meta_kubernetes_service_name]\n            target_label: service\n\n      # Example scrape config for pods\n      #\n      # The relabeling allows the actual pod scrape endpoint to be configured via the\n      # following annotations:\n      #\n      # * `prometheus.io/scrape`: Only scrape pods that have a value of `true`,\n      # except if `prometheus.io/scrape-slow` is set to `true` as well.\n      # * `prometheus.io/scheme`: If the metrics endpoint is secured then you will need\n      # to set this to `https` \u0026 most likely set the `tls_config` of the scrape config.\n      # * `prometheus.io/path`: If the metrics path is not `/metrics` override this.\n      # * `prometheus.io/port`: Scrape the pod on the indicated port instead of the default of `9102`.\n      - job_name: 'kubernetes-pods'\n        honor_labels: true\n\n        kubernetes_sd_configs:\n          - role: pod\n\n        relabel_configs:\n          - source_labels: [__meta_kubernetes_pod_annotation_prometheus_io_scrape]\n            action: keep\n            regex: true\n          - source_labels: [__meta_kubernetes_pod_annotation_prometheus_io_scrape_slow]\n            action: drop\n            regex: true\n          - source_labels: [__meta_kubernetes_pod_annotation_prometheus_io_scheme]\n            action: replace\n            regex: (https?)\n            target_label: __scheme__\n          - source_labels: [__meta_kubernetes_pod_annotation_prometheus_io_path]\n            action: replace\n            target_label: __metrics_path__\n            regex: (.+)\n          - source_labels: [__meta_kubernetes_pod_annotation_prometheus_io_port, __meta_kubernetes_pod_ip]\n            action: replace\n            regex: (\\d+);(([A-Fa-f0-9]{1,4}::?){1,7}[A-Fa-f0-9]{1,4})\n            replacement: '[$2]:$1'\n            target_label: __address__\n          - source_labels: [__meta_kubernetes_pod_annotation_prometheus_io_port, __meta_kubernetes_pod_ip]\n            action: replace\n            regex: (\\d+);((([0-9]+?)(\\.|$)){4})\n            replacement: $2:$1\n            target_label: __address__\n          - action: labelmap\n            regex: __meta_kubernetes_pod_annotation_prometheus_io_param_(.+)\n            replacement: __param_$1\n          - action: labelmap\n            regex: __meta_kubernetes_pod_label_(.+)\n          - source_labels: [__meta_kubernetes_namespace]\n            action: replace\n            target_label: namespace\n          - source_labels: [__meta_kubernetes_pod_name]\n            action: replace\n            target_label: pod\n          - source_labels: [__meta_kubernetes_pod_phase]\n            regex: Pending|Succeeded|Failed|Completed\n            action: drop\n\n      # Example Scrape config for pods which should be scraped slower. An useful example\n      # would be stackriver-exporter which queries an API on every scrape of the pod\n      #\n      # The relabeling allows the actual pod scrape endpoint to be configured via the\n      # following annotations:\n      #\n      # * `prometheus.io/scrape-slow`: Only scrape pods that have a value of `true`\n      # * `prometheus.io/scheme`: If the metrics endpoint is secured then you will need\n      # to set this to `https` \u0026 most likely set the `tls_config` of the scrape config.\n      # * `prometheus.io/path`: If the metrics path is not `/metrics` override this.\n      # * `prometheus.io/port`: Scrape the pod on the indicated port instead of the default of `9102`.\n      - job_name: 'kubernetes-pods-slow'\n        honor_labels: true\n\n        scrape_interval: 5m\n        scrape_timeout: 30s\n\n        kubernetes_sd_configs:\n          - role: pod\n\n        relabel_configs:\n          - source_labels: [__meta_kubernetes_pod_annotation_prometheus_io_scrape_slow]\n            action: keep\n            regex: true\n          - source_labels: [__meta_kubernetes_pod_annotation_prometheus_io_scheme]\n            action: replace\n            regex: (https?)\n            target_label: __scheme__\n          - source_labels: [__meta_kubernetes_pod_annotation_prometheus_io_path]\n            action: replace\n            target_label: __metrics_path__\n            regex: (.+)\n          - source_labels: [__meta_kubernetes_pod_annotation_prometheus_io_port, __meta_kubernetes_pod_ip]\n            action: replace\n            regex: (\\d+);(([A-Fa-f0-9]{1,4}::?){1,7}[A-Fa-f0-9]{1,4})\n            replacement: '[$2]:$1'\n            target_label: __address__\n          - source_labels: [__meta_kubernetes_pod_annotation_prometheus_io_port, __meta_kubernetes_pod_ip]\n            action: replace\n            regex: (\\d+);((([0-9]+?)(\\.|$)){4})\n            replacement: $2:$1\n            target_label: __address__\n          - action: labelmap\n            regex: __meta_kubernetes_pod_annotation_prometheus_io_param_(.+)\n            replacement: __param_$1\n          - action: labelmap\n            regex: __meta_kubernetes_pod_label_(.+)\n          - source_labels: [__meta_kubernetes_namespace]\n            action: replace\n            target_label: namespace\n          - source_labels: [__meta_kubernetes_pod_name]\n            action: replace\n            target_label: pod\n          - source_labels: [__meta_kubernetes_pod_phase]\n            regex: Pending|Succeeded|Failed|Completed\n            action: drop\n\n# adds additional scrape configs to prometheus.yml\n# must be a string so you have to add a | after extraScrapeConfigs:\n# example adds prometheus-blackbox-exporter scrape config\nextraScrapeConfigs: \"\"\n  # - job_name: 'prometheus-blackbox-exporter'\n  #   metrics_path: /probe\n  #   params:\n  #     module: [http_2xx]\n  #   static_configs:\n  #     - targets:\n  #       - https://example.com\n  #   relabel_configs:\n  #     - source_labels: [__address__]\n  #       target_label: __param_target\n  #     - source_labels: [__param_target]\n  #       target_label: instance\n  #     - target_label: __address__\n  #       replacement: prometheus-blackbox-exporter:9115\n\n# Adds option to add alert_relabel_configs to avoid duplicate alerts in alertmanager\n# useful in H/A prometheus with different external labels but the same alerts\nalertRelabelConfigs: {}\n  # alert_relabel_configs:\n  # - source_labels: [dc]\n  #   regex: (.+)\\d+\n  #   target_label: dc\n\nnetworkPolicy:\n  ## Enable creation of NetworkPolicy resources.\n  ##\n  enabled: false\n\n# Force namespace of namespaced resources\nforceNamespace: \"\"\n\n# Extra manifests to deploy as an array\nextraManifests: []\n  # - apiVersion: v1\n  #   kind: ConfigMap\n  #   metadata:\n  #   labels:\n  #     name: prometheus-extra\n  #   data:\n  #     extra-data: \"value\"\n\n# Configuration of subcharts defined in Chart.yaml\n\n## alertmanager sub-chart configurable values\n## Please see https://github.com/prometheus-community/helm-charts/tree/main/charts/alertmanager\n##\nalertmanager:\n  ## If false, alertmanager will not be installed\n  ##\n  enabled: true\n\n  persistence:\n    size: 2Gi\n\n  podSecurityContext:\n    runAsUser: 65534\n    runAsNonRoot: true\n    runAsGroup: 65534\n    fsGroup: 65534\n\n## kube-state-metrics sub-chart configurable values\n## Please see https://github.com/prometheus-community/helm-charts/tree/main/charts/kube-state-metrics\n##\nkube-state-metrics:\n  ## If false, kube-state-metrics sub-chart will not be installed\n  ##\n  enabled: true\n\n## promtheus-node-exporter sub-chart configurable values\n## Please see https://github.com/prometheus-community/helm-charts/tree/main/charts/prometheus-node-exporter\n##\nprometheus-node-exporter:\n  ## If false, node-exporter will not be installed\n  ##\n  enabled: true\n\n  rbac:\n    pspEnabled: false\n\n  containerSecurityContext:\n    allowPrivilegeEscalation: false\n\n## pprometheus-pushgateway sub-chart configurable values\n## Please see https://github.com/prometheus-community/helm-charts/tree/main/charts/prometheus-pushgateway\n##\nprometheus-pushgateway:\n  ## If false, pushgateway will not be installed\n  ##\n  enabled: true\n\n  # Optional service annotations\n  serviceAnnotations:\n    prometheus.io/probe: pushgateway"
            ],
            "verify": false,
            "version": "51.3.0",
            "wait": true,
            "wait_for_jobs": false
          },
          "sensitive_attributes": [],
          "private": "eyJzY2hlbWFfdmVyc2lvbiI6IjEifQ==",
          "dependencies": [
            "data.aws_eks_cluster.default",
            "kubernetes_namespace.kube-namespace",
            "module.eks.aws_cloudwatch_log_group.this",
            "module.eks.aws_ec2_tag.cluster_primary_security_group",
            "module.eks.aws_eks_addon.this",
            "module.eks.aws_eks_cluster.this",
            "module.eks.aws_eks_identity_provider_config.this",
            "module.eks.aws_iam_openid_connect_provider.oidc_provider",
            "module.eks.aws_iam_policy.cluster_encryption",
            "module.eks.aws_iam_policy.cni_ipv6_policy",
            "module.eks.aws_iam_role.this",
            "module.eks.aws_iam_role_policy_attachment.cluster_encryption",
            "module.eks.aws_iam_role_policy_attachment.this",
            "module.eks.aws_security_group.cluster",
            "module.eks.aws_security_group.node",
            "module.eks.aws_security_group_rule.cluster",
            "module.eks.aws_security_group_rule.node",
            "module.eks.data.aws_caller_identity.current",
            "module.eks.data.aws_iam_policy_document.assume_role_policy",
            "module.eks.data.aws_iam_policy_document.cni_ipv6_policy",
            "module.eks.data.aws_partition.current",
            "module.eks.data.tls_certificate.this",
            "module.eks.kubernetes_config_map.aws_auth",
            "module.eks.kubernetes_config_map_v1_data.aws_auth",
            "module.eks.module.eks_managed_node_group.aws_eks_node_group.this",
            "module.eks.module.eks_managed_node_group.aws_iam_role.this",
            "module.eks.module.eks_managed_node_group.aws_iam_role_policy_attachment.this",
            "module.eks.module.eks_managed_node_group.aws_launch_template.this",
            "module.eks.module.eks_managed_node_group.aws_security_group.this",
            "module.eks.module.eks_managed_node_group.aws_security_group_rule.this",
            "module.eks.module.eks_managed_node_group.data.aws_caller_identity.current",
            "module.eks.module.eks_managed_node_group.data.aws_iam_policy_document.assume_role_policy",
            "module.eks.module.eks_managed_node_group.data.aws_partition.current",
            "module.eks.module.eks_managed_node_group.module.user_data.data.cloudinit_config.linux_eks_managed_node_group",
            "module.eks.module.fargate_profile.aws_eks_fargate_profile.this",
            "module.eks.module.fargate_profile.aws_iam_role.this",
            "module.eks.module.fargate_profile.aws_iam_role_policy_attachment.this",
            "module.eks.module.fargate_profile.data.aws_caller_identity.current",
            "module.eks.module.fargate_profile.data.aws_iam_policy_document.assume_role_policy",
            "module.eks.module.fargate_profile.data.aws_partition.current",
            "module.eks.module.kms.aws_kms_alias.this",
            "module.eks.module.kms.aws_kms_external_key.this",
            "module.eks.module.kms.aws_kms_grant.this",
            "module.eks.module.kms.aws_kms_key.this",
            "module.eks.module.kms.data.aws_caller_identity.current",
            "module.eks.module.kms.data.aws_iam_policy_document.this",
            "module.eks.module.kms.data.aws_partition.current",
            "module.eks.module.self_managed_node_group.aws_autoscaling_group.this",
            "module.eks.module.self_managed_node_group.aws_autoscaling_schedule.this",
            "module.eks.module.self_managed_node_group.aws_iam_instance_profile.this",
            "module.eks.module.self_managed_node_group.aws_iam_role.this",
            "module.eks.module.self_managed_node_group.aws_iam_role_policy_attachment.this",
            "module.eks.module.self_managed_node_group.aws_launch_template.this",
            "module.eks.module.self_managed_node_group.aws_security_group.this",
            "module.eks.module.self_managed_node_group.aws_security_group_rule.this",
            "module.eks.module.self_managed_node_group.data.aws_ami.eks_default",
            "module.eks.module.self_managed_node_group.data.aws_caller_identity.current",
            "module.eks.module.self_managed_node_group.data.aws_default_tags.current",
            "module.eks.module.self_managed_node_group.data.aws_iam_policy_document.assume_role_policy",
            "module.eks.module.self_managed_node_group.data.aws_partition.current",
            "module.eks.module.self_managed_node_group.module.user_data.data.cloudinit_config.linux_eks_managed_node_group",
            "module.eks_admins_iam_role.aws_iam_role.this",
            "module.eks_admins_iam_role.data.aws_iam_policy_document.assume_role",
            "module.eks_admins_iam_role.data.aws_iam_policy_document.assume_role_with_mfa",
            "module.vpc.aws_subnet.private",
            "module.vpc.aws_vpc.this",
            "module.vpc.aws_vpc_ipv4_cidr_block_association.this",
            "time_sleep.wait_for_kubernetes"
          ]
        }
      ]
    },
    {
      "mode": "managed",
      "type": "kubectl_manifest",
      "name": "cluster_role",
      "provider": "provider[\"registry.terraform.io/gavinbunney/kubectl\"]",
      "instances": [
        {
          "schema_version": 1,
          "attributes": {
            "api_version": "rbac.authorization.k8s.io/v1",
            "apply_only": false,
            "force_conflicts": false,
            "force_new": false,
            "id": "/apis/rbac.authorization.k8s.io/v1/clusterroles/cluster-autoscaler",
            "ignore_fields": null,
            "kind": "ClusterRole",
            "live_manifest_incluster": "d8ec1466724816f2898bac4ce0141a0ae2e3a492935977c490cb98f467163aaa",
            "live_uid": "abb25ca7-b0b6-43a0-bb0b-96cb6a81e1ba",
            "name": "cluster-autoscaler",
            "namespace": null,
            "override_namespace": null,
            "sensitive_fields": null,
            "server_side_apply": false,
            "timeouts": null,
            "uid": "abb25ca7-b0b6-43a0-bb0b-96cb6a81e1ba",
            "validate_schema": true,
            "wait": null,
            "wait_for_rollout": true,
            "yaml_body": "apiVersion: rbac.authorization.k8s.io/v1\nkind: ClusterRole\nmetadata:\n  name: cluster-autoscaler\n  labels:\n    k8s-addon: cluster-autoscaler.addons.k8s.io\n    k8s-app: cluster-autoscaler\nrules:\n  - apiGroups: [\"\"]\n    resources: [\"events\", \"endpoints\"]\n    verbs: [\"create\", \"patch\"]\n  - apiGroups: [\"\"]\n    resources: [\"pods/eviction\"]\n    verbs: [\"create\"]\n  - apiGroups: [\"\"]\n    resources: [\"pods/status\"]\n    verbs: [\"update\"]\n  - apiGroups: [\"\"]\n    resources: [\"endpoints\"]\n    resourceNames: [\"cluster-autoscaler\"]\n    verbs: [\"get\", \"update\"]\n  - apiGroups: [\"\"]\n    resources: [\"nodes\"]\n    verbs: [\"watch\", \"list\", \"get\", \"update\"]\n  - apiGroups: [\"\"]\n    resources:\n      - \"namespaces\"\n      - \"pods\"\n      - \"services\"\n      - \"replicationcontrollers\"\n      - \"persistentvolumeclaims\"\n      - \"persistentvolumes\"\n    verbs: [\"watch\", \"list\", \"get\"]\n  - apiGroups: [\"extensions\"]\n    resources: [\"replicasets\", \"daemonsets\"]\n    verbs: [\"watch\", \"list\", \"get\"]\n  - apiGroups: [\"policy\"]\n    resources: [\"poddisruptionbudgets\"]\n    verbs: [\"watch\", \"list\"]\n  - apiGroups: [\"apps\"]\n    resources: [\"statefulsets\", \"replicasets\", \"daemonsets\"]\n    verbs: [\"watch\", \"list\", \"get\"]\n  - apiGroups: [\"storage.k8s.io\"]\n    resources: [\"storageclasses\", \"csinodes\", \"csidrivers\", \"csistoragecapacities\"]\n    verbs: [\"watch\", \"list\", \"get\"]\n  - apiGroups: [\"batch\", \"extensions\"]\n    resources: [\"jobs\"]\n    verbs: [\"get\", \"list\", \"watch\", \"patch\"]\n  - apiGroups: [\"coordination.k8s.io\"]\n    resources: [\"leases\"]\n    verbs: [\"create\"]\n  - apiGroups: [\"coordination.k8s.io\"]\n    resourceNames: [\"cluster-autoscaler\"]\n    resources: [\"leases\"]\n    verbs: [\"get\", \"update\"]\n",
            "yaml_body_parsed": "apiVersion: rbac.authorization.k8s.io/v1\nkind: ClusterRole\nmetadata:\n  labels:\n    k8s-addon: cluster-autoscaler.addons.k8s.io\n    k8s-app: cluster-autoscaler\n  name: cluster-autoscaler\nrules:\n- apiGroups:\n  - \"\"\n  resources:\n  - events\n  - endpoints\n  verbs:\n  - create\n  - patch\n- apiGroups:\n  - \"\"\n  resources:\n  - pods/eviction\n  verbs:\n  - create\n- apiGroups:\n  - \"\"\n  resources:\n  - pods/status\n  verbs:\n  - update\n- apiGroups:\n  - \"\"\n  resourceNames:\n  - cluster-autoscaler\n  resources:\n  - endpoints\n  verbs:\n  - get\n  - update\n- apiGroups:\n  - \"\"\n  resources:\n  - nodes\n  verbs:\n  - watch\n  - list\n  - get\n  - update\n- apiGroups:\n  - \"\"\n  resources:\n  - namespaces\n  - pods\n  - services\n  - replicationcontrollers\n  - persistentvolumeclaims\n  - persistentvolumes\n  verbs:\n  - watch\n  - list\n  - get\n- apiGroups:\n  - extensions\n  resources:\n  - replicasets\n  - daemonsets\n  verbs:\n  - watch\n  - list\n  - get\n- apiGroups:\n  - policy\n  resources:\n  - poddisruptionbudgets\n  verbs:\n  - watch\n  - list\n- apiGroups:\n  - apps\n  resources:\n  - statefulsets\n  - replicasets\n  - daemonsets\n  verbs:\n  - watch\n  - list\n  - get\n- apiGroups:\n  - storage.k8s.io\n  resources:\n  - storageclasses\n  - csinodes\n  - csidrivers\n  - csistoragecapacities\n  verbs:\n  - watch\n  - list\n  - get\n- apiGroups:\n  - batch\n  - extensions\n  resources:\n  - jobs\n  verbs:\n  - get\n  - list\n  - watch\n  - patch\n- apiGroups:\n  - coordination.k8s.io\n  resources:\n  - leases\n  verbs:\n  - create\n- apiGroups:\n  - coordination.k8s.io\n  resourceNames:\n  - cluster-autoscaler\n  resources:\n  - leases\n  verbs:\n  - get\n  - update\n",
            "yaml_incluster": "d8ec1466724816f2898bac4ce0141a0ae2e3a492935977c490cb98f467163aaa"
          },
          "sensitive_attributes": [],
          "private": "eyJlMmJmYjczMC1lY2FhLTExZTYtOGY4OC0zNDM2M2JjN2M0YzAiOnsiY3JlYXRlIjo2MDAwMDAwMDAwMDB9LCJzY2hlbWFfdmVyc2lvbiI6IjEifQ==",
          "dependencies": [
            "data.aws_eks_cluster.default",
            "module.eks.aws_cloudwatch_log_group.this",
            "module.eks.aws_eks_cluster.this",
            "module.eks.aws_iam_role.this",
            "module.eks.aws_iam_role_policy_attachment.this",
            "module.eks.aws_security_group.cluster",
            "module.eks.aws_security_group.node",
            "module.eks.aws_security_group_rule.cluster",
            "module.eks.aws_security_group_rule.node",
            "module.eks.data.aws_caller_identity.current",
            "module.eks.data.aws_iam_policy_document.assume_role_policy",
            "module.eks.data.aws_partition.current",
            "module.eks.module.kms.aws_kms_external_key.this",
            "module.eks.module.kms.aws_kms_key.this",
            "module.eks.module.kms.data.aws_caller_identity.current",
            "module.eks.module.kms.data.aws_iam_policy_document.this",
            "module.eks.module.kms.data.aws_partition.current",
            "module.vpc.aws_subnet.private",
            "module.vpc.aws_vpc.this",
            "module.vpc.aws_vpc_ipv4_cidr_block_association.this"
          ]
        }
      ]
    },
    {
      "mode": "managed",
      "type": "kubectl_manifest",
      "name": "cluster_role_binding",
      "provider": "provider[\"registry.terraform.io/gavinbunney/kubectl\"]",
      "instances": [
        {
          "schema_version": 1,
          "attributes": {
            "api_version": "rbac.authorization.k8s.io/v1",
            "apply_only": false,
            "force_conflicts": false,
            "force_new": false,
            "id": "/apis/rbac.authorization.k8s.io/v1/clusterrolebindings/cluster-autoscaler",
            "ignore_fields": null,
            "kind": "ClusterRoleBinding",
            "live_manifest_incluster": "3b3d50f96773bc40ecebc79652505e8b6bf1c35eecd1a333f809bc95a4d3d675",
            "live_uid": "a9033ce5-f034-4854-8664-fbc31b4f1ff1",
            "name": "cluster-autoscaler",
            "namespace": null,
            "override_namespace": null,
            "sensitive_fields": null,
            "server_side_apply": false,
            "timeouts": null,
            "uid": "a9033ce5-f034-4854-8664-fbc31b4f1ff1",
            "validate_schema": true,
            "wait": null,
            "wait_for_rollout": true,
            "yaml_body": "apiVersion: rbac.authorization.k8s.io/v1\nkind: ClusterRoleBinding\nmetadata:\n  name: cluster-autoscaler\n  labels:\n    k8s-addon: cluster-autoscaler.addons.k8s.io\n    k8s-app: cluster-autoscaler\nroleRef:\n  apiGroup: rbac.authorization.k8s.io\n  kind: ClusterRole\n  name: cluster-autoscaler\nsubjects:\n  - kind: ServiceAccount\n    name: cluster-autoscaler\n    namespace: kube-system\n",
            "yaml_body_parsed": "apiVersion: rbac.authorization.k8s.io/v1\nkind: ClusterRoleBinding\nmetadata:\n  labels:\n    k8s-addon: cluster-autoscaler.addons.k8s.io\n    k8s-app: cluster-autoscaler\n  name: cluster-autoscaler\nroleRef:\n  apiGroup: rbac.authorization.k8s.io\n  kind: ClusterRole\n  name: cluster-autoscaler\nsubjects:\n- kind: ServiceAccount\n  name: cluster-autoscaler\n  namespace: kube-system\n",
            "yaml_incluster": "3b3d50f96773bc40ecebc79652505e8b6bf1c35eecd1a333f809bc95a4d3d675"
          },
          "sensitive_attributes": [],
          "private": "eyJlMmJmYjczMC1lY2FhLTExZTYtOGY4OC0zNDM2M2JjN2M0YzAiOnsiY3JlYXRlIjo2MDAwMDAwMDAwMDB9LCJzY2hlbWFfdmVyc2lvbiI6IjEifQ==",
          "dependencies": [
            "data.aws_eks_cluster.default",
            "module.eks.aws_cloudwatch_log_group.this",
            "module.eks.aws_eks_cluster.this",
            "module.eks.aws_iam_role.this",
            "module.eks.aws_iam_role_policy_attachment.this",
            "module.eks.aws_security_group.cluster",
            "module.eks.aws_security_group.node",
            "module.eks.aws_security_group_rule.cluster",
            "module.eks.aws_security_group_rule.node",
            "module.eks.data.aws_caller_identity.current",
            "module.eks.data.aws_iam_policy_document.assume_role_policy",
            "module.eks.data.aws_partition.current",
            "module.eks.module.kms.aws_kms_external_key.this",
            "module.eks.module.kms.aws_kms_key.this",
            "module.eks.module.kms.data.aws_caller_identity.current",
            "module.eks.module.kms.data.aws_iam_policy_document.this",
            "module.eks.module.kms.data.aws_partition.current",
            "module.vpc.aws_subnet.private",
            "module.vpc.aws_vpc.this",
            "module.vpc.aws_vpc_ipv4_cidr_block_association.this"
          ]
        }
      ]
    },
    {
      "mode": "managed",
      "type": "kubectl_manifest",
      "name": "deployment",
      "provider": "provider[\"registry.terraform.io/gavinbunney/kubectl\"]",
      "instances": [
        {
          "schema_version": 1,
          "attributes": {
            "api_version": "apps/v1",
            "apply_only": false,
            "force_conflicts": false,
            "force_new": false,
            "id": "/apis/apps/v1/namespaces/kube-system/deployments/cluster-autoscaler",
            "ignore_fields": null,
            "kind": "Deployment",
            "live_manifest_incluster": "1c73333a3f038e8c6a777f82fe86f2c114eb40fb75192353c797ebb73292e470",
            "live_uid": "bdc7818c-350c-4878-958e-5e29b45aadc0",
            "name": "cluster-autoscaler",
            "namespace": "kube-system",
            "override_namespace": null,
            "sensitive_fields": null,
            "server_side_apply": false,
            "timeouts": null,
            "uid": "bdc7818c-350c-4878-958e-5e29b45aadc0",
            "validate_schema": true,
            "wait": null,
            "wait_for_rollout": true,
            "yaml_body": "apiVersion: apps/v1\nkind: Deployment\nmetadata:\n  name: cluster-autoscaler\n  namespace: kube-system\n  labels:\n    app: cluster-autoscaler\nspec:\n  replicas: 1\n  selector:\n    matchLabels:\n      app: cluster-autoscaler\n  template:\n    metadata:\n      labels:\n        app: cluster-autoscaler\n    spec:\n      priorityClassName: system-cluster-critical\n      securityContext:\n        runAsNonRoot: true\n        runAsUser: 65534\n        fsGroup: 65534\n      serviceAccountName: cluster-autoscaler\n      containers:\n        - image: k8s.gcr.io/autoscaling/cluster-autoscaler:v1.23.1\n          name: cluster-autoscaler\n          resources:\n            limits:\n              cpu: 100m\n              memory: 600Mi\n            requests:\n              cpu: 100m\n              memory: 600Mi\n          command:\n            - ./cluster-autoscaler\n            - --v=4\n            - --stderrthreshold=info\n            - --cloud-provider=aws\n            - --skip-nodes-with-local-storage=false\n            - --expander=least-waste\n            - --node-group-auto-discovery=asg:tag=k8s.io/cluster-autoscaler/enabled,k8s.io/cluster-autoscaler/my-eks-cluster\n          volumeMounts:\n            - name: ssl-certs\n              mountPath: /etc/ssl/certs/ca-certificates.crt\n              readOnly: true\n      volumes:\n        - name: ssl-certs\n          hostPath:\n            path: \"/etc/ssl/certs/ca-bundle.crt\"\n",
            "yaml_body_parsed": "apiVersion: apps/v1\nkind: Deployment\nmetadata:\n  labels:\n    app: cluster-autoscaler\n  name: cluster-autoscaler\n  namespace: kube-system\nspec:\n  replicas: 1\n  selector:\n    matchLabels:\n      app: cluster-autoscaler\n  template:\n    metadata:\n      labels:\n        app: cluster-autoscaler\n    spec:\n      containers:\n      - command:\n        - ./cluster-autoscaler\n        - --v=4\n        - --stderrthreshold=info\n        - --cloud-provider=aws\n        - --skip-nodes-with-local-storage=false\n        - --expander=least-waste\n        - --node-group-auto-discovery=asg:tag=k8s.io/cluster-autoscaler/enabled,k8s.io/cluster-autoscaler/my-eks-cluster\n        image: k8s.gcr.io/autoscaling/cluster-autoscaler:v1.23.1\n        name: cluster-autoscaler\n        resources:\n          limits:\n            cpu: 100m\n            memory: 600Mi\n          requests:\n            cpu: 100m\n            memory: 600Mi\n        volumeMounts:\n        - mountPath: /etc/ssl/certs/ca-certificates.crt\n          name: ssl-certs\n          readOnly: true\n      priorityClassName: system-cluster-critical\n      securityContext:\n        fsGroup: 65534\n        runAsNonRoot: true\n        runAsUser: 65534\n      serviceAccountName: cluster-autoscaler\n      volumes:\n      - hostPath:\n          path: /etc/ssl/certs/ca-bundle.crt\n        name: ssl-certs\n",
            "yaml_incluster": "1c73333a3f038e8c6a777f82fe86f2c114eb40fb75192353c797ebb73292e470"
          },
          "sensitive_attributes": [],
          "private": "eyJlMmJmYjczMC1lY2FhLTExZTYtOGY4OC0zNDM2M2JjN2M0YzAiOnsiY3JlYXRlIjo2MDAwMDAwMDAwMDB9LCJzY2hlbWFfdmVyc2lvbiI6IjEifQ==",
          "dependencies": [
            "data.aws_eks_cluster.default",
            "module.eks.aws_cloudwatch_log_group.this",
            "module.eks.aws_eks_cluster.this",
            "module.eks.aws_iam_role.this",
            "module.eks.aws_iam_role_policy_attachment.this",
            "module.eks.aws_security_group.cluster",
            "module.eks.aws_security_group.node",
            "module.eks.aws_security_group_rule.cluster",
            "module.eks.aws_security_group_rule.node",
            "module.eks.data.aws_caller_identity.current",
            "module.eks.data.aws_iam_policy_document.assume_role_policy",
            "module.eks.data.aws_partition.current",
            "module.eks.module.kms.aws_kms_external_key.this",
            "module.eks.module.kms.aws_kms_key.this",
            "module.eks.module.kms.data.aws_caller_identity.current",
            "module.eks.module.kms.data.aws_iam_policy_document.this",
            "module.eks.module.kms.data.aws_partition.current",
            "module.vpc.aws_subnet.private",
            "module.vpc.aws_vpc.this",
            "module.vpc.aws_vpc_ipv4_cidr_block_association.this"
          ]
        }
      ]
    },
    {
      "mode": "managed",
      "type": "kubectl_manifest",
      "name": "role",
      "provider": "provider[\"registry.terraform.io/gavinbunney/kubectl\"]",
      "instances": [
        {
          "schema_version": 1,
          "attributes": {
            "api_version": "rbac.authorization.k8s.io/v1",
            "apply_only": false,
            "force_conflicts": false,
            "force_new": false,
            "id": "/apis/rbac.authorization.k8s.io/v1/namespaces/kube-system/roles/cluster-autoscaler",
            "ignore_fields": null,
            "kind": "Role",
            "live_manifest_incluster": "39c42b6f8b7d332e254acdc09cebbf2f28cdbfebaa6cc6cb35bef2699168105d",
            "live_uid": "d29706e8-6c7b-4065-818a-87a2dee50d04",
            "name": "cluster-autoscaler",
            "namespace": "kube-system",
            "override_namespace": null,
            "sensitive_fields": null,
            "server_side_apply": false,
            "timeouts": null,
            "uid": "d29706e8-6c7b-4065-818a-87a2dee50d04",
            "validate_schema": true,
            "wait": null,
            "wait_for_rollout": true,
            "yaml_body": "apiVersion: rbac.authorization.k8s.io/v1\nkind: Role\nmetadata:\n  name: cluster-autoscaler\n  namespace: kube-system\n  labels:\n    k8s-addon: cluster-autoscaler.addons.k8s.io\n    k8s-app: cluster-autoscaler\nrules:\n  - apiGroups: [\"\"]\n    resources: [\"configmaps\"]\n    verbs: [\"create\",\"list\",\"watch\"]\n  - apiGroups: [\"\"]\n    resources: [\"configmaps\"]\n    resourceNames: [\"cluster-autoscaler-status\", \"cluster-autoscaler-priority-expander\"]\n    verbs: [\"delete\", \"get\", \"update\", \"watch\"]\n",
            "yaml_body_parsed": "apiVersion: rbac.authorization.k8s.io/v1\nkind: Role\nmetadata:\n  labels:\n    k8s-addon: cluster-autoscaler.addons.k8s.io\n    k8s-app: cluster-autoscaler\n  name: cluster-autoscaler\n  namespace: kube-system\nrules:\n- apiGroups:\n  - \"\"\n  resources:\n  - configmaps\n  verbs:\n  - create\n  - list\n  - watch\n- apiGroups:\n  - \"\"\n  resourceNames:\n  - cluster-autoscaler-status\n  - cluster-autoscaler-priority-expander\n  resources:\n  - configmaps\n  verbs:\n  - delete\n  - get\n  - update\n  - watch\n",
            "yaml_incluster": "39c42b6f8b7d332e254acdc09cebbf2f28cdbfebaa6cc6cb35bef2699168105d"
          },
          "sensitive_attributes": [],
          "private": "eyJlMmJmYjczMC1lY2FhLTExZTYtOGY4OC0zNDM2M2JjN2M0YzAiOnsiY3JlYXRlIjo2MDAwMDAwMDAwMDB9LCJzY2hlbWFfdmVyc2lvbiI6IjEifQ==",
          "dependencies": [
            "data.aws_eks_cluster.default",
            "module.eks.aws_cloudwatch_log_group.this",
            "module.eks.aws_eks_cluster.this",
            "module.eks.aws_iam_role.this",
            "module.eks.aws_iam_role_policy_attachment.this",
            "module.eks.aws_security_group.cluster",
            "module.eks.aws_security_group.node",
            "module.eks.aws_security_group_rule.cluster",
            "module.eks.aws_security_group_rule.node",
            "module.eks.data.aws_caller_identity.current",
            "module.eks.data.aws_iam_policy_document.assume_role_policy",
            "module.eks.data.aws_partition.current",
            "module.eks.module.kms.aws_kms_external_key.this",
            "module.eks.module.kms.aws_kms_key.this",
            "module.eks.module.kms.data.aws_caller_identity.current",
            "module.eks.module.kms.data.aws_iam_policy_document.this",
            "module.eks.module.kms.data.aws_partition.current",
            "module.vpc.aws_subnet.private",
            "module.vpc.aws_vpc.this",
            "module.vpc.aws_vpc_ipv4_cidr_block_association.this"
          ]
        }
      ]
    },
    {
      "mode": "managed",
      "type": "kubectl_manifest",
      "name": "role_binding",
      "provider": "provider[\"registry.terraform.io/gavinbunney/kubectl\"]",
      "instances": [
        {
          "schema_version": 1,
          "attributes": {
            "api_version": "rbac.authorization.k8s.io/v1",
            "apply_only": false,
            "force_conflicts": false,
            "force_new": false,
            "id": "/apis/rbac.authorization.k8s.io/v1/namespaces/kube-system/rolebindings/cluster-autoscaler",
            "ignore_fields": null,
            "kind": "RoleBinding",
            "live_manifest_incluster": "8abb6940a85233d45578ed4d88de23aa9050fc5c7f77b3bd1def412e915fcc11",
            "live_uid": "166669af-7499-4af4-bf40-bebfc38b5152",
            "name": "cluster-autoscaler",
            "namespace": "kube-system",
            "override_namespace": null,
            "sensitive_fields": null,
            "server_side_apply": false,
            "timeouts": null,
            "uid": "166669af-7499-4af4-bf40-bebfc38b5152",
            "validate_schema": true,
            "wait": null,
            "wait_for_rollout": true,
            "yaml_body": "apiVersion: rbac.authorization.k8s.io/v1\nkind: RoleBinding\nmetadata:\n  name: cluster-autoscaler\n  namespace: kube-system\n  labels:\n    k8s-addon: cluster-autoscaler.addons.k8s.io\n    k8s-app: cluster-autoscaler\nroleRef:\n  apiGroup: rbac.authorization.k8s.io\n  kind: Role\n  name: cluster-autoscaler\nsubjects:\n  - kind: ServiceAccount\n    name: cluster-autoscaler\n    namespace: kube-system\n",
            "yaml_body_parsed": "apiVersion: rbac.authorization.k8s.io/v1\nkind: RoleBinding\nmetadata:\n  labels:\n    k8s-addon: cluster-autoscaler.addons.k8s.io\n    k8s-app: cluster-autoscaler\n  name: cluster-autoscaler\n  namespace: kube-system\nroleRef:\n  apiGroup: rbac.authorization.k8s.io\n  kind: Role\n  name: cluster-autoscaler\nsubjects:\n- kind: ServiceAccount\n  name: cluster-autoscaler\n  namespace: kube-system\n",
            "yaml_incluster": "8abb6940a85233d45578ed4d88de23aa9050fc5c7f77b3bd1def412e915fcc11"
          },
          "sensitive_attributes": [],
          "private": "eyJlMmJmYjczMC1lY2FhLTExZTYtOGY4OC0zNDM2M2JjN2M0YzAiOnsiY3JlYXRlIjo2MDAwMDAwMDAwMDB9LCJzY2hlbWFfdmVyc2lvbiI6IjEifQ==",
          "dependencies": [
            "data.aws_eks_cluster.default",
            "module.eks.aws_cloudwatch_log_group.this",
            "module.eks.aws_eks_cluster.this",
            "module.eks.aws_iam_role.this",
            "module.eks.aws_iam_role_policy_attachment.this",
            "module.eks.aws_security_group.cluster",
            "module.eks.aws_security_group.node",
            "module.eks.aws_security_group_rule.cluster",
            "module.eks.aws_security_group_rule.node",
            "module.eks.data.aws_caller_identity.current",
            "module.eks.data.aws_iam_policy_document.assume_role_policy",
            "module.eks.data.aws_partition.current",
            "module.eks.module.kms.aws_kms_external_key.this",
            "module.eks.module.kms.aws_kms_key.this",
            "module.eks.module.kms.data.aws_caller_identity.current",
            "module.eks.module.kms.data.aws_iam_policy_document.this",
            "module.eks.module.kms.data.aws_partition.current",
            "module.vpc.aws_subnet.private",
            "module.vpc.aws_vpc.this",
            "module.vpc.aws_vpc_ipv4_cidr_block_association.this"
          ]
        }
      ]
    },
    {
      "mode": "managed",
      "type": "kubectl_manifest",
      "name": "service_account",
      "provider": "provider[\"registry.terraform.io/gavinbunney/kubectl\"]",
      "instances": [
        {
          "schema_version": 1,
          "attributes": {
            "api_version": "v1",
            "apply_only": false,
            "force_conflicts": false,
            "force_new": false,
            "id": "/api/v1/namespaces/kube-system/serviceaccounts/cluster-autoscaler",
            "ignore_fields": null,
            "kind": "ServiceAccount",
            "live_manifest_incluster": "5a5af47e789a5edcd1f1397c63ef49015c7def6eafb242d0c80d27af1b2cf7e5",
            "live_uid": "6a476123-2819-4459-b8d8-355ce4cbe2fe",
            "name": "cluster-autoscaler",
            "namespace": "kube-system",
            "override_namespace": null,
            "sensitive_fields": null,
            "server_side_apply": false,
            "timeouts": null,
            "uid": "6a476123-2819-4459-b8d8-355ce4cbe2fe",
            "validate_schema": true,
            "wait": null,
            "wait_for_rollout": true,
            "yaml_body": "apiVersion: v1\nkind: ServiceAccount\nmetadata:\n  labels:\n    k8s-addon: cluster-autoscaler.addons.k8s.io\n    k8s-app: cluster-autoscaler\n  name: cluster-autoscaler\n  namespace: kube-system\n  annotations:\n    eks.amazonaws.com/role-arn: arn:aws:iam::852312235001:role/cluster-autoscaler\n",
            "yaml_body_parsed": "apiVersion: v1\nkind: ServiceAccount\nmetadata:\n  annotations:\n    eks.amazonaws.com/role-arn: arn:aws:iam::852312235001:role/cluster-autoscaler\n  labels:\n    k8s-addon: cluster-autoscaler.addons.k8s.io\n    k8s-app: cluster-autoscaler\n  name: cluster-autoscaler\n  namespace: kube-system\n",
            "yaml_incluster": "5a5af47e789a5edcd1f1397c63ef49015c7def6eafb242d0c80d27af1b2cf7e5"
          },
          "sensitive_attributes": [],
          "private": "eyJlMmJmYjczMC1lY2FhLTExZTYtOGY4OC0zNDM2M2JjN2M0YzAiOnsiY3JlYXRlIjo2MDAwMDAwMDAwMDB9LCJzY2hlbWFfdmVyc2lvbiI6IjEifQ==",
          "dependencies": [
            "data.aws_eks_cluster.default",
            "module.cluster_autoscaler_irsa_role.aws_iam_role.this",
            "module.cluster_autoscaler_irsa_role.data.aws_iam_policy_document.this",
            "module.eks.aws_cloudwatch_log_group.this",
            "module.eks.aws_eks_cluster.this",
            "module.eks.aws_iam_openid_connect_provider.oidc_provider",
            "module.eks.aws_iam_role.this",
            "module.eks.aws_iam_role_policy_attachment.this",
            "module.eks.aws_security_group.cluster",
            "module.eks.aws_security_group.node",
            "module.eks.aws_security_group_rule.cluster",
            "module.eks.aws_security_group_rule.node",
            "module.eks.data.aws_caller_identity.current",
            "module.eks.data.aws_iam_policy_document.assume_role_policy",
            "module.eks.data.aws_partition.current",
            "module.eks.data.tls_certificate.this",
            "module.eks.module.kms.aws_kms_external_key.this",
            "module.eks.module.kms.aws_kms_key.this",
            "module.eks.module.kms.data.aws_caller_identity.current",
            "module.eks.module.kms.data.aws_iam_policy_document.this",
            "module.eks.module.kms.data.aws_partition.current",
            "module.vpc.aws_subnet.private",
            "module.vpc.aws_vpc.this",
            "module.vpc.aws_vpc_ipv4_cidr_block_association.this"
          ]
        }
      ]
    },
    {
      "mode": "managed",
      "type": "kubernetes_namespace",
      "name": "kube-namespace",
      "provider": "provider[\"registry.terraform.io/hashicorp/kubernetes\"]",
      "instances": [
        {
          "schema_version": 0,
          "attributes": {
            "id": "prometheus",
            "metadata": [
              {
                "annotations": null,
                "generate_name": "",
                "generation": 0,
                "labels": null,
                "name": "prometheus",
                "resource_version": "26848",
                "uid": "1bf27c9d-769e-4820-a927-d31f5a39bc96"
              }
            ],
            "timeouts": null,
            "wait_for_default_service_account": false
          },
          "sensitive_attributes": [],
          "private": "eyJlMmJmYjczMC1lY2FhLTExZTYtOGY4OC0zNDM2M2JjN2M0YzAiOnsiZGVsZXRlIjozMDAwMDAwMDAwMDB9fQ==",
          "dependencies": [
            "data.aws_eks_cluster.default",
            "module.eks.aws_cloudwatch_log_group.this",
            "module.eks.aws_ec2_tag.cluster_primary_security_group",
            "module.eks.aws_eks_addon.this",
            "module.eks.aws_eks_cluster.this",
            "module.eks.aws_eks_identity_provider_config.this",
            "module.eks.aws_iam_openid_connect_provider.oidc_provider",
            "module.eks.aws_iam_policy.cluster_encryption",
            "module.eks.aws_iam_policy.cni_ipv6_policy",
            "module.eks.aws_iam_role.this",
            "module.eks.aws_iam_role_policy_attachment.cluster_encryption",
            "module.eks.aws_iam_role_policy_attachment.this",
            "module.eks.aws_security_group.cluster",
            "module.eks.aws_security_group.node",
            "module.eks.aws_security_group_rule.cluster",
            "module.eks.aws_security_group_rule.node",
            "module.eks.data.aws_caller_identity.current",
            "module.eks.data.aws_iam_policy_document.assume_role_policy",
            "module.eks.data.aws_iam_policy_document.cni_ipv6_policy",
            "module.eks.data.aws_partition.current",
            "module.eks.data.tls_certificate.this",
            "module.eks.kubernetes_config_map.aws_auth",
            "module.eks.kubernetes_config_map_v1_data.aws_auth",
            "module.eks.module.eks_managed_node_group.aws_eks_node_group.this",
            "module.eks.module.eks_managed_node_group.aws_iam_role.this",
            "module.eks.module.eks_managed_node_group.aws_iam_role_policy_attachment.this",
            "module.eks.module.eks_managed_node_group.aws_launch_template.this",
            "module.eks.module.eks_managed_node_group.aws_security_group.this",
            "module.eks.module.eks_managed_node_group.aws_security_group_rule.this",
            "module.eks.module.eks_managed_node_group.data.aws_caller_identity.current",
            "module.eks.module.eks_managed_node_group.data.aws_iam_policy_document.assume_role_policy",
            "module.eks.module.eks_managed_node_group.data.aws_partition.current",
            "module.eks.module.eks_managed_node_group.module.user_data.data.cloudinit_config.linux_eks_managed_node_group",
            "module.eks.module.fargate_profile.aws_eks_fargate_profile.this",
            "module.eks.module.fargate_profile.aws_iam_role.this",
            "module.eks.module.fargate_profile.aws_iam_role_policy_attachment.this",
            "module.eks.module.fargate_profile.data.aws_caller_identity.current",
            "module.eks.module.fargate_profile.data.aws_iam_policy_document.assume_role_policy",
            "module.eks.module.fargate_profile.data.aws_partition.current",
            "module.eks.module.kms.aws_kms_alias.this",
            "module.eks.module.kms.aws_kms_external_key.this",
            "module.eks.module.kms.aws_kms_grant.this",
            "module.eks.module.kms.aws_kms_key.this",
            "module.eks.module.kms.data.aws_caller_identity.current",
            "module.eks.module.kms.data.aws_iam_policy_document.this",
            "module.eks.module.kms.data.aws_partition.current",
            "module.eks.module.self_managed_node_group.aws_autoscaling_group.this",
            "module.eks.module.self_managed_node_group.aws_autoscaling_schedule.this",
            "module.eks.module.self_managed_node_group.aws_iam_instance_profile.this",
            "module.eks.module.self_managed_node_group.aws_iam_role.this",
            "module.eks.module.self_managed_node_group.aws_iam_role_policy_attachment.this",
            "module.eks.module.self_managed_node_group.aws_launch_template.this",
            "module.eks.module.self_managed_node_group.aws_security_group.this",
            "module.eks.module.self_managed_node_group.aws_security_group_rule.this",
            "module.eks.module.self_managed_node_group.data.aws_ami.eks_default",
            "module.eks.module.self_managed_node_group.data.aws_caller_identity.current",
            "module.eks.module.self_managed_node_group.data.aws_default_tags.current",
            "module.eks.module.self_managed_node_group.data.aws_iam_policy_document.assume_role_policy",
            "module.eks.module.self_managed_node_group.data.aws_partition.current",
            "module.eks.module.self_managed_node_group.module.user_data.data.cloudinit_config.linux_eks_managed_node_group",
            "module.eks_admins_iam_role.aws_iam_role.this",
            "module.eks_admins_iam_role.data.aws_iam_policy_document.assume_role",
            "module.eks_admins_iam_role.data.aws_iam_policy_document.assume_role_with_mfa",
            "module.vpc.aws_subnet.private",
            "module.vpc.aws_vpc.this",
            "module.vpc.aws_vpc_ipv4_cidr_block_association.this",
            "time_sleep.wait_for_kubernetes"
          ]
        }
      ]
    },
    {
      "mode": "managed",
      "type": "time_sleep",
      "name": "wait_for_kubernetes",
      "provider": "provider[\"registry.terraform.io/hashicorp/time\"]",
      "instances": [
        {
          "schema_version": 0,
          "attributes": {
            "create_duration": "20s",
            "destroy_duration": null,
            "id": "2024-03-14T15:19:14Z",
            "triggers": null
          },
          "sensitive_attributes": [],
          "dependencies": [
            "data.aws_eks_cluster.default",
            "module.eks.aws_cloudwatch_log_group.this",
            "module.eks.aws_ec2_tag.cluster_primary_security_group",
            "module.eks.aws_eks_addon.this",
            "module.eks.aws_eks_cluster.this",
            "module.eks.aws_eks_identity_provider_config.this",
            "module.eks.aws_iam_openid_connect_provider.oidc_provider",
            "module.eks.aws_iam_policy.cluster_encryption",
            "module.eks.aws_iam_policy.cni_ipv6_policy",
            "module.eks.aws_iam_role.this",
            "module.eks.aws_iam_role_policy_attachment.cluster_encryption",
            "module.eks.aws_iam_role_policy_attachment.this",
            "module.eks.aws_security_group.cluster",
            "module.eks.aws_security_group.node",
            "module.eks.aws_security_group_rule.cluster",
            "module.eks.aws_security_group_rule.node",
            "module.eks.data.aws_caller_identity.current",
            "module.eks.data.aws_iam_policy_document.assume_role_policy",
            "module.eks.data.aws_iam_policy_document.cni_ipv6_policy",
            "module.eks.data.aws_partition.current",
            "module.eks.data.tls_certificate.this",
            "module.eks.kubernetes_config_map.aws_auth",
            "module.eks.kubernetes_config_map_v1_data.aws_auth",
            "module.eks.module.eks_managed_node_group.aws_eks_node_group.this",
            "module.eks.module.eks_managed_node_group.aws_iam_role.this",
            "module.eks.module.eks_managed_node_group.aws_iam_role_policy_attachment.this",
            "module.eks.module.eks_managed_node_group.aws_launch_template.this",
            "module.eks.module.eks_managed_node_group.aws_security_group.this",
            "module.eks.module.eks_managed_node_group.aws_security_group_rule.this",
            "module.eks.module.eks_managed_node_group.data.aws_caller_identity.current",
            "module.eks.module.eks_managed_node_group.data.aws_iam_policy_document.assume_role_policy",
            "module.eks.module.eks_managed_node_group.data.aws_partition.current",
            "module.eks.module.eks_managed_node_group.module.user_data.data.cloudinit_config.linux_eks_managed_node_group",
            "module.eks.module.fargate_profile.aws_eks_fargate_profile.this",
            "module.eks.module.fargate_profile.aws_iam_role.this",
            "module.eks.module.fargate_profile.aws_iam_role_policy_attachment.this",
            "module.eks.module.fargate_profile.data.aws_caller_identity.current",
            "module.eks.module.fargate_profile.data.aws_iam_policy_document.assume_role_policy",
            "module.eks.module.fargate_profile.data.aws_partition.current",
            "module.eks.module.kms.aws_kms_alias.this",
            "module.eks.module.kms.aws_kms_external_key.this",
            "module.eks.module.kms.aws_kms_grant.this",
            "module.eks.module.kms.aws_kms_key.this",
            "module.eks.module.kms.data.aws_caller_identity.current",
            "module.eks.module.kms.data.aws_iam_policy_document.this",
            "module.eks.module.kms.data.aws_partition.current",
            "module.eks.module.self_managed_node_group.aws_autoscaling_group.this",
            "module.eks.module.self_managed_node_group.aws_autoscaling_schedule.this",
            "module.eks.module.self_managed_node_group.aws_iam_instance_profile.this",
            "module.eks.module.self_managed_node_group.aws_iam_role.this",
            "module.eks.module.self_managed_node_group.aws_iam_role_policy_attachment.this",
            "module.eks.module.self_managed_node_group.aws_launch_template.this",
            "module.eks.module.self_managed_node_group.aws_security_group.this",
            "module.eks.module.self_managed_node_group.aws_security_group_rule.this",
            "module.eks.module.self_managed_node_group.data.aws_ami.eks_default",
            "module.eks.module.self_managed_node_group.data.aws_caller_identity.current",
            "module.eks.module.self_managed_node_group.data.aws_default_tags.current",
            "module.eks.module.self_managed_node_group.data.aws_iam_policy_document.assume_role_policy",
            "module.eks.module.self_managed_node_group.data.aws_partition.current",
            "module.eks.module.self_managed_node_group.module.user_data.data.cloudinit_config.linux_eks_managed_node_group",
            "module.eks_admins_iam_role.aws_iam_role.this",
            "module.eks_admins_iam_role.data.aws_iam_policy_document.assume_role",
            "module.eks_admins_iam_role.data.aws_iam_policy_document.assume_role_with_mfa",
            "module.vpc.aws_subnet.private",
            "module.vpc.aws_vpc.this",
            "module.vpc.aws_vpc_ipv4_cidr_block_association.this"
          ]
        }
      ]
    },
    {
      "module": "module.allow_assume_eks_admins_iam_policy",
      "mode": "managed",
      "type": "aws_iam_policy",
      "name": "policy",
      "provider": "provider[\"registry.terraform.io/hashicorp/aws\"]",
      "instances": [
        {
          "index_key": 0,
          "schema_version": 0,
          "attributes": {
            "arn": "arn:aws:iam::852312235001:policy/allow-assume-eks-admin-iam-role",
            "description": "IAM Policy",
            "id": "arn:aws:iam::852312235001:policy/allow-assume-eks-admin-iam-role",
            "name": "allow-assume-eks-admin-iam-role",
            "name_prefix": "",
            "path": "/",
            "policy": "{\"Statement\":[{\"Action\":[\"sts:AssumeRole\"],\"Effect\":\"Allow\",\"Resource\":\"arn:aws:iam::852312235001:role/eks-admin\"}],\"Version\":\"2012-10-17\"}",
            "policy_id": "ANPA4M4OETP4TDPCL4PCP",
            "tags": {},
            "tags_all": {}
          },
          "sensitive_attributes": [],
          "private": "bnVsbA==",
          "dependencies": [
            "module.eks_admins_iam_role.aws_iam_role.this",
            "module.eks_admins_iam_role.data.aws_iam_policy_document.assume_role",
            "module.eks_admins_iam_role.data.aws_iam_policy_document.assume_role_with_mfa",
            "module.vpc.aws_vpc.this"
          ]
        }
      ]
    },
    {
      "module": "module.allow_eks_access_iam_policy",
      "mode": "managed",
      "type": "aws_iam_policy",
      "name": "policy",
      "provider": "provider[\"registry.terraform.io/hashicorp/aws\"]",
      "instances": [
        {
          "index_key": 0,
          "schema_version": 0,
          "attributes": {
            "arn": "arn:aws:iam::852312235001:policy/allow-eks-access",
            "description": "IAM Policy",
            "id": "arn:aws:iam::852312235001:policy/allow-eks-access",
            "name": "allow-eks-access",
            "name_prefix": "",
            "path": "/",
            "policy": "{\"Statement\":[{\"Action\":[\"eks:DescribeCluster\"],\"Effect\":\"Allow\",\"Resource\":\"*\"}],\"Version\":\"2012-10-17\"}",
            "policy_id": "ANPA4M4OETP44SIVAJLM2",
            "tags": {},
            "tags_all": {}
          },
          "sensitive_attributes": [],
          "private": "bnVsbA=="
        }
      ]
    },
    {
      "module": "module.aws_load_balancer_controller_irsa_role",
      "mode": "data",
      "type": "aws_caller_identity",
      "name": "current",
      "provider": "provider[\"registry.terraform.io/hashicorp/aws\"]",
      "instances": [
        {
          "schema_version": 0,
          "attributes": {
            "account_id": "852312235001",
            "arn": "arn:aws:iam::852312235001:user/snewhadeep.saha",
            "id": "852312235001",
            "user_id": "AIDA4M4OETP4SUK7FZCON"
          },
          "sensitive_attributes": []
        }
      ]
    },
    {
      "module": "module.aws_load_balancer_controller_irsa_role",
      "mode": "data",
      "type": "aws_iam_policy_document",
      "name": "load_balancer_controller",
      "provider": "provider[\"registry.terraform.io/hashicorp/aws\"]",
      "instances": [
        {
          "index_key": 0,
          "schema_version": 0,
          "attributes": {
            "id": "3014472196",
            "json": "{\n  \"Version\": \"2012-10-17\",\n  \"Statement\": [\n    {\n      \"Effect\": \"Allow\",\n      \"Action\": \"iam:CreateServiceLinkedRole\",\n      \"Resource\": \"*\",\n      \"Condition\": {\n        \"StringEquals\": {\n          \"iam:AWSServiceName\": \"elasticloadbalancing.amazonaws.com\"\n        }\n      }\n    },\n    {\n      \"Effect\": \"Allow\",\n      \"Action\": [\n        \"elasticloadbalancing:DescribeTargetHealth\",\n        \"elasticloadbalancing:DescribeTargetGroups\",\n        \"elasticloadbalancing:DescribeTargetGroupAttributes\",\n        \"elasticloadbalancing:DescribeTags\",\n        \"elasticloadbalancing:DescribeSSLPolicies\",\n        \"elasticloadbalancing:DescribeRules\",\n        \"elasticloadbalancing:DescribeLoadBalancers\",\n        \"elasticloadbalancing:DescribeLoadBalancerAttributes\",\n        \"elasticloadbalancing:DescribeListeners\",\n        \"elasticloadbalancing:DescribeListenerCertificates\",\n        \"ec2:GetCoipPoolUsage\",\n        \"ec2:DescribeVpcs\",\n        \"ec2:DescribeVpcPeeringConnections\",\n        \"ec2:DescribeTags\",\n        \"ec2:DescribeSubnets\",\n        \"ec2:DescribeSecurityGroups\",\n        \"ec2:DescribeNetworkInterfaces\",\n        \"ec2:DescribeInternetGateways\",\n        \"ec2:DescribeInstances\",\n        \"ec2:DescribeCoipPools\",\n        \"ec2:DescribeAvailabilityZones\",\n        \"ec2:DescribeAddresses\",\n        \"ec2:DescribeAccountAttributes\"\n      ],\n      \"Resource\": \"*\"\n    },\n    {\n      \"Effect\": \"Allow\",\n      \"Action\": [\n        \"wafv2:GetWebACLForResource\",\n        \"wafv2:GetWebACL\",\n        \"wafv2:DisassociateWebACL\",\n        \"wafv2:AssociateWebACL\",\n        \"waf-regional:GetWebACLForResource\",\n        \"waf-regional:GetWebACL\",\n        \"waf-regional:DisassociateWebACL\",\n        \"waf-regional:AssociateWebACL\",\n        \"shield:GetSubscriptionState\",\n        \"shield:DescribeProtection\",\n        \"shield:DeleteProtection\",\n        \"shield:CreateProtection\",\n        \"iam:ListServerCertificates\",\n        \"iam:GetServerCertificate\",\n        \"cognito-idp:DescribeUserPoolClient\",\n        \"acm:ListCertificates\",\n        \"acm:DescribeCertificate\"\n      ],\n      \"Resource\": \"*\"\n    },\n    {\n      \"Effect\": \"Allow\",\n      \"Action\": [\n        \"ec2:RevokeSecurityGroupIngress\",\n        \"ec2:CreateSecurityGroup\",\n        \"ec2:AuthorizeSecurityGroupIngress\"\n      ],\n      \"Resource\": \"*\"\n    },\n    {\n      \"Effect\": \"Allow\",\n      \"Action\": \"ec2:CreateTags\",\n      \"Resource\": \"arn:aws:ec2:*:*:security-group/*\",\n      \"Condition\": {\n        \"Null\": {\n          \"aws:RequestTag/elbv2.k8s.aws/cluster\": \"false\"\n        },\n        \"StringEquals\": {\n          \"ec2:CreateAction\": \"CreateSecurityGroup\"\n        }\n      }\n    },\n    {\n      \"Effect\": \"Allow\",\n      \"Action\": [\n        \"ec2:DeleteTags\",\n        \"ec2:CreateTags\"\n      ],\n      \"Resource\": \"arn:aws:ec2:*:*:security-group/*\",\n      \"Condition\": {\n        \"Null\": {\n          \"aws:RequestTag/elbv2.k8s.aws/cluster\": \"true\",\n          \"aws:ResourceTag/elbv2.k8s.aws/cluster\": \"false\"\n        }\n      }\n    },\n    {\n      \"Effect\": \"Allow\",\n      \"Action\": [\n        \"ec2:RevokeSecurityGroupIngress\",\n        \"ec2:DeleteSecurityGroup\",\n        \"ec2:AuthorizeSecurityGroupIngress\"\n      ],\n      \"Resource\": \"*\",\n      \"Condition\": {\n        \"Null\": {\n          \"aws:ResourceTag/elbv2.k8s.aws/cluster\": \"false\"\n        }\n      }\n    },\n    {\n      \"Effect\": \"Allow\",\n      \"Action\": [\n        \"elasticloadbalancing:CreateTargetGroup\",\n        \"elasticloadbalancing:CreateLoadBalancer\",\n        \"elasticloadbalancing:AddTags\"\n      ],\n      \"Resource\": \"*\",\n      \"Condition\": {\n        \"Null\": {\n          \"aws:RequestTag/elbv2.k8s.aws/cluster\": \"false\"\n        }\n      }\n    },\n    {\n      \"Effect\": \"Allow\",\n      \"Action\": [\n        \"elasticloadbalancing:DeleteRule\",\n        \"elasticloadbalancing:DeleteListener\",\n        \"elasticloadbalancing:CreateRule\",\n        \"elasticloadbalancing:CreateListener\",\n        \"elasticloadbalancing:AddTags\"\n      ],\n      \"Resource\": \"*\"\n    },\n    {\n      \"Effect\": \"Allow\",\n      \"Action\": [\n        \"elasticloadbalancing:RemoveTags\",\n        \"elasticloadbalancing:AddTags\"\n      ],\n      \"Resource\": [\n        \"arn:aws:elasticloadbalancing:*:*:targetgroup/*/*\",\n        \"arn:aws:elasticloadbalancing:*:*:loadbalancer/net/*/*\",\n        \"arn:aws:elasticloadbalancing:*:*:loadbalancer/app/*/*\"\n      ],\n      \"Condition\": {\n        \"Null\": {\n          \"aws:RequestTag/elbv2.k8s.aws/cluster\": \"true\",\n          \"aws:ResourceTag/elbv2.k8s.aws/cluster\": \"false\"\n        }\n      }\n    },\n    {\n      \"Effect\": \"Allow\",\n      \"Action\": [\n        \"elasticloadbalancing:RemoveTags\",\n        \"elasticloadbalancing:AddTags\"\n      ],\n      \"Resource\": [\n        \"arn:aws:elasticloadbalancing:*:*:listener/net/*/*/*\",\n        \"arn:aws:elasticloadbalancing:*:*:listener/app/*/*/*\",\n        \"arn:aws:elasticloadbalancing:*:*:listener-rule/net/*/*/*\",\n        \"arn:aws:elasticloadbalancing:*:*:listener-rule/app/*/*/*\"\n      ]\n    },\n    {\n      \"Effect\": \"Allow\",\n      \"Action\": [\n        \"elasticloadbalancing:SetSubnets\",\n        \"elasticloadbalancing:SetSecurityGroups\",\n        \"elasticloadbalancing:SetIpAddressType\",\n        \"elasticloadbalancing:ModifyTargetGroupAttributes\",\n        \"elasticloadbalancing:ModifyTargetGroup\",\n        \"elasticloadbalancing:ModifyLoadBalancerAttributes\",\n        \"elasticloadbalancing:DeleteTargetGroup\",\n        \"elasticloadbalancing:DeleteLoadBalancer\"\n      ],\n      \"Resource\": \"*\",\n      \"Condition\": {\n        \"Null\": {\n          \"aws:ResourceTag/elbv2.k8s.aws/cluster\": \"false\"\n        }\n      }\n    },\n    {\n      \"Effect\": \"Allow\",\n      \"Action\": \"elasticloadbalancing:AddTags\",\n      \"Resource\": [\n        \"arn:aws:elasticloadbalancing:*:*:targetgroup/*/*\",\n        \"arn:aws:elasticloadbalancing:*:*:loadbalancer/net/*/*\",\n        \"arn:aws:elasticloadbalancing:*:*:loadbalancer/app/*/*\"\n      ],\n      \"Condition\": {\n        \"Null\": {\n          \"aws:RequestTag/elbv2.k8s.aws/cluster\": \"false\"\n        },\n        \"StringEquals\": {\n          \"elasticloadbalancing:CreateAction\": [\n            \"CreateTargetGroup\",\n            \"CreateLoadBalancer\"\n          ]\n        }\n      }\n    },\n    {\n      \"Effect\": \"Allow\",\n      \"Action\": [\n        \"elasticloadbalancing:RegisterTargets\",\n        \"elasticloadbalancing:DeregisterTargets\"\n      ],\n      \"Resource\": \"arn:aws:elasticloadbalancing:*:*:targetgroup/*/*\"\n    },\n    {\n      \"Effect\": \"Allow\",\n      \"Action\": [\n        \"elasticloadbalancing:SetWebAcl\",\n        \"elasticloadbalancing:RemoveListenerCertificates\",\n        \"elasticloadbalancing:ModifyRule\",\n        \"elasticloadbalancing:ModifyListener\",\n        \"elasticloadbalancing:AddListenerCertificates\"\n      ],\n      \"Resource\": \"*\"\n    }\n  ]\n}",
            "override_policy_documents": null,
            "policy_id": null,
            "source_policy_documents": null,
            "statement": [
              {
                "actions": [
                  "iam:CreateServiceLinkedRole"
                ],
                "condition": [
                  {
                    "test": "StringEquals",
                    "values": [
                      "elasticloadbalancing.amazonaws.com"
                    ],
                    "variable": "iam:AWSServiceName"
                  }
                ],
                "effect": "Allow",
                "not_actions": [],
                "not_principals": [],
                "not_resources": [],
                "principals": [],
                "resources": [
                  "*"
                ],
                "sid": ""
              },
              {
                "actions": [
                  "ec2:DescribeAccountAttributes",
                  "ec2:DescribeAddresses",
                  "ec2:DescribeAvailabilityZones",
                  "ec2:DescribeCoipPools",
                  "ec2:DescribeInstances",
                  "ec2:DescribeInternetGateways",
                  "ec2:DescribeNetworkInterfaces",
                  "ec2:DescribeSecurityGroups",
                  "ec2:DescribeSubnets",
                  "ec2:DescribeTags",
                  "ec2:DescribeVpcPeeringConnections",
                  "ec2:DescribeVpcs",
                  "ec2:GetCoipPoolUsage",
                  "elasticloadbalancing:DescribeListenerCertificates",
                  "elasticloadbalancing:DescribeListeners",
                  "elasticloadbalancing:DescribeLoadBalancerAttributes",
                  "elasticloadbalancing:DescribeLoadBalancers",
                  "elasticloadbalancing:DescribeRules",
                  "elasticloadbalancing:DescribeSSLPolicies",
                  "elasticloadbalancing:DescribeTags",
                  "elasticloadbalancing:DescribeTargetGroupAttributes",
                  "elasticloadbalancing:DescribeTargetGroups",
                  "elasticloadbalancing:DescribeTargetHealth"
                ],
                "condition": [],
                "effect": "Allow",
                "not_actions": [],
                "not_principals": [],
                "not_resources": [],
                "principals": [],
                "resources": [
                  "*"
                ],
                "sid": ""
              },
              {
                "actions": [
                  "acm:DescribeCertificate",
                  "acm:ListCertificates",
                  "cognito-idp:DescribeUserPoolClient",
                  "iam:GetServerCertificate",
                  "iam:ListServerCertificates",
                  "shield:CreateProtection",
                  "shield:DeleteProtection",
                  "shield:DescribeProtection",
                  "shield:GetSubscriptionState",
                  "waf-regional:AssociateWebACL",
                  "waf-regional:DisassociateWebACL",
                  "waf-regional:GetWebACL",
                  "waf-regional:GetWebACLForResource",
                  "wafv2:AssociateWebACL",
                  "wafv2:DisassociateWebACL",
                  "wafv2:GetWebACL",
                  "wafv2:GetWebACLForResource"
                ],
                "condition": [],
                "effect": "Allow",
                "not_actions": [],
                "not_principals": [],
                "not_resources": [],
                "principals": [],
                "resources": [
                  "*"
                ],
                "sid": ""
              },
              {
                "actions": [
                  "ec2:AuthorizeSecurityGroupIngress",
                  "ec2:CreateSecurityGroup",
                  "ec2:RevokeSecurityGroupIngress"
                ],
                "condition": [],
                "effect": "Allow",
                "not_actions": [],
                "not_principals": [],
                "not_resources": [],
                "principals": [],
                "resources": [
                  "*"
                ],
                "sid": ""
              },
              {
                "actions": [
                  "ec2:CreateTags"
                ],
                "condition": [
                  {
                    "test": "Null",
                    "values": [
                      "false"
                    ],
                    "variable": "aws:RequestTag/elbv2.k8s.aws/cluster"
                  },
                  {
                    "test": "StringEquals",
                    "values": [
                      "CreateSecurityGroup"
                    ],
                    "variable": "ec2:CreateAction"
                  }
                ],
                "effect": "Allow",
                "not_actions": [],
                "not_principals": [],
                "not_resources": [],
                "principals": [],
                "resources": [
                  "arn:aws:ec2:*:*:security-group/*"
                ],
                "sid": ""
              },
              {
                "actions": [
                  "ec2:CreateTags",
                  "ec2:DeleteTags"
                ],
                "condition": [
                  {
                    "test": "Null",
                    "values": [
                      "false"
                    ],
                    "variable": "aws:ResourceTag/elbv2.k8s.aws/cluster"
                  },
                  {
                    "test": "Null",
                    "values": [
                      "true"
                    ],
                    "variable": "aws:RequestTag/elbv2.k8s.aws/cluster"
                  }
                ],
                "effect": "Allow",
                "not_actions": [],
                "not_principals": [],
                "not_resources": [],
                "principals": [],
                "resources": [
                  "arn:aws:ec2:*:*:security-group/*"
                ],
                "sid": ""
              },
              {
                "actions": [
                  "ec2:AuthorizeSecurityGroupIngress",
                  "ec2:DeleteSecurityGroup",
                  "ec2:RevokeSecurityGroupIngress"
                ],
                "condition": [
                  {
                    "test": "Null",
                    "values": [
                      "false"
                    ],
                    "variable": "aws:ResourceTag/elbv2.k8s.aws/cluster"
                  }
                ],
                "effect": "Allow",
                "not_actions": [],
                "not_principals": [],
                "not_resources": [],
                "principals": [],
                "resources": [
                  "*"
                ],
                "sid": ""
              },
              {
                "actions": [
                  "elasticloadbalancing:AddTags",
                  "elasticloadbalancing:CreateLoadBalancer",
                  "elasticloadbalancing:CreateTargetGroup"
                ],
                "condition": [
                  {
                    "test": "Null",
                    "values": [
                      "false"
                    ],
                    "variable": "aws:RequestTag/elbv2.k8s.aws/cluster"
                  }
                ],
                "effect": "Allow",
                "not_actions": [],
                "not_principals": [],
                "not_resources": [],
                "principals": [],
                "resources": [
                  "*"
                ],
                "sid": ""
              },
              {
                "actions": [
                  "elasticloadbalancing:AddTags",
                  "elasticloadbalancing:CreateListener",
                  "elasticloadbalancing:CreateRule",
                  "elasticloadbalancing:DeleteListener",
                  "elasticloadbalancing:DeleteRule"
                ],
                "condition": [],
                "effect": "Allow",
                "not_actions": [],
                "not_principals": [],
                "not_resources": [],
                "principals": [],
                "resources": [
                  "*"
                ],
                "sid": ""
              },
              {
                "actions": [
                  "elasticloadbalancing:AddTags",
                  "elasticloadbalancing:RemoveTags"
                ],
                "condition": [
                  {
                    "test": "Null",
                    "values": [
                      "false"
                    ],
                    "variable": "aws:ResourceTag/elbv2.k8s.aws/cluster"
                  },
                  {
                    "test": "Null",
                    "values": [
                      "true"
                    ],
                    "variable": "aws:RequestTag/elbv2.k8s.aws/cluster"
                  }
                ],
                "effect": "Allow",
                "not_actions": [],
                "not_principals": [],
                "not_resources": [],
                "principals": [],
                "resources": [
                  "arn:aws:elasticloadbalancing:*:*:loadbalancer/app/*/*",
                  "arn:aws:elasticloadbalancing:*:*:loadbalancer/net/*/*",
                  "arn:aws:elasticloadbalancing:*:*:targetgroup/*/*"
                ],
                "sid": ""
              },
              {
                "actions": [
                  "elasticloadbalancing:AddTags",
                  "elasticloadbalancing:RemoveTags"
                ],
                "condition": [],
                "effect": "Allow",
                "not_actions": [],
                "not_principals": [],
                "not_resources": [],
                "principals": [],
                "resources": [
                  "arn:aws:elasticloadbalancing:*:*:listener-rule/app/*/*/*",
                  "arn:aws:elasticloadbalancing:*:*:listener-rule/net/*/*/*",
                  "arn:aws:elasticloadbalancing:*:*:listener/app/*/*/*",
                  "arn:aws:elasticloadbalancing:*:*:listener/net/*/*/*"
                ],
                "sid": ""
              },
              {
                "actions": [
                  "elasticloadbalancing:DeleteLoadBalancer",
                  "elasticloadbalancing:DeleteTargetGroup",
                  "elasticloadbalancing:ModifyLoadBalancerAttributes",
                  "elasticloadbalancing:ModifyTargetGroup",
                  "elasticloadbalancing:ModifyTargetGroupAttributes",
                  "elasticloadbalancing:SetIpAddressType",
                  "elasticloadbalancing:SetSecurityGroups",
                  "elasticloadbalancing:SetSubnets"
                ],
                "condition": [
                  {
                    "test": "Null",
                    "values": [
                      "false"
                    ],
                    "variable": "aws:ResourceTag/elbv2.k8s.aws/cluster"
                  }
                ],
                "effect": "Allow",
                "not_actions": [],
                "not_principals": [],
                "not_resources": [],
                "principals": [],
                "resources": [
                  "*"
                ],
                "sid": ""
              },
              {
                "actions": [
                  "elasticloadbalancing:AddTags"
                ],
                "condition": [
                  {
                    "test": "Null",
                    "values": [
                      "false"
                    ],
                    "variable": "aws:RequestTag/elbv2.k8s.aws/cluster"
                  },
                  {
                    "test": "StringEquals",
                    "values": [
                      "CreateTargetGroup",
                      "CreateLoadBalancer"
                    ],
                    "variable": "elasticloadbalancing:CreateAction"
                  }
                ],
                "effect": "Allow",
                "not_actions": [],
                "not_principals": [],
                "not_resources": [],
                "principals": [],
                "resources": [
                  "arn:aws:elasticloadbalancing:*:*:loadbalancer/app/*/*",
                  "arn:aws:elasticloadbalancing:*:*:loadbalancer/net/*/*",
                  "arn:aws:elasticloadbalancing:*:*:targetgroup/*/*"
                ],
                "sid": ""
              },
              {
                "actions": [
                  "elasticloadbalancing:DeregisterTargets",
                  "elasticloadbalancing:RegisterTargets"
                ],
                "condition": [],
                "effect": "Allow",
                "not_actions": [],
                "not_principals": [],
                "not_resources": [],
                "principals": [],
                "resources": [
                  "arn:aws:elasticloadbalancing:*:*:targetgroup/*/*"
                ],
                "sid": ""
              },
              {
                "actions": [
                  "elasticloadbalancing:AddListenerCertificates",
                  "elasticloadbalancing:ModifyListener",
                  "elasticloadbalancing:ModifyRule",
                  "elasticloadbalancing:RemoveListenerCertificates",
                  "elasticloadbalancing:SetWebAcl"
                ],
                "condition": [],
                "effect": "Allow",
                "not_actions": [],
                "not_principals": [],
                "not_resources": [],
                "principals": [],
                "resources": [
                  "*"
                ],
                "sid": ""
              }
            ],
            "version": "2012-10-17"
          },
          "sensitive_attributes": []
        }
      ]
    },
    {
      "module": "module.aws_load_balancer_controller_irsa_role",
      "mode": "data",
      "type": "aws_iam_policy_document",
      "name": "this",
      "provider": "provider[\"registry.terraform.io/hashicorp/aws\"]",
      "instances": [
        {
          "index_key": 0,
          "schema_version": 0,
          "attributes": {
            "id": "2620104380",
            "json": "{\n  \"Version\": \"2012-10-17\",\n  \"Statement\": [\n    {\n      \"Effect\": \"Allow\",\n      \"Action\": \"sts:AssumeRoleWithWebIdentity\",\n      \"Principal\": {\n        \"Federated\": \"arn:aws:iam::852312235001:oidc-provider/oidc.eks.us-east-1.amazonaws.com/id/52839B6C3B38F550EC33B5803BE65701\"\n      },\n      \"Condition\": {\n        \"StringEquals\": {\n          \"oidc.eks.us-east-1.amazonaws.com/id/52839B6C3B38F550EC33B5803BE65701:aud\": \"sts.amazonaws.com\",\n          \"oidc.eks.us-east-1.amazonaws.com/id/52839B6C3B38F550EC33B5803BE65701:sub\": \"system:serviceaccount:kube-system:aws-load-balancer-controller\"\n        }\n      }\n    }\n  ]\n}",
            "override_policy_documents": null,
            "policy_id": null,
            "source_policy_documents": null,
            "statement": [
              {
                "actions": [
                  "sts:AssumeRoleWithWebIdentity"
                ],
                "condition": [
                  {
                    "test": "StringEquals",
                    "values": [
                      "sts.amazonaws.com"
                    ],
                    "variable": "oidc.eks.us-east-1.amazonaws.com/id/52839B6C3B38F550EC33B5803BE65701:aud"
                  },
                  {
                    "test": "StringEquals",
                    "values": [
                      "system:serviceaccount:kube-system:aws-load-balancer-controller"
                    ],
                    "variable": "oidc.eks.us-east-1.amazonaws.com/id/52839B6C3B38F550EC33B5803BE65701:sub"
                  }
                ],
                "effect": "Allow",
                "not_actions": [],
                "not_principals": [],
                "not_resources": [],
                "principals": [
                  {
                    "identifiers": [
                      "arn:aws:iam::852312235001:oidc-provider/oidc.eks.us-east-1.amazonaws.com/id/52839B6C3B38F550EC33B5803BE65701"
                    ],
                    "type": "Federated"
                  }
                ],
                "resources": [],
                "sid": ""
              }
            ],
            "version": "2012-10-17"
          },
          "sensitive_attributes": []
        }
      ]
    },
    {
      "module": "module.aws_load_balancer_controller_irsa_role",
      "mode": "data",
      "type": "aws_partition",
      "name": "current",
      "provider": "provider[\"registry.terraform.io/hashicorp/aws\"]",
      "instances": [
        {
          "schema_version": 0,
          "attributes": {
            "dns_suffix": "amazonaws.com",
            "id": "aws",
            "partition": "aws",
            "reverse_dns_prefix": "com.amazonaws"
          },
          "sensitive_attributes": []
        }
      ]
    },
    {
      "module": "module.aws_load_balancer_controller_irsa_role",
      "mode": "data",
      "type": "aws_region",
      "name": "current",
      "provider": "provider[\"registry.terraform.io/hashicorp/aws\"]",
      "instances": [
        {
          "schema_version": 0,
          "attributes": {
            "description": "US East (N. Virginia)",
            "endpoint": "ec2.us-east-1.amazonaws.com",
            "id": "us-east-1",
            "name": "us-east-1"
          },
          "sensitive_attributes": []
        }
      ]
    },
    {
      "module": "module.aws_load_balancer_controller_irsa_role",
      "mode": "managed",
      "type": "aws_iam_policy",
      "name": "load_balancer_controller",
      "provider": "provider[\"registry.terraform.io/hashicorp/aws\"]",
      "instances": [
        {
          "index_key": 0,
          "schema_version": 0,
          "attributes": {
            "arn": "arn:aws:iam::852312235001:policy/AmazonEKS_AWS_Load_Balancer_Controller-20240314123827360500000002",
            "description": "Provides permissions for AWS Load Balancer Controller addon",
            "id": "arn:aws:iam::852312235001:policy/AmazonEKS_AWS_Load_Balancer_Controller-20240314123827360500000002",
            "name": "AmazonEKS_AWS_Load_Balancer_Controller-20240314123827360500000002",
            "name_prefix": "AmazonEKS_AWS_Load_Balancer_Controller-",
            "path": "/",
            "policy": "{\"Statement\":[{\"Action\":\"iam:CreateServiceLinkedRole\",\"Condition\":{\"StringEquals\":{\"iam:AWSServiceName\":\"elasticloadbalancing.amazonaws.com\"}},\"Effect\":\"Allow\",\"Resource\":\"*\"},{\"Action\":[\"elasticloadbalancing:DescribeTargetHealth\",\"elasticloadbalancing:DescribeTargetGroups\",\"elasticloadbalancing:DescribeTargetGroupAttributes\",\"elasticloadbalancing:DescribeTags\",\"elasticloadbalancing:DescribeSSLPolicies\",\"elasticloadbalancing:DescribeRules\",\"elasticloadbalancing:DescribeLoadBalancers\",\"elasticloadbalancing:DescribeLoadBalancerAttributes\",\"elasticloadbalancing:DescribeListeners\",\"elasticloadbalancing:DescribeListenerCertificates\",\"ec2:GetCoipPoolUsage\",\"ec2:DescribeVpcs\",\"ec2:DescribeVpcPeeringConnections\",\"ec2:DescribeTags\",\"ec2:DescribeSubnets\",\"ec2:DescribeSecurityGroups\",\"ec2:DescribeNetworkInterfaces\",\"ec2:DescribeInternetGateways\",\"ec2:DescribeInstances\",\"ec2:DescribeCoipPools\",\"ec2:DescribeAvailabilityZones\",\"ec2:DescribeAddresses\",\"ec2:DescribeAccountAttributes\"],\"Effect\":\"Allow\",\"Resource\":\"*\"},{\"Action\":[\"wafv2:GetWebACLForResource\",\"wafv2:GetWebACL\",\"wafv2:DisassociateWebACL\",\"wafv2:AssociateWebACL\",\"waf-regional:GetWebACLForResource\",\"waf-regional:GetWebACL\",\"waf-regional:DisassociateWebACL\",\"waf-regional:AssociateWebACL\",\"shield:GetSubscriptionState\",\"shield:DescribeProtection\",\"shield:DeleteProtection\",\"shield:CreateProtection\",\"iam:ListServerCertificates\",\"iam:GetServerCertificate\",\"cognito-idp:DescribeUserPoolClient\",\"acm:ListCertificates\",\"acm:DescribeCertificate\"],\"Effect\":\"Allow\",\"Resource\":\"*\"},{\"Action\":[\"ec2:RevokeSecurityGroupIngress\",\"ec2:CreateSecurityGroup\",\"ec2:AuthorizeSecurityGroupIngress\"],\"Effect\":\"Allow\",\"Resource\":\"*\"},{\"Action\":\"ec2:CreateTags\",\"Condition\":{\"Null\":{\"aws:RequestTag/elbv2.k8s.aws/cluster\":\"false\"},\"StringEquals\":{\"ec2:CreateAction\":\"CreateSecurityGroup\"}},\"Effect\":\"Allow\",\"Resource\":\"arn:aws:ec2:*:*:security-group/*\"},{\"Action\":[\"ec2:DeleteTags\",\"ec2:CreateTags\"],\"Condition\":{\"Null\":{\"aws:RequestTag/elbv2.k8s.aws/cluster\":\"true\",\"aws:ResourceTag/elbv2.k8s.aws/cluster\":\"false\"}},\"Effect\":\"Allow\",\"Resource\":\"arn:aws:ec2:*:*:security-group/*\"},{\"Action\":[\"ec2:RevokeSecurityGroupIngress\",\"ec2:DeleteSecurityGroup\",\"ec2:AuthorizeSecurityGroupIngress\"],\"Condition\":{\"Null\":{\"aws:ResourceTag/elbv2.k8s.aws/cluster\":\"false\"}},\"Effect\":\"Allow\",\"Resource\":\"*\"},{\"Action\":[\"elasticloadbalancing:CreateTargetGroup\",\"elasticloadbalancing:CreateLoadBalancer\",\"elasticloadbalancing:AddTags\"],\"Condition\":{\"Null\":{\"aws:RequestTag/elbv2.k8s.aws/cluster\":\"false\"}},\"Effect\":\"Allow\",\"Resource\":\"*\"},{\"Action\":[\"elasticloadbalancing:DeleteRule\",\"elasticloadbalancing:DeleteListener\",\"elasticloadbalancing:CreateRule\",\"elasticloadbalancing:CreateListener\",\"elasticloadbalancing:AddTags\"],\"Effect\":\"Allow\",\"Resource\":\"*\"},{\"Action\":[\"elasticloadbalancing:RemoveTags\",\"elasticloadbalancing:AddTags\"],\"Condition\":{\"Null\":{\"aws:RequestTag/elbv2.k8s.aws/cluster\":\"true\",\"aws:ResourceTag/elbv2.k8s.aws/cluster\":\"false\"}},\"Effect\":\"Allow\",\"Resource\":[\"arn:aws:elasticloadbalancing:*:*:targetgroup/*/*\",\"arn:aws:elasticloadbalancing:*:*:loadbalancer/net/*/*\",\"arn:aws:elasticloadbalancing:*:*:loadbalancer/app/*/*\"]},{\"Action\":[\"elasticloadbalancing:RemoveTags\",\"elasticloadbalancing:AddTags\"],\"Effect\":\"Allow\",\"Resource\":[\"arn:aws:elasticloadbalancing:*:*:listener/net/*/*/*\",\"arn:aws:elasticloadbalancing:*:*:listener/app/*/*/*\",\"arn:aws:elasticloadbalancing:*:*:listener-rule/net/*/*/*\",\"arn:aws:elasticloadbalancing:*:*:listener-rule/app/*/*/*\"]},{\"Action\":[\"elasticloadbalancing:SetSubnets\",\"elasticloadbalancing:SetSecurityGroups\",\"elasticloadbalancing:SetIpAddressType\",\"elasticloadbalancing:ModifyTargetGroupAttributes\",\"elasticloadbalancing:ModifyTargetGroup\",\"elasticloadbalancing:ModifyLoadBalancerAttributes\",\"elasticloadbalancing:DeleteTargetGroup\",\"elasticloadbalancing:DeleteLoadBalancer\"],\"Condition\":{\"Null\":{\"aws:ResourceTag/elbv2.k8s.aws/cluster\":\"false\"}},\"Effect\":\"Allow\",\"Resource\":\"*\"},{\"Action\":\"elasticloadbalancing:AddTags\",\"Condition\":{\"Null\":{\"aws:RequestTag/elbv2.k8s.aws/cluster\":\"false\"},\"StringEquals\":{\"elasticloadbalancing:CreateAction\":[\"CreateTargetGroup\",\"CreateLoadBalancer\"]}},\"Effect\":\"Allow\",\"Resource\":[\"arn:aws:elasticloadbalancing:*:*:targetgroup/*/*\",\"arn:aws:elasticloadbalancing:*:*:loadbalancer/net/*/*\",\"arn:aws:elasticloadbalancing:*:*:loadbalancer/app/*/*\"]},{\"Action\":[\"elasticloadbalancing:RegisterTargets\",\"elasticloadbalancing:DeregisterTargets\"],\"Effect\":\"Allow\",\"Resource\":\"arn:aws:elasticloadbalancing:*:*:targetgroup/*/*\"},{\"Action\":[\"elasticloadbalancing:SetWebAcl\",\"elasticloadbalancing:RemoveListenerCertificates\",\"elasticloadbalancing:ModifyRule\",\"elasticloadbalancing:ModifyListener\",\"elasticloadbalancing:AddListenerCertificates\"],\"Effect\":\"Allow\",\"Resource\":\"*\"}],\"Version\":\"2012-10-17\"}",
            "policy_id": "ANPA4M4OETP43V4QREYSR",
            "tags": {},
            "tags_all": {}
          },
          "sensitive_attributes": [],
          "private": "bnVsbA==",
          "dependencies": [
            "module.aws_load_balancer_controller_irsa_role.data.aws_iam_policy_document.load_balancer_controller",
            "module.aws_load_balancer_controller_irsa_role.data.aws_partition.current"
          ]
        }
      ]
    },
    {
      "module": "module.aws_load_balancer_controller_irsa_role",
      "mode": "managed",
      "type": "aws_iam_role",
      "name": "this",
      "provider": "provider[\"registry.terraform.io/hashicorp/aws\"]",
      "instances": [
        {
          "index_key": 0,
          "schema_version": 0,
          "attributes": {
            "arn": "arn:aws:iam::852312235001:role/aws-load-balancer-controller",
            "assume_role_policy": "{\"Statement\":[{\"Action\":\"sts:AssumeRoleWithWebIdentity\",\"Condition\":{\"StringEquals\":{\"oidc.eks.us-east-1.amazonaws.com/id/52839B6C3B38F550EC33B5803BE65701:aud\":\"sts.amazonaws.com\",\"oidc.eks.us-east-1.amazonaws.com/id/52839B6C3B38F550EC33B5803BE65701:sub\":\"system:serviceaccount:kube-system:aws-load-balancer-controller\"}},\"Effect\":\"Allow\",\"Principal\":{\"Federated\":\"arn:aws:iam::852312235001:oidc-provider/oidc.eks.us-east-1.amazonaws.com/id/52839B6C3B38F550EC33B5803BE65701\"}}],\"Version\":\"2012-10-17\"}",
            "create_date": "2024-03-14T12:48:26Z",
            "description": "",
            "force_detach_policies": true,
            "id": "aws-load-balancer-controller",
            "inline_policy": [],
            "managed_policy_arns": [
              "arn:aws:iam::852312235001:policy/AmazonEKS_AWS_Load_Balancer_Controller-20240314123827360500000002"
            ],
            "max_session_duration": 3600,
            "name": "aws-load-balancer-controller",
            "name_prefix": "",
            "path": "/",
            "permissions_boundary": "",
            "tags": {},
            "tags_all": {},
            "unique_id": "AROA4M4OETP4TFL75MNGU"
          },
          "sensitive_attributes": [],
          "private": "bnVsbA==",
          "dependencies": [
            "module.aws_load_balancer_controller_irsa_role.data.aws_caller_identity.current",
            "module.aws_load_balancer_controller_irsa_role.data.aws_iam_policy_document.this",
            "module.aws_load_balancer_controller_irsa_role.data.aws_partition.current",
            "module.eks.aws_cloudwatch_log_group.this",
            "module.eks.aws_eks_cluster.this",
            "module.eks.aws_iam_openid_connect_provider.oidc_provider",
            "module.eks.aws_iam_role.this",
            "module.eks.aws_iam_role_policy_attachment.this",
            "module.eks.aws_security_group.cluster",
            "module.eks.aws_security_group.node",
            "module.eks.aws_security_group_rule.cluster",
            "module.eks.aws_security_group_rule.node",
            "module.eks.data.aws_caller_identity.current",
            "module.eks.data.aws_iam_policy_document.assume_role_policy",
            "module.eks.data.aws_partition.current",
            "module.eks.data.tls_certificate.this",
            "module.eks.module.kms.aws_kms_external_key.this",
            "module.eks.module.kms.aws_kms_key.this",
            "module.eks.module.kms.data.aws_caller_identity.current",
            "module.eks.module.kms.data.aws_iam_policy_document.this",
            "module.eks.module.kms.data.aws_partition.current",
            "module.vpc.aws_subnet.private",
            "module.vpc.aws_vpc.this",
            "module.vpc.aws_vpc_ipv4_cidr_block_association.this"
          ]
        }
      ]
    },
    {
      "module": "module.aws_load_balancer_controller_irsa_role",
      "mode": "managed",
      "type": "aws_iam_role_policy_attachment",
      "name": "load_balancer_controller",
      "provider": "provider[\"registry.terraform.io/hashicorp/aws\"]",
      "instances": [
        {
          "index_key": 0,
          "schema_version": 0,
          "attributes": {
            "id": "aws-load-balancer-controller-20240314124828432500000020",
            "policy_arn": "arn:aws:iam::852312235001:policy/AmazonEKS_AWS_Load_Balancer_Controller-20240314123827360500000002",
            "role": "aws-load-balancer-controller"
          },
          "sensitive_attributes": [],
          "private": "bnVsbA==",
          "dependencies": [
            "module.aws_load_balancer_controller_irsa_role.aws_iam_policy.load_balancer_controller",
            "module.aws_load_balancer_controller_irsa_role.aws_iam_role.this",
            "module.aws_load_balancer_controller_irsa_role.data.aws_caller_identity.current",
            "module.aws_load_balancer_controller_irsa_role.data.aws_iam_policy_document.load_balancer_controller",
            "module.aws_load_balancer_controller_irsa_role.data.aws_iam_policy_document.this",
            "module.aws_load_balancer_controller_irsa_role.data.aws_partition.current",
            "module.eks.aws_cloudwatch_log_group.this",
            "module.eks.aws_eks_cluster.this",
            "module.eks.aws_iam_openid_connect_provider.oidc_provider",
            "module.eks.aws_iam_role.this",
            "module.eks.aws_iam_role_policy_attachment.this",
            "module.eks.aws_security_group.cluster",
            "module.eks.aws_security_group.node",
            "module.eks.aws_security_group_rule.cluster",
            "module.eks.aws_security_group_rule.node",
            "module.eks.data.aws_caller_identity.current",
            "module.eks.data.aws_iam_policy_document.assume_role_policy",
            "module.eks.data.aws_partition.current",
            "module.eks.data.tls_certificate.this",
            "module.eks.module.kms.aws_kms_external_key.this",
            "module.eks.module.kms.aws_kms_key.this",
            "module.eks.module.kms.data.aws_caller_identity.current",
            "module.eks.module.kms.data.aws_iam_policy_document.this",
            "module.eks.module.kms.data.aws_partition.current",
            "module.vpc.aws_subnet.private",
            "module.vpc.aws_vpc.this",
            "module.vpc.aws_vpc_ipv4_cidr_block_association.this"
          ]
        }
      ]
    },
    {
      "module": "module.cluster_autoscaler_irsa_role",
      "mode": "data",
      "type": "aws_caller_identity",
      "name": "current",
      "provider": "provider[\"registry.terraform.io/hashicorp/aws\"]",
      "instances": [
        {
          "schema_version": 0,
          "attributes": {
            "account_id": "852312235001",
            "arn": "arn:aws:iam::852312235001:user/snewhadeep.saha",
            "id": "852312235001",
            "user_id": "AIDA4M4OETP4SUK7FZCON"
          },
          "sensitive_attributes": []
        }
      ]
    },
    {
      "module": "module.cluster_autoscaler_irsa_role",
      "mode": "data",
      "type": "aws_iam_policy_document",
      "name": "cluster_autoscaler",
      "provider": "provider[\"registry.terraform.io/hashicorp/aws\"]",
      "instances": [
        {
          "index_key": 0,
          "schema_version": 0,
          "attributes": {
            "id": "1026042982",
            "json": "{\n  \"Version\": \"2012-10-17\",\n  \"Statement\": [\n    {\n      \"Effect\": \"Allow\",\n      \"Action\": [\n        \"eks:DescribeNodegroup\",\n        \"ec2:DescribeLaunchTemplateVersions\",\n        \"ec2:DescribeInstanceTypes\",\n        \"autoscaling:DescribeTags\",\n        \"autoscaling:DescribeScalingActivities\",\n        \"autoscaling:DescribeLaunchConfigurations\",\n        \"autoscaling:DescribeAutoScalingInstances\",\n        \"autoscaling:DescribeAutoScalingGroups\"\n      ],\n      \"Resource\": \"*\"\n    },\n    {\n      \"Effect\": \"Allow\",\n      \"Action\": [\n        \"autoscaling:UpdateAutoScalingGroup\",\n        \"autoscaling:TerminateInstanceInAutoScalingGroup\",\n        \"autoscaling:SetDesiredCapacity\"\n      ],\n      \"Resource\": \"*\",\n      \"Condition\": {\n        \"StringEquals\": {\n          \"autoscaling:ResourceTag/kubernetes.io/cluster/my-eks-cluster\": \"owned\"\n        }\n      }\n    }\n  ]\n}",
            "override_policy_documents": null,
            "policy_id": null,
            "source_policy_documents": null,
            "statement": [
              {
                "actions": [
                  "autoscaling:DescribeAutoScalingGroups",
                  "autoscaling:DescribeAutoScalingInstances",
                  "autoscaling:DescribeLaunchConfigurations",
                  "autoscaling:DescribeScalingActivities",
                  "autoscaling:DescribeTags",
                  "ec2:DescribeInstanceTypes",
                  "ec2:DescribeLaunchTemplateVersions",
                  "eks:DescribeNodegroup"
                ],
                "condition": [],
                "effect": "Allow",
                "not_actions": [],
                "not_principals": [],
                "not_resources": [],
                "principals": [],
                "resources": [
                  "*"
                ],
                "sid": ""
              },
              {
                "actions": [
                  "autoscaling:SetDesiredCapacity",
                  "autoscaling:TerminateInstanceInAutoScalingGroup",
                  "autoscaling:UpdateAutoScalingGroup"
                ],
                "condition": [
                  {
                    "test": "StringEquals",
                    "values": [
                      "owned"
                    ],
                    "variable": "autoscaling:ResourceTag/kubernetes.io/cluster/my-eks-cluster"
                  }
                ],
                "effect": "Allow",
                "not_actions": [],
                "not_principals": [],
                "not_resources": [],
                "principals": [],
                "resources": [
                  "*"
                ],
                "sid": ""
              }
            ],
            "version": "2012-10-17"
          },
          "sensitive_attributes": []
        }
      ]
    },
    {
      "module": "module.cluster_autoscaler_irsa_role",
      "mode": "data",
      "type": "aws_iam_policy_document",
      "name": "this",
      "provider": "provider[\"registry.terraform.io/hashicorp/aws\"]",
      "instances": [
        {
          "index_key": 0,
          "schema_version": 0,
          "attributes": {
            "id": "1316825482",
            "json": "{\n  \"Version\": \"2012-10-17\",\n  \"Statement\": [\n    {\n      \"Effect\": \"Allow\",\n      \"Action\": \"sts:AssumeRoleWithWebIdentity\",\n      \"Principal\": {\n        \"Federated\": \"arn:aws:iam::852312235001:oidc-provider/oidc.eks.us-east-1.amazonaws.com/id/52839B6C3B38F550EC33B5803BE65701\"\n      },\n      \"Condition\": {\n        \"StringEquals\": {\n          \"oidc.eks.us-east-1.amazonaws.com/id/52839B6C3B38F550EC33B5803BE65701:aud\": \"sts.amazonaws.com\",\n          \"oidc.eks.us-east-1.amazonaws.com/id/52839B6C3B38F550EC33B5803BE65701:sub\": \"system:serviceaccount:kube-system:cluster-autoscaler\"\n        }\n      }\n    }\n  ]\n}",
            "override_policy_documents": null,
            "policy_id": null,
            "source_policy_documents": null,
            "statement": [
              {
                "actions": [
                  "sts:AssumeRoleWithWebIdentity"
                ],
                "condition": [
                  {
                    "test": "StringEquals",
                    "values": [
                      "sts.amazonaws.com"
                    ],
                    "variable": "oidc.eks.us-east-1.amazonaws.com/id/52839B6C3B38F550EC33B5803BE65701:aud"
                  },
                  {
                    "test": "StringEquals",
                    "values": [
                      "system:serviceaccount:kube-system:cluster-autoscaler"
                    ],
                    "variable": "oidc.eks.us-east-1.amazonaws.com/id/52839B6C3B38F550EC33B5803BE65701:sub"
                  }
                ],
                "effect": "Allow",
                "not_actions": [],
                "not_principals": [],
                "not_resources": [],
                "principals": [
                  {
                    "identifiers": [
                      "arn:aws:iam::852312235001:oidc-provider/oidc.eks.us-east-1.amazonaws.com/id/52839B6C3B38F550EC33B5803BE65701"
                    ],
                    "type": "Federated"
                  }
                ],
                "resources": [],
                "sid": ""
              }
            ],
            "version": "2012-10-17"
          },
          "sensitive_attributes": []
        }
      ]
    },
    {
      "module": "module.cluster_autoscaler_irsa_role",
      "mode": "data",
      "type": "aws_partition",
      "name": "current",
      "provider": "provider[\"registry.terraform.io/hashicorp/aws\"]",
      "instances": [
        {
          "schema_version": 0,
          "attributes": {
            "dns_suffix": "amazonaws.com",
            "id": "aws",
            "partition": "aws",
            "reverse_dns_prefix": "com.amazonaws"
          },
          "sensitive_attributes": []
        }
      ]
    },
    {
      "module": "module.cluster_autoscaler_irsa_role",
      "mode": "managed",
      "type": "aws_iam_policy",
      "name": "cluster_autoscaler",
      "provider": "provider[\"registry.terraform.io/hashicorp/aws\"]",
      "instances": [
        {
          "index_key": 0,
          "schema_version": 0,
          "attributes": {
            "arn": "arn:aws:iam::852312235001:policy/AmazonEKS_Cluster_Autoscaler_Policy-2024031412482450160000001a",
            "description": "Cluster autoscaler policy to allow examination and modification of EC2 Auto Scaling Groups",
            "id": "arn:aws:iam::852312235001:policy/AmazonEKS_Cluster_Autoscaler_Policy-2024031412482450160000001a",
            "name": "AmazonEKS_Cluster_Autoscaler_Policy-2024031412482450160000001a",
            "name_prefix": "AmazonEKS_Cluster_Autoscaler_Policy-",
            "path": "/",
            "policy": "{\"Statement\":[{\"Action\":[\"eks:DescribeNodegroup\",\"ec2:DescribeLaunchTemplateVersions\",\"ec2:DescribeInstanceTypes\",\"autoscaling:DescribeTags\",\"autoscaling:DescribeScalingActivities\",\"autoscaling:DescribeLaunchConfigurations\",\"autoscaling:DescribeAutoScalingInstances\",\"autoscaling:DescribeAutoScalingGroups\"],\"Effect\":\"Allow\",\"Resource\":\"*\"},{\"Action\":[\"autoscaling:UpdateAutoScalingGroup\",\"autoscaling:TerminateInstanceInAutoScalingGroup\",\"autoscaling:SetDesiredCapacity\"],\"Condition\":{\"StringEquals\":{\"autoscaling:ResourceTag/kubernetes.io/cluster/my-eks-cluster\":\"owned\"}},\"Effect\":\"Allow\",\"Resource\":\"*\"}],\"Version\":\"2012-10-17\"}",
            "policy_id": "ANPA4M4OETP4SC5IMDJAK",
            "tags": {},
            "tags_all": {}
          },
          "sensitive_attributes": [],
          "private": "bnVsbA==",
          "dependencies": [
            "module.cluster_autoscaler_irsa_role.data.aws_iam_policy_document.cluster_autoscaler",
            "module.eks.aws_cloudwatch_log_group.this",
            "module.eks.aws_eks_cluster.this",
            "module.eks.aws_iam_role.this",
            "module.eks.aws_iam_role_policy_attachment.this",
            "module.eks.aws_security_group.cluster",
            "module.eks.aws_security_group.node",
            "module.eks.aws_security_group_rule.cluster",
            "module.eks.aws_security_group_rule.node",
            "module.eks.data.aws_caller_identity.current",
            "module.eks.data.aws_iam_policy_document.assume_role_policy",
            "module.eks.data.aws_partition.current",
            "module.eks.module.kms.aws_kms_external_key.this",
            "module.eks.module.kms.aws_kms_key.this",
            "module.eks.module.kms.data.aws_caller_identity.current",
            "module.eks.module.kms.data.aws_iam_policy_document.this",
            "module.eks.module.kms.data.aws_partition.current",
            "module.vpc.aws_subnet.private",
            "module.vpc.aws_vpc.this",
            "module.vpc.aws_vpc_ipv4_cidr_block_association.this"
          ]
        }
      ]
    },
    {
      "module": "module.cluster_autoscaler_irsa_role",
      "mode": "managed",
      "type": "aws_iam_role",
      "name": "this",
      "provider": "provider[\"registry.terraform.io/hashicorp/aws\"]",
      "instances": [
        {
          "index_key": 0,
          "schema_version": 0,
          "attributes": {
            "arn": "arn:aws:iam::852312235001:role/cluster-autoscaler",
            "assume_role_policy": "{\"Statement\":[{\"Action\":\"sts:AssumeRoleWithWebIdentity\",\"Condition\":{\"StringEquals\":{\"oidc.eks.us-east-1.amazonaws.com/id/52839B6C3B38F550EC33B5803BE65701:aud\":\"sts.amazonaws.com\",\"oidc.eks.us-east-1.amazonaws.com/id/52839B6C3B38F550EC33B5803BE65701:sub\":\"system:serviceaccount:kube-system:cluster-autoscaler\"}},\"Effect\":\"Allow\",\"Principal\":{\"Federated\":\"arn:aws:iam::852312235001:oidc-provider/oidc.eks.us-east-1.amazonaws.com/id/52839B6C3B38F550EC33B5803BE65701\"}}],\"Version\":\"2012-10-17\"}",
            "create_date": "2024-03-14T12:48:26Z",
            "description": "",
            "force_detach_policies": true,
            "id": "cluster-autoscaler",
            "inline_policy": [],
            "managed_policy_arns": [
              "arn:aws:iam::852312235001:policy/AmazonEKS_Cluster_Autoscaler_Policy-2024031412482450160000001a"
            ],
            "max_session_duration": 3600,
            "name": "cluster-autoscaler",
            "name_prefix": "",
            "path": "/",
            "permissions_boundary": "",
            "tags": {},
            "tags_all": {},
            "unique_id": "AROA4M4OETP4SHFJD7HJA"
          },
          "sensitive_attributes": [],
          "private": "bnVsbA==",
          "dependencies": [
            "module.cluster_autoscaler_irsa_role.data.aws_iam_policy_document.this",
            "module.eks.aws_cloudwatch_log_group.this",
            "module.eks.aws_eks_cluster.this",
            "module.eks.aws_iam_openid_connect_provider.oidc_provider",
            "module.eks.aws_iam_role.this",
            "module.eks.aws_iam_role_policy_attachment.this",
            "module.eks.aws_security_group.cluster",
            "module.eks.aws_security_group.node",
            "module.eks.aws_security_group_rule.cluster",
            "module.eks.aws_security_group_rule.node",
            "module.eks.data.aws_caller_identity.current",
            "module.eks.data.aws_iam_policy_document.assume_role_policy",
            "module.eks.data.aws_partition.current",
            "module.eks.data.tls_certificate.this",
            "module.eks.module.kms.aws_kms_external_key.this",
            "module.eks.module.kms.aws_kms_key.this",
            "module.eks.module.kms.data.aws_caller_identity.current",
            "module.eks.module.kms.data.aws_iam_policy_document.this",
            "module.eks.module.kms.data.aws_partition.current",
            "module.vpc.aws_subnet.private",
            "module.vpc.aws_vpc.this",
            "module.vpc.aws_vpc_ipv4_cidr_block_association.this"
          ]
        }
      ]
    },
    {
      "module": "module.cluster_autoscaler_irsa_role",
      "mode": "managed",
      "type": "aws_iam_role_policy_attachment",
      "name": "cluster_autoscaler",
      "provider": "provider[\"registry.terraform.io/hashicorp/aws\"]",
      "instances": [
        {
          "index_key": 0,
          "schema_version": 0,
          "attributes": {
            "id": "cluster-autoscaler-2024031412482838890000001f",
            "policy_arn": "arn:aws:iam::852312235001:policy/AmazonEKS_Cluster_Autoscaler_Policy-2024031412482450160000001a",
            "role": "cluster-autoscaler"
          },
          "sensitive_attributes": [],
          "private": "bnVsbA==",
          "dependencies": [
            "module.cluster_autoscaler_irsa_role.aws_iam_policy.cluster_autoscaler",
            "module.cluster_autoscaler_irsa_role.aws_iam_role.this",
            "module.cluster_autoscaler_irsa_role.data.aws_iam_policy_document.cluster_autoscaler",
            "module.cluster_autoscaler_irsa_role.data.aws_iam_policy_document.this",
            "module.eks.aws_cloudwatch_log_group.this",
            "module.eks.aws_eks_cluster.this",
            "module.eks.aws_iam_openid_connect_provider.oidc_provider",
            "module.eks.aws_iam_role.this",
            "module.eks.aws_iam_role_policy_attachment.this",
            "module.eks.aws_security_group.cluster",
            "module.eks.aws_security_group.node",
            "module.eks.aws_security_group_rule.cluster",
            "module.eks.aws_security_group_rule.node",
            "module.eks.data.aws_caller_identity.current",
            "module.eks.data.aws_iam_policy_document.assume_role_policy",
            "module.eks.data.aws_partition.current",
            "module.eks.data.tls_certificate.this",
            "module.eks.module.kms.aws_kms_external_key.this",
            "module.eks.module.kms.aws_kms_key.this",
            "module.eks.module.kms.data.aws_caller_identity.current",
            "module.eks.module.kms.data.aws_iam_policy_document.this",
            "module.eks.module.kms.data.aws_partition.current",
            "module.vpc.aws_subnet.private",
            "module.vpc.aws_vpc.this",
            "module.vpc.aws_vpc_ipv4_cidr_block_association.this"
          ]
        }
      ]
    },
    {
      "module": "module.eks",
      "mode": "data",
      "type": "aws_caller_identity",
      "name": "current",
      "provider": "provider[\"registry.terraform.io/hashicorp/aws\"]",
      "instances": [
        {
          "schema_version": 0,
          "attributes": {
            "account_id": "852312235001",
            "arn": "arn:aws:iam::852312235001:user/snewhadeep.saha",
            "id": "852312235001",
            "user_id": "AIDA4M4OETP4SUK7FZCON"
          },
          "sensitive_attributes": []
        }
      ]
    },
    {
      "module": "module.eks",
      "mode": "data",
      "type": "aws_iam_policy_document",
      "name": "assume_role_policy",
      "provider": "provider[\"registry.terraform.io/hashicorp/aws\"]",
      "instances": [
        {
          "index_key": 0,
          "schema_version": 0,
          "attributes": {
            "id": "2764486067",
            "json": "{\n  \"Version\": \"2012-10-17\",\n  \"Statement\": [\n    {\n      \"Sid\": \"EKSClusterAssumeRole\",\n      \"Effect\": \"Allow\",\n      \"Action\": \"sts:AssumeRole\",\n      \"Principal\": {\n        \"Service\": \"eks.amazonaws.com\"\n      }\n    }\n  ]\n}",
            "override_policy_documents": null,
            "policy_id": null,
            "source_policy_documents": null,
            "statement": [
              {
                "actions": [
                  "sts:AssumeRole"
                ],
                "condition": [],
                "effect": "Allow",
                "not_actions": [],
                "not_principals": [],
                "not_resources": [],
                "principals": [
                  {
                    "identifiers": [
                      "eks.amazonaws.com"
                    ],
                    "type": "Service"
                  }
                ],
                "resources": [],
                "sid": "EKSClusterAssumeRole"
              }
            ],
            "version": "2012-10-17"
          },
          "sensitive_attributes": []
        }
      ]
    },
    {
      "module": "module.eks",
      "mode": "data",
      "type": "aws_partition",
      "name": "current",
      "provider": "provider[\"registry.terraform.io/hashicorp/aws\"]",
      "instances": [
        {
          "schema_version": 0,
          "attributes": {
            "dns_suffix": "amazonaws.com",
            "id": "aws",
            "partition": "aws",
            "reverse_dns_prefix": "com.amazonaws"
          },
          "sensitive_attributes": []
        }
      ]
    },
    {
      "module": "module.eks",
      "mode": "data",
      "type": "tls_certificate",
      "name": "this",
      "provider": "provider[\"registry.terraform.io/hashicorp/tls\"]",
      "instances": [
        {
          "index_key": 0,
          "schema_version": 0,
          "attributes": {
            "certificates": [
              {
                "cert_pem": "-----BEGIN CERTIFICATE-----\nMIIEdTCCA12gAwIBAgIJAKcOSkw0grd/MA0GCSqGSIb3DQEBCwUAMGgxCzAJBgNV\nBAYTAlVTMSUwIwYDVQQKExxTdGFyZmllbGQgVGVjaG5vbG9naWVzLCBJbmMuMTIw\nMAYDVQQLEylTdGFyZmllbGQgQ2xhc3MgMiBDZXJ0aWZpY2F0aW9uIEF1dGhvcml0\neTAeFw0wOTA5MDIwMDAwMDBaFw0zNDA2MjgxNzM5MTZaMIGYMQswCQYDVQQGEwJV\nUzEQMA4GA1UECBMHQXJpem9uYTETMBEGA1UEBxMKU2NvdHRzZGFsZTElMCMGA1UE\nChMcU3RhcmZpZWxkIFRlY2hub2xvZ2llcywgSW5jLjE7MDkGA1UEAxMyU3RhcmZp\nZWxkIFNlcnZpY2VzIFJvb3QgQ2VydGlmaWNhdGUgQXV0aG9yaXR5IC0gRzIwggEi\nMA0GCSqGSIb3DQEBAQUAA4IBDwAwggEKAoIBAQDVDDrEKvlO4vW+GZdfjohTsR8/\ny8+fIBNtKTrID30892t2OGPZNmCom15cAICyL1l/9of5JUOG52kbUpqQ4XHj2C0N\nTm/2yEnZtvMaVq4rtnQU68/7JuMauh2WLmo7WJSJR1b/JaCTcFOD2oR0FMNnngRo\nOt+OQFodSk7PQ5E751bWAHDLUu57fa4657wx+UX2wmDPE1kCK4DMNEffud6QZW0C\nzyyRpqbn3oUYSXxmTqM6bam17jQuug0DuDPfR+uxa40l2ZvOgdFFRjKWcIfeAg5J\nQ4W2bHO7ZOphQazJ1FTfhy/HIrImzJ9ZVGif/L4qL8RVHHVAYBeFAlU5i38FAgMB\nAAGjgfAwge0wDwYDVR0TAQH/BAUwAwEB/zAOBgNVHQ8BAf8EBAMCAYYwHQYDVR0O\nBBYEFJxfAN+qAdcwKziIorhtSpzyEZGDMB8GA1UdIwQYMBaAFL9ft9HO3R+G9FtV\nrNzXEMIOqYjnME8GCCsGAQUFBwEBBEMwQTAcBggrBgEFBQcwAYYQaHR0cDovL28u\nc3MyLnVzLzAhBggrBgEFBQcwAoYVaHR0cDovL3guc3MyLnVzL3guY2VyMCYGA1Ud\nHwQfMB0wG6AZoBeGFWh0dHA6Ly9zLnNzMi51cy9yLmNybDARBgNVHSAECjAIMAYG\nBFUdIAAwDQYJKoZIhvcNAQELBQADggEBACMd44pXyn3pF3lM8R5V/cxTbj5HD9/G\nVfKyBDbtgB9TxF00KGu+x1X8Z+rLP3+QsjPNG1gQggL4+C/1E2DUBc7xgQjB3ad1\nl08YuW3e95ORCLp+QCztweq7dp4zBncdDQh/U90bZKuCJ/Fp1U1ervShw3WnWEQt\n8jxwmKy6abaVd38PMV4s/KCHOkdp8Hlf9BRUpJVeEXgSYCfOn8J3/yNTd126/+pZ\n59vPr5KW7ySaNRB6nJHGDn2Z9j8Z3/VyVOEVqQdZe4O/Ui5GjLIAZHYcSNPYeehu\nVsyuLAOQ1xk4meTKCRlb/weWsKh/NEnfVqn3sF/tM+2MR7cwA130A4w=\n-----END CERTIFICATE-----\n",
                "is_ca": true,
                "issuer": "OU=Starfield Class 2 Certification Authority,O=Starfield Technologies\\, Inc.,C=US",
                "not_after": "2034-06-28T17:39:16Z",
                "not_before": "2009-09-02T00:00:00Z",
                "public_key_algorithm": "RSA",
                "serial_number": "12037640545166866303",
                "sha1_fingerprint": "9e99a48a9960b14926bb7f3b02e22da2b0ab7280",
                "signature_algorithm": "SHA256-RSA",
                "subject": "CN=Starfield Services Root Certificate Authority - G2,O=Starfield Technologies\\, Inc.,L=Scottsdale,ST=Arizona,C=US",
                "version": 3
              },
              {
                "cert_pem": "-----BEGIN CERTIFICATE-----\nMIIEkjCCA3qgAwIBAgITBn+USionzfP6wq4rAfkI7rnExjANBgkqhkiG9w0BAQsF\nADCBmDELMAkGA1UEBhMCVVMxEDAOBgNVBAgTB0FyaXpvbmExEzARBgNVBAcTClNj\nb3R0c2RhbGUxJTAjBgNVBAoTHFN0YXJmaWVsZCBUZWNobm9sb2dpZXMsIEluYy4x\nOzA5BgNVBAMTMlN0YXJmaWVsZCBTZXJ2aWNlcyBSb290IENlcnRpZmljYXRlIEF1\ndGhvcml0eSAtIEcyMB4XDTE1MDUyNTEyMDAwMFoXDTM3MTIzMTAxMDAwMFowOTEL\nMAkGA1UEBhMCVVMxDzANBgNVBAoTBkFtYXpvbjEZMBcGA1UEAxMQQW1hem9uIFJv\nb3QgQ0EgMTCCASIwDQYJKoZIhvcNAQEBBQADggEPADCCAQoCggEBALJ4gHHKeNXj\nca9HgFB0fW7Y14h29Jlo91ghYPl0hAEvrAIthtOgQ3pOsqTQNroBvo3bSMgHFzZM\n9O6II8c+6zf1tRn4SWiw3te5djgdYZ6k/oI2peVKVuRF4fn9tBb6dNqcmzU5L/qw\nIFAGbHrQgLKm+a/sRxmPUDgH3KKHOVj4utWp+UhnMJbulHheb4mjUcAwhmahRWa6\nVOujw5H5SNz/0egwLX0tdHA114gk957EWW67c4cX8jJGKLhD+rcdqsq08p8kDi1L\n93FcXmn/6pUCyziKrlA4b9v7LWIbxcceVOF34GfID5yHI9Y/QCB/IIDEgEw+OyQm\njgSubJrIqg0CAwEAAaOCATEwggEtMA8GA1UdEwEB/wQFMAMBAf8wDgYDVR0PAQH/\nBAQDAgGGMB0GA1UdDgQWBBSEGMyFNOy8DJSULghZnMeyEE4KCDAfBgNVHSMEGDAW\ngBScXwDfqgHXMCs4iKK4bUqc8hGRgzB4BggrBgEFBQcBAQRsMGowLgYIKwYBBQUH\nMAGGImh0dHA6Ly9vY3NwLnJvb3RnMi5hbWF6b250cnVzdC5jb20wOAYIKwYBBQUH\nMAKGLGh0dHA6Ly9jcnQucm9vdGcyLmFtYXpvbnRydXN0LmNvbS9yb290ZzIuY2Vy\nMD0GA1UdHwQ2MDQwMqAwoC6GLGh0dHA6Ly9jcmwucm9vdGcyLmFtYXpvbnRydXN0\nLmNvbS9yb290ZzIuY3JsMBEGA1UdIAQKMAgwBgYEVR0gADANBgkqhkiG9w0BAQsF\nAAOCAQEAYjdCXLwQtT6LLOkMm2xF4gcAevnFWAu5CIw+7bMlPLVvUOTNNWqnkzSW\nMiGpSESrnO09tKpzbeR/FoCJbM8oAxiDR3mjEH4wW6w7sGDgd9QIpuEdfF7Au/ma\neyKdpwAJfqxGF4PcnCZXmTA5YpaP7dreqsXMGz7KQ2hsVxa81Q4gLv7/wmpdLqBK\nbRRYh5TmOTFffHPLkIhqhBGWJ6bt2YFGpn6jcgAKUj6DiAdjd4lpFw85hdKrCEVN\n0FE6/V1dN2RMfjCyVSRCnTawXZwXgWHxyvkQAiSr6w10kY17RSlQOYiypok1JR4U\nakcjMS9cmvqtmg5iUaQqqcT5NJ0hGA==\n-----END CERTIFICATE-----\n",
                "is_ca": true,
                "issuer": "CN=Starfield Services Root Certificate Authority - G2,O=Starfield Technologies\\, Inc.,L=Scottsdale,ST=Arizona,C=US",
                "not_after": "2037-12-31T01:00:00Z",
                "not_before": "2015-05-25T12:00:00Z",
                "public_key_algorithm": "RSA",
                "serial_number": "144918191876577076464031512351042010504348870",
                "sha1_fingerprint": "06b25927c42a721631c1efd9431e648fa62e1e39",
                "signature_algorithm": "SHA256-RSA",
                "subject": "CN=Amazon Root CA 1,O=Amazon,C=US",
                "version": 3
              },
              {
                "cert_pem": "-----BEGIN CERTIFICATE-----\nMIIEXjCCA0agAwIBAgITB3MSSkvL1E7HtTvq8ZSELToPoTANBgkqhkiG9w0BAQsF\nADA5MQswCQYDVQQGEwJVUzEPMA0GA1UEChMGQW1hem9uMRkwFwYDVQQDExBBbWF6\nb24gUm9vdCBDQSAxMB4XDTIyMDgyMzIyMjUzMFoXDTMwMDgyMzIyMjUzMFowPDEL\nMAkGA1UEBhMCVVMxDzANBgNVBAoTBkFtYXpvbjEcMBoGA1UEAxMTQW1hem9uIFJT\nQSAyMDQ4IE0wMjCCASIwDQYJKoZIhvcNAQEBBQADggEPADCCAQoCggEBALtDGMZa\nqHneKei1by6+pUPPLljTB143Si6VpEWPc6mSkFhZb/6qrkZyoHlQLbDYnI2D7hD0\nsdzEqfnuAjIsuXQLG3A8TvX6V3oFNBFVe8NlLJHvBseKY88saLwufxkZVwk74g4n\nWlNMXzla9Y5F3wwRHwMVH443xGz6UtGSZSqQ94eFx5X7Tlqt8whi8qCaKdZ5rNak\n+r9nUThOeClqFd4oXych//Rc7Y0eX1KNWHYSI1Nk31mYgiK3JvH063g+K9tHA63Z\neTgKgndlh+WI+zv7i44HepRZjA1FYwYZ9Vv/9UkC5Yz8/yU65fgjaE+wVHM4e/Yy\nC2osrPWE7gJ+dXMCAwEAAaOCAVowggFWMBIGA1UdEwEB/wQIMAYBAf8CAQAwDgYD\nVR0PAQH/BAQDAgGGMB0GA1UdJQQWMBQGCCsGAQUFBwMBBggrBgEFBQcDAjAdBgNV\nHQ4EFgQUwDFSzVpQw4J8dHHOy+mc+XrrguIwHwYDVR0jBBgwFoAUhBjMhTTsvAyU\nlC4IWZzHshBOCggwewYIKwYBBQUHAQEEbzBtMC8GCCsGAQUFBzABhiNodHRwOi8v\nb2NzcC5yb290Y2ExLmFtYXpvbnRydXN0LmNvbTA6BggrBgEFBQcwAoYuaHR0cDov\nL2NydC5yb290Y2ExLmFtYXpvbnRydXN0LmNvbS9yb290Y2ExLmNlcjA/BgNVHR8E\nODA2MDSgMqAwhi5odHRwOi8vY3JsLnJvb3RjYTEuYW1hem9udHJ1c3QuY29tL3Jv\nb3RjYTEuY3JsMBMGA1UdIAQMMAowCAYGZ4EMAQIBMA0GCSqGSIb3DQEBCwUAA4IB\nAQAtTi6Fs0Azfi+iwm7jrz+CSxHH+uHl7Law3MQSXVtR8RV53PtR6r/6gNpqlzdo\nZq4FKbADi1v9Bun8RY8D51uedRfjsbeodizeBB8nXmeyD33Ep7VATj4ozcd31YFV\nfgRhvTSxNrrTlNpWkUk0m3BMPv8sg381HhA6uEYokE5q9uws/3YkKqRiEz3TsaWm\nJqIRZhMbgAfp7O7FUwFIb7UIspogZSKxPIWJpxiPo3TcBambbVtQOcNRWz5qCQdD\nslI2yayq0n2TXoHyNCLEH8rpsJRVILFsg0jc7BaFrMnF462+ajSehgj12IidNeRN\n4zl+EoNaWdpnWndvSpAEkq2P\n-----END CERTIFICATE-----\n",
                "is_ca": true,
                "issuer": "CN=Amazon Root CA 1,O=Amazon,C=US",
                "not_after": "2030-08-23T22:25:30Z",
                "not_before": "2022-08-23T22:25:30Z",
                "public_key_algorithm": "RSA",
                "serial_number": "166129353110899469622597955040406457904926625",
                "sha1_fingerprint": "414a2060b738c635cc7fc243e052615592830c53",
                "signature_algorithm": "SHA256-RSA",
                "subject": "CN=Amazon RSA 2048 M02,O=Amazon,C=US",
                "version": 3
              },
              {
                "cert_pem": "-----BEGIN CERTIFICATE-----\nMIIF7DCCBNSgAwIBAgIQByOkjeOvl//8xMrhlZkruzANBgkqhkiG9w0BAQsFADA8\nMQswCQYDVQQGEwJVUzEPMA0GA1UEChMGQW1hem9uMRwwGgYDVQQDExNBbWF6b24g\nUlNBIDIwNDggTTAyMB4XDTIzMDUxMzAwMDAwMFoXDTI0MDYxMDIzNTk1OVowKzEp\nMCcGA1UEAxMgb2lkYy5la3MudXMtZWFzdC0xLmFtYXpvbmF3cy5jb20wggEiMA0G\nCSqGSIb3DQEBAQUAA4IBDwAwggEKAoIBAQClT+mO1HZk/Gp/3sS6BO8QDhG0yK53\nE11wkdlUn9HEomcqZ2VVhbEG4ahOZY5MLUqIQViMswUueYFov57zyGnPSnH0IrMu\nmL3/dqxEwP96VPm5ZgbjCfartRfJcuYmmMCoWxocMdTq09ECEjawt47i4FmOLJmH\n+UUnisQgHMvPHtCrfL1WYAgdN3ls4meIFkS1CVHLmoCG9MuponJu3+uqw9UHxPZz\nvGLezHUUSzLE0+b+1Wd6DAPJBZmCa+PBweaRfrlqhhgW+QHcCK7XxlfwMxvzwmdv\nicOBHF7SJM/o3opUvrUf/XJCtCDHuv0GQNxyCcpJImQJ4Ae0MtEihY/rAgMBAAGj\nggL5MIIC9TAfBgNVHSMEGDAWgBTAMVLNWlDDgnx0cc7L6Zz5euuC4jAdBgNVHQ4E\nFgQUeamiamg4o8YroTJziJnlxHJnDdEwKwYDVR0RBCQwIoIgb2lkYy5la3MudXMt\nZWFzdC0xLmFtYXpvbmF3cy5jb20wDgYDVR0PAQH/BAQDAgWgMB0GA1UdJQQWMBQG\nCCsGAQUFBwMBBggrBgEFBQcDAjA7BgNVHR8ENDAyMDCgLqAshipodHRwOi8vY3Js\nLnIybTAyLmFtYXpvbnRydXN0LmNvbS9yMm0wMi5jcmwwEwYDVR0gBAwwCjAIBgZn\ngQwBAgEwdQYIKwYBBQUHAQEEaTBnMC0GCCsGAQUFBzABhiFodHRwOi8vb2NzcC5y\nMm0wMi5hbWF6b250cnVzdC5jb20wNgYIKwYBBQUHMAKGKmh0dHA6Ly9jcnQucjJt\nMDIuYW1hem9udHJ1c3QuY29tL3IybTAyLmNlcjAMBgNVHRMBAf8EAjAAMIIBfgYK\nKwYBBAHWeQIEAgSCAW4EggFqAWgAdgDuzdBk1dsazsVct520zROiModGfLzs3sNR\nSFlGcR+1mwAAAYgTgMKgAAAEAwBHMEUCIHtTzRueHJdgA2Wq32YkXNXRJ1ZRD2uC\nQCn025Jin2hCAiEAlV/lCQaMq1JoBRlULDV7n9f/VS8+xyJSVgMFRFwFtzsAdgBI\nsONr2qZHNA/lagL6nTDrHFIBy1bdLIHZu7+rOdiEcwAAAYgTgMLXAAAEAwBHMEUC\nIAKsJE1jj4gpyaa2VgkbHFszMoco2rABil1iy2YvVzmTAiEAsuzpO1atz7WIx1CM\nMU9iMqq58yDpLhjQFktRuWamDlsAdgDatr9rP7W2Ip+bwrtca+hwkXFsu1GEhTS9\npD0wSNf7qwAAAYgTgMKjAAAEAwBHMEUCIHuwITeM92ncsbOvXgXPQjLHDLgReknJ\nTUoo4uIlPetJAiEApQ3W+NHlj6/RhckoAxGn4zE1alq+Y3Bk3JUFAvDrR78wDQYJ\nKoZIhvcNAQELBQADggEBAFNUUzuzuuDQMUvefHzllQPg/zbGNeDRZeOomSl1FrxS\nFJ0CA2vznfoTXAJLS2/aWlQT9mR3h6WlxI5XSUaLrzcZi94F+l6Ixn8DJUhfgf+O\nZUxtmBX91AEQ1ccU+Odj2ILrWdSs28J82ODoPlkJ6OqIYo+kEXrUwy8SM2N9iFJw\nHgZNOwzPQ2Ox/ozlRh6/6OUgYZ84j343BoDnNbTQijLBe6HL4pVw4nPKWrUQnTot\nxMymAcBknnb4X4TcmEoJ0CrB1H6FKfe8yASCLjwSC72Os9ADyADMZqTUSOH1V8Vh\nR3Zv4DlLItu8BHaE59teueLM9AW1PBFMci5JiYrgLEM=\n-----END CERTIFICATE-----\n",
                "is_ca": false,
                "issuer": "CN=Amazon RSA 2048 M02,O=Amazon,C=US",
                "not_after": "2024-06-10T23:59:59Z",
                "not_before": "2023-05-13T00:00:00Z",
                "public_key_algorithm": "RSA",
                "serial_number": "9489663917354420509896793514074254267",
                "sha1_fingerprint": "aaa68bb211d468db8a8a19561ccba2e4043dcc80",
                "signature_algorithm": "SHA256-RSA",
                "subject": "CN=oidc.eks.us-east-1.amazonaws.com",
                "version": 3
              }
            ],
            "content": null,
            "id": "5933588ce34e24e9fb40c3565fb0b5993639df67",
            "url": "https://oidc.eks.us-east-1.amazonaws.com/id/52839B6C3B38F550EC33B5803BE65701",
            "verify_chain": true
          },
          "sensitive_attributes": []
        }
      ]
    },
    {
      "module": "module.eks",
      "mode": "managed",
      "type": "aws_cloudwatch_log_group",
      "name": "this",
      "provider": "provider[\"registry.terraform.io/hashicorp/aws\"]",
      "instances": [
        {
          "index_key": 0,
          "schema_version": 0,
          "attributes": {
            "arn": "arn:aws:logs:us-east-1:852312235001:log-group:/aws/eks/my-eks-cluster/cluster",
            "id": "/aws/eks/my-eks-cluster/cluster",
            "kms_key_id": "",
            "log_group_class": "STANDARD",
            "name": "/aws/eks/my-eks-cluster/cluster",
            "name_prefix": "",
            "retention_in_days": 90,
            "skip_destroy": false,
            "tags": {
              "Environment": "dev"
            },
            "tags_all": {
              "Environment": "dev"
            }
          },
          "sensitive_attributes": [],
          "private": "bnVsbA==",
          "create_before_destroy": true
        }
      ]
    },
    {
      "module": "module.eks",
      "mode": "managed",
      "type": "aws_ec2_tag",
      "name": "cluster_primary_security_group",
      "provider": "provider[\"registry.terraform.io/hashicorp/aws\"]",
      "instances": [
        {
          "index_key": "Environment",
          "schema_version": 0,
          "attributes": {
            "id": "sg-0085d06dd9edd98a9,Environment",
            "key": "Environment",
            "resource_id": "sg-0085d06dd9edd98a9",
            "value": "dev"
          },
          "sensitive_attributes": [],
          "private": "bnVsbA==",
          "dependencies": [
            "module.eks.aws_cloudwatch_log_group.this",
            "module.eks.aws_eks_cluster.this",
            "module.eks.aws_iam_role.this",
            "module.eks.aws_iam_role_policy_attachment.this",
            "module.eks.aws_security_group.cluster",
            "module.eks.aws_security_group.node",
            "module.eks.aws_security_group_rule.cluster",
            "module.eks.aws_security_group_rule.node",
            "module.eks.data.aws_caller_identity.current",
            "module.eks.data.aws_iam_policy_document.assume_role_policy",
            "module.eks.data.aws_partition.current",
            "module.eks.module.kms.aws_kms_external_key.this",
            "module.eks.module.kms.aws_kms_key.this",
            "module.eks.module.kms.data.aws_caller_identity.current",
            "module.eks.module.kms.data.aws_iam_policy_document.this",
            "module.eks.module.kms.data.aws_partition.current",
            "module.vpc.aws_subnet.private",
            "module.vpc.aws_vpc.this",
            "module.vpc.aws_vpc_ipv4_cidr_block_association.this"
          ]
        }
      ]
    },
    {
      "module": "module.eks",
      "mode": "managed",
      "type": "aws_eks_cluster",
      "name": "this",
      "provider": "provider[\"registry.terraform.io/hashicorp/aws\"]",
      "instances": [
        {
          "index_key": 0,
          "schema_version": 0,
          "attributes": {
            "access_config": [
              {
                "authentication_mode": "CONFIG_MAP",
                "bootstrap_cluster_creator_admin_permissions": false
              }
            ],
            "arn": "arn:aws:eks:us-east-1:852312235001:cluster/my-eks-cluster",
            "certificate_authority": [
              {
                "data": "LS0tLS1CRUdJTiBDRVJUSUZJQ0FURS0tLS0tCk1JSURCVENDQWUyZ0F3SUJBZ0lJY0pzQkRoMitJQjB3RFFZSktvWklodmNOQVFFTEJRQXdGVEVUTUJFR0ExVUUKQXhNS2EzVmlaWEp1WlhSbGN6QWVGdzB5TkRBek1UUXhNak00TXpaYUZ3MHpOREF6TVRJeE1qUXpNelphTUJVeApFekFSQmdOVkJBTVRDbXQxWW1WeWJtVjBaWE13Z2dFaU1BMEdDU3FHU0liM0RRRUJBUVVBQTRJQkR3QXdnZ0VLCkFvSUJBUURISUR3ckU0QmJaQTF6V1c3SDIzcXJiMTE5UkdvWmNtNDBaOExsUHdjU2k4clIvTzNxakNIdnVKU0YKL2M2N0s1ektvMkQ0eTg5TUdjZlVlNVBEYWw4MVhzam5xVXlVWk96K01zc3hXVlozejE5K0JqQ1EweEljS01ZWgoyczdmc3A1azczd1psREJHbmxUOFdRWkwvUXBIbllUSC83MlVpWTFLaDIwOVo3M0hhZ3NIaHFHMDkwRmpoYStzCnlnRUJZWXNVTWMyaTkyMmQyb3E2cTF6N0wydEFmWHhKUUJNMHhrN2s1TUttTUJVd214ZytIdUp1SEtRdnpoRmsKeDhGUXI1d2p1UWF2bWNIYUxWcVNGN0w2Y2xUaVJzZmNrUlhmNmdIRlhxRHdPWkxyWW1ualFVR3RZYXlFYVI1MgppcFd3Q3hxb2piczkyeFFnK0sycjFCV0ZLNFpyQWdNQkFBR2pXVEJYTUE0R0ExVWREd0VCL3dRRUF3SUNwREFQCkJnTlZIUk1CQWY4RUJUQURBUUgvTUIwR0ExVWREZ1FXQkJSK1FDSjBWMHlWeEtBSmpNT1A4aXhwdEJhRGRqQVYKQmdOVkhSRUVEakFNZ2dwcmRXSmxjbTVsZEdWek1BMEdDU3FHU0liM0RRRUJDd1VBQTRJQkFRQWdMRlhLLzl0WQpzZTluWlg0Q1BpRHZpQVhPcDJDaWdLMWExMUJ4c3NzTGVrU1hYcEltbk5oUkEzcDFodmMxYldGT1ZZUzNmdTEyCi95Z1o1bkdzd2luanh3Qnd0cXIvRGZEU3BiOElTRHVGSnlLM0c2YjlYYkVKVjdkUzcvMlBwRXFQR0xrNGhOUkcKVjJmcFFOMHBNU0pTWmFUd09DYUFXWGRHK2FaZFRmaHJ2TWVPcGlROFpmSU50YUlKVENHQTFQY3R2L2p3alFONgo0L1RXSFZ1K3czdjNET0RrcGJUN3JSLytjNFRETWVPSjk0UUJ5a1hZV244YXRzNXA2WXZmOWFiMW5CKzBrSGYwClBSSHYzV3QwTkYzUTNqYVFGdkZOUWlNdHFzNU5rVzRzQU9ESitwR3UvOHVCQU9lUWlFSVhDanhld2NiQWwvVHQKcFVhd3orUi9meWRFCi0tLS0tRU5EIENFUlRJRklDQVRFLS0tLS0K"
              }
            ],
            "cluster_id": null,
            "created_at": "2024-03-14 12:39:05.58 +0000 UTC",
            "enabled_cluster_log_types": [
              "api",
              "audit",
              "authenticator"
            ],
            "encryption_config": [],
            "endpoint": "https://52839B6C3B38F550EC33B5803BE65701.gr7.us-east-1.eks.amazonaws.com",
            "id": "my-eks-cluster",
            "identity": [
              {
                "oidc": [
                  {
                    "issuer": "https://oidc.eks.us-east-1.amazonaws.com/id/52839B6C3B38F550EC33B5803BE65701"
                  }
                ]
              }
            ],
            "kubernetes_network_config": [
              {
                "ip_family": "ipv4",
                "service_ipv4_cidr": "172.20.0.0/16",
                "service_ipv6_cidr": ""
              }
            ],
            "name": "my-eks-cluster",
            "outpost_config": [],
            "platform_version": "eks.15",
            "role_arn": "arn:aws:iam::852312235001:role/my-eks-cluster-cluster-20240314123829782200000004",
            "status": "ACTIVE",
            "tags": {
              "Environment": "dev"
            },
            "tags_all": {
              "Environment": "dev"
            },
            "timeouts": {
              "create": null,
              "delete": null,
              "update": null
            },
            "version": "1.25",
            "vpc_config": [
              {
                "cluster_security_group_id": "sg-0085d06dd9edd98a9",
                "endpoint_private_access": true,
                "endpoint_public_access": true,
                "public_access_cidrs": [
                  "0.0.0.0/0"
                ],
                "security_group_ids": [
                  "sg-0eef7b9bfe93a6bf1"
                ],
                "subnet_ids": [
                  "subnet-0204908893f489429",
                  "subnet-09bc423ef8b7165aa"
                ],
                "vpc_id": "vpc-0680979fd1bca1c4d"
              }
            ]
          },
          "sensitive_attributes": [],
          "private": "eyJlMmJmYjczMC1lY2FhLTExZTYtOGY4OC0zNDM2M2JjN2M0YzAiOnsiY3JlYXRlIjoxODAwMDAwMDAwMDAwLCJkZWxldGUiOjkwMDAwMDAwMDAwMCwidXBkYXRlIjozNjAwMDAwMDAwMDAwfX0=",
          "dependencies": [
            "module.eks.aws_cloudwatch_log_group.this",
            "module.eks.aws_iam_role.this",
            "module.eks.aws_iam_role_policy_attachment.this",
            "module.eks.aws_security_group.cluster",
            "module.eks.aws_security_group.node",
            "module.eks.aws_security_group_rule.cluster",
            "module.eks.aws_security_group_rule.node",
            "module.eks.data.aws_caller_identity.current",
            "module.eks.data.aws_iam_policy_document.assume_role_policy",
            "module.eks.data.aws_partition.current",
            "module.eks.module.kms.aws_kms_external_key.this",
            "module.eks.module.kms.aws_kms_key.this",
            "module.eks.module.kms.data.aws_caller_identity.current",
            "module.eks.module.kms.data.aws_iam_policy_document.this",
            "module.eks.module.kms.data.aws_partition.current",
            "module.vpc.aws_subnet.private",
            "module.vpc.aws_vpc.this",
            "module.vpc.aws_vpc_ipv4_cidr_block_association.this"
          ],
          "create_before_destroy": true
        }
      ]
    },
    {
      "module": "module.eks",
      "mode": "managed",
      "type": "aws_iam_openid_connect_provider",
      "name": "oidc_provider",
      "provider": "provider[\"registry.terraform.io/hashicorp/aws\"]",
      "instances": [
        {
          "index_key": 0,
          "schema_version": 0,
          "attributes": {
            "arn": "arn:aws:iam::852312235001:oidc-provider/oidc.eks.us-east-1.amazonaws.com/id/52839B6C3B38F550EC33B5803BE65701",
            "client_id_list": [
              "sts.amazonaws.com"
            ],
            "id": "arn:aws:iam::852312235001:oidc-provider/oidc.eks.us-east-1.amazonaws.com/id/52839B6C3B38F550EC33B5803BE65701",
            "tags": {
              "Environment": "dev",
              "Name": "my-eks-cluster-eks-irsa"
            },
            "tags_all": {
              "Environment": "dev",
              "Name": "my-eks-cluster-eks-irsa"
            },
            "thumbprint_list": [
              "9e99a48a9960b14926bb7f3b02e22da2b0ab7280"
            ],
            "url": "oidc.eks.us-east-1.amazonaws.com/id/52839B6C3B38F550EC33B5803BE65701"
          },
          "sensitive_attributes": [],
          "private": "bnVsbA==",
          "dependencies": [
            "module.eks.aws_cloudwatch_log_group.this",
            "module.eks.aws_eks_cluster.this",
            "module.eks.aws_iam_role.this",
            "module.eks.aws_iam_role_policy_attachment.this",
            "module.eks.aws_security_group.cluster",
            "module.eks.aws_security_group.node",
            "module.eks.aws_security_group_rule.cluster",
            "module.eks.aws_security_group_rule.node",
            "module.eks.data.aws_caller_identity.current",
            "module.eks.data.aws_iam_policy_document.assume_role_policy",
            "module.eks.data.aws_partition.current",
            "module.eks.data.tls_certificate.this",
            "module.eks.module.kms.aws_kms_external_key.this",
            "module.eks.module.kms.aws_kms_key.this",
            "module.eks.module.kms.data.aws_caller_identity.current",
            "module.eks.module.kms.data.aws_iam_policy_document.this",
            "module.eks.module.kms.data.aws_partition.current",
            "module.vpc.aws_subnet.private",
            "module.vpc.aws_vpc.this",
            "module.vpc.aws_vpc_ipv4_cidr_block_association.this"
          ]
        }
      ]
    },
    {
      "module": "module.eks",
      "mode": "managed",
      "type": "aws_iam_role",
      "name": "this",
      "provider": "provider[\"registry.terraform.io/hashicorp/aws\"]",
      "instances": [
        {
          "index_key": 0,
          "schema_version": 0,
          "attributes": {
            "arn": "arn:aws:iam::852312235001:role/my-eks-cluster-cluster-20240314123829782200000004",
            "assume_role_policy": "{\"Statement\":[{\"Action\":\"sts:AssumeRole\",\"Effect\":\"Allow\",\"Principal\":{\"Service\":\"eks.amazonaws.com\"},\"Sid\":\"EKSClusterAssumeRole\"}],\"Version\":\"2012-10-17\"}",
            "create_date": "2024-03-14T12:38:29Z",
            "description": "",
            "force_detach_policies": true,
            "id": "my-eks-cluster-cluster-20240314123829782200000004",
            "inline_policy": [
              {
                "name": "my-eks-cluster-cluster",
                "policy": "{\"Version\":\"2012-10-17\",\"Statement\":[{\"Action\":[\"logs:CreateLogGroup\"],\"Effect\":\"Deny\",\"Resource\":\"arn:aws:logs:us-east-1:852312235001:log-group:/aws/eks/my-eks-cluster/cluster\"}]}"
              }
            ],
            "managed_policy_arns": [
              "arn:aws:iam::aws:policy/AmazonEKSClusterPolicy",
              "arn:aws:iam::aws:policy/AmazonEKSVPCResourceController"
            ],
            "max_session_duration": 3600,
            "name": "my-eks-cluster-cluster-20240314123829782200000004",
            "name_prefix": "my-eks-cluster-cluster-",
            "path": "/",
            "permissions_boundary": "",
            "tags": {
              "Environment": "dev"
            },
            "tags_all": {
              "Environment": "dev"
            },
            "unique_id": "AROA4M4OETP44JZHP5H5G"
          },
          "sensitive_attributes": [],
          "private": "bnVsbA==",
          "dependencies": [
            "module.eks.aws_cloudwatch_log_group.this",
            "module.eks.data.aws_iam_policy_document.assume_role_policy",
            "module.eks.data.aws_partition.current"
          ],
          "create_before_destroy": true
        }
      ]
    },
    {
      "module": "module.eks",
      "mode": "managed",
      "type": "aws_iam_role_policy_attachment",
      "name": "this",
      "provider": "provider[\"registry.terraform.io/hashicorp/aws\"]",
      "instances": [
        {
          "index_key": "arn:aws:iam::aws:policy/AmazonEKSClusterPolicy",
          "schema_version": 0,
          "attributes": {
            "id": "my-eks-cluster-cluster-20240314123829782200000004-2024031412383210170000000b",
            "policy_arn": "arn:aws:iam::aws:policy/AmazonEKSClusterPolicy",
            "role": "my-eks-cluster-cluster-20240314123829782200000004"
          },
          "sensitive_attributes": [],
          "private": "bnVsbA==",
          "dependencies": [
            "module.eks.aws_cloudwatch_log_group.this",
            "module.eks.aws_iam_role.this",
            "module.eks.data.aws_iam_policy_document.assume_role_policy",
            "module.eks.data.aws_partition.current"
          ],
          "create_before_destroy": true
        },
        {
          "index_key": "arn:aws:iam::aws:policy/AmazonEKSVPCResourceController",
          "schema_version": 0,
          "attributes": {
            "id": "my-eks-cluster-cluster-20240314123829782200000004-2024031412383210580000000c",
            "policy_arn": "arn:aws:iam::aws:policy/AmazonEKSVPCResourceController",
            "role": "my-eks-cluster-cluster-20240314123829782200000004"
          },
          "sensitive_attributes": [],
          "private": "bnVsbA==",
          "dependencies": [
            "module.eks.aws_cloudwatch_log_group.this",
            "module.eks.aws_iam_role.this",
            "module.eks.data.aws_iam_policy_document.assume_role_policy",
            "module.eks.data.aws_partition.current"
          ],
          "create_before_destroy": true
        }
      ]
    },
    {
      "module": "module.eks",
      "mode": "managed",
      "type": "aws_security_group",
      "name": "cluster",
      "provider": "provider[\"registry.terraform.io/hashicorp/aws\"]",
      "instances": [
        {
          "index_key": 0,
          "schema_version": 1,
          "attributes": {
            "arn": "arn:aws:ec2:us-east-1:852312235001:security-group/sg-0eef7b9bfe93a6bf1",
            "description": "EKS cluster security group",
            "egress": [
              {
                "cidr_blocks": [],
                "description": "Cluster API to node groups",
                "from_port": 443,
                "ipv6_cidr_blocks": [],
                "prefix_list_ids": [],
                "protocol": "tcp",
                "security_groups": [
                  "sg-0c72fe4dffcebe0f9"
                ],
                "self": false,
                "to_port": 443
              },
              {
                "cidr_blocks": [],
                "description": "Cluster API to node kubelets",
                "from_port": 10250,
                "ipv6_cidr_blocks": [],
                "prefix_list_ids": [],
                "protocol": "tcp",
                "security_groups": [
                  "sg-0c72fe4dffcebe0f9"
                ],
                "self": false,
                "to_port": 10250
              }
            ],
            "id": "sg-0eef7b9bfe93a6bf1",
            "ingress": [
              {
                "cidr_blocks": [],
                "description": "Node groups to cluster API",
                "from_port": 443,
                "ipv6_cidr_blocks": [],
                "prefix_list_ids": [],
                "protocol": "tcp",
                "security_groups": [
                  "sg-0c72fe4dffcebe0f9"
                ],
                "self": false,
                "to_port": 443
              }
            ],
            "name": "my-eks-cluster-cluster-2024031412384548320000000f",
            "name_prefix": "my-eks-cluster-cluster-",
            "owner_id": "852312235001",
            "revoke_rules_on_delete": false,
            "tags": {
              "Environment": "dev",
              "Name": "my-eks-cluster-cluster"
            },
            "tags_all": {
              "Environment": "dev",
              "Name": "my-eks-cluster-cluster"
            },
            "timeouts": null,
            "vpc_id": "vpc-0680979fd1bca1c4d"
          },
          "sensitive_attributes": [],
          "private": "eyJlMmJmYjczMC1lY2FhLTExZTYtOGY4OC0zNDM2M2JjN2M0YzAiOnsiY3JlYXRlIjo2MDAwMDAwMDAwMDAsImRlbGV0ZSI6OTAwMDAwMDAwMDAwfSwic2NoZW1hX3ZlcnNpb24iOiIxIn0=",
          "dependencies": [
            "module.vpc.aws_vpc.this"
          ],
          "create_before_destroy": true
        }
      ]
    },
    {
      "module": "module.eks",
      "mode": "managed",
      "type": "aws_security_group",
      "name": "node",
      "provider": "provider[\"registry.terraform.io/hashicorp/aws\"]",
      "instances": [
        {
          "index_key": 0,
          "schema_version": 1,
          "attributes": {
            "arn": "arn:aws:ec2:us-east-1:852312235001:security-group/sg-0c72fe4dffcebe0f9",
            "description": "EKS node shared security group",
            "egress": [
              {
                "cidr_blocks": [
                  "0.0.0.0/0"
                ],
                "description": "Egress NTP/TCP to internet",
                "from_port": 123,
                "ipv6_cidr_blocks": [],
                "prefix_list_ids": [],
                "protocol": "tcp",
                "security_groups": [],
                "self": false,
                "to_port": 123
              },
              {
                "cidr_blocks": [
                  "0.0.0.0/0"
                ],
                "description": "Egress NTP/UDP to internet",
                "from_port": 123,
                "ipv6_cidr_blocks": [],
                "prefix_list_ids": [],
                "protocol": "udp",
                "security_groups": [],
                "self": false,
                "to_port": 123
              },
              {
                "cidr_blocks": [
                  "0.0.0.0/0"
                ],
                "description": "Egress all HTTPS to internet",
                "from_port": 443,
                "ipv6_cidr_blocks": [],
                "prefix_list_ids": [],
                "protocol": "tcp",
                "security_groups": [],
                "self": false,
                "to_port": 443
              },
              {
                "cidr_blocks": [],
                "description": "Node groups to cluster API",
                "from_port": 443,
                "ipv6_cidr_blocks": [],
                "prefix_list_ids": [],
                "protocol": "tcp",
                "security_groups": [
                  "sg-0eef7b9bfe93a6bf1"
                ],
                "self": false,
                "to_port": 443
              },
              {
                "cidr_blocks": [],
                "description": "Node to node CoreDNS",
                "from_port": 53,
                "ipv6_cidr_blocks": [],
                "prefix_list_ids": [],
                "protocol": "tcp",
                "security_groups": [],
                "self": true,
                "to_port": 53
              },
              {
                "cidr_blocks": [],
                "description": "Node to node CoreDNS",
                "from_port": 53,
                "ipv6_cidr_blocks": [],
                "prefix_list_ids": [],
                "protocol": "udp",
                "security_groups": [],
                "self": true,
                "to_port": 53
              }
            ],
            "id": "sg-0c72fe4dffcebe0f9",
            "ingress": [
              {
                "cidr_blocks": [],
                "description": "Allow access from control plane to webhook port of AWS load balancer controller",
                "from_port": 9443,
                "ipv6_cidr_blocks": [],
                "prefix_list_ids": [],
                "protocol": "tcp",
                "security_groups": [
                  "sg-0eef7b9bfe93a6bf1"
                ],
                "self": false,
                "to_port": 9443
              },
              {
                "cidr_blocks": [],
                "description": "Cluster API to node groups",
                "from_port": 443,
                "ipv6_cidr_blocks": [],
                "prefix_list_ids": [],
                "protocol": "tcp",
                "security_groups": [
                  "sg-0eef7b9bfe93a6bf1"
                ],
                "self": false,
                "to_port": 443
              },
              {
                "cidr_blocks": [],
                "description": "Cluster API to node kubelets",
                "from_port": 10250,
                "ipv6_cidr_blocks": [],
                "prefix_list_ids": [],
                "protocol": "tcp",
                "security_groups": [
                  "sg-0eef7b9bfe93a6bf1"
                ],
                "self": false,
                "to_port": 10250
              },
              {
                "cidr_blocks": [],
                "description": "Node to node CoreDNS",
                "from_port": 53,
                "ipv6_cidr_blocks": [],
                "prefix_list_ids": [],
                "protocol": "tcp",
                "security_groups": [],
                "self": true,
                "to_port": 53
              },
              {
                "cidr_blocks": [],
                "description": "Node to node CoreDNS",
                "from_port": 53,
                "ipv6_cidr_blocks": [],
                "prefix_list_ids": [],
                "protocol": "udp",
                "security_groups": [],
                "self": true,
                "to_port": 53
              }
            ],
            "name": "my-eks-cluster-node-2024031412384317340000000e",
            "name_prefix": "my-eks-cluster-node-",
            "owner_id": "852312235001",
            "revoke_rules_on_delete": false,
            "tags": {
              "Environment": "dev",
              "Name": "my-eks-cluster-node",
              "kubernetes.io/cluster/my-eks-cluster": "owned"
            },
            "tags_all": {
              "Environment": "dev",
              "Name": "my-eks-cluster-node",
              "kubernetes.io/cluster/my-eks-cluster": "owned"
            },
            "timeouts": null,
            "vpc_id": "vpc-0680979fd1bca1c4d"
          },
          "sensitive_attributes": [],
          "private": "eyJlMmJmYjczMC1lY2FhLTExZTYtOGY4OC0zNDM2M2JjN2M0YzAiOnsiY3JlYXRlIjo2MDAwMDAwMDAwMDAsImRlbGV0ZSI6OTAwMDAwMDAwMDAwfSwic2NoZW1hX3ZlcnNpb24iOiIxIn0=",
          "dependencies": [
            "module.vpc.aws_vpc.this"
          ],
          "create_before_destroy": true
        }
      ]
    },
    {
      "module": "module.eks",
      "mode": "managed",
      "type": "aws_security_group_rule",
      "name": "cluster",
      "provider": "provider[\"registry.terraform.io/hashicorp/aws\"]",
      "instances": [
        {
          "index_key": "egress_nodes_443",
          "schema_version": 2,
          "attributes": {
            "cidr_blocks": null,
            "description": "Cluster API to node groups",
            "from_port": 443,
            "id": "sgrule-3921999236",
            "ipv6_cidr_blocks": null,
            "prefix_list_ids": [],
            "protocol": "tcp",
            "security_group_id": "sg-0eef7b9bfe93a6bf1",
            "security_group_rule_id": "sgr-01c906763c291dedc",
            "self": false,
            "source_security_group_id": "sg-0c72fe4dffcebe0f9",
            "timeouts": null,
            "to_port": 443,
            "type": "egress"
          },
          "sensitive_attributes": [],
          "private": "eyJlMmJmYjczMC1lY2FhLTExZTYtOGY4OC0zNDM2M2JjN2M0YzAiOnsiY3JlYXRlIjozMDAwMDAwMDAwMDB9LCJzY2hlbWFfdmVyc2lvbiI6IjIifQ==",
          "dependencies": [
            "module.eks.aws_security_group.cluster",
            "module.eks.aws_security_group.node",
            "module.vpc.aws_vpc.this"
          ],
          "create_before_destroy": true
        },
        {
          "index_key": "egress_nodes_kubelet",
          "schema_version": 2,
          "attributes": {
            "cidr_blocks": null,
            "description": "Cluster API to node kubelets",
            "from_port": 10250,
            "id": "sgrule-256834977",
            "ipv6_cidr_blocks": null,
            "prefix_list_ids": [],
            "protocol": "tcp",
            "security_group_id": "sg-0eef7b9bfe93a6bf1",
            "security_group_rule_id": "sgr-0717db8913acb9e03",
            "self": false,
            "source_security_group_id": "sg-0c72fe4dffcebe0f9",
            "timeouts": null,
            "to_port": 10250,
            "type": "egress"
          },
          "sensitive_attributes": [],
          "private": "eyJlMmJmYjczMC1lY2FhLTExZTYtOGY4OC0zNDM2M2JjN2M0YzAiOnsiY3JlYXRlIjozMDAwMDAwMDAwMDB9LCJzY2hlbWFfdmVyc2lvbiI6IjIifQ==",
          "dependencies": [
            "module.eks.aws_security_group.cluster",
            "module.eks.aws_security_group.node",
            "module.vpc.aws_vpc.this"
          ],
          "create_before_destroy": true
        },
        {
          "index_key": "ingress_nodes_443",
          "schema_version": 2,
          "attributes": {
            "cidr_blocks": null,
            "description": "Node groups to cluster API",
            "from_port": 443,
            "id": "sgrule-3306250381",
            "ipv6_cidr_blocks": null,
            "prefix_list_ids": [],
            "protocol": "tcp",
            "security_group_id": "sg-0eef7b9bfe93a6bf1",
            "security_group_rule_id": "sgr-01c906763c291dedc",
            "self": false,
            "source_security_group_id": "sg-0c72fe4dffcebe0f9",
            "timeouts": null,
            "to_port": 443,
            "type": "ingress"
          },
          "sensitive_attributes": [],
          "private": "eyJlMmJmYjczMC1lY2FhLTExZTYtOGY4OC0zNDM2M2JjN2M0YzAiOnsiY3JlYXRlIjozMDAwMDAwMDAwMDB9LCJzY2hlbWFfdmVyc2lvbiI6IjIifQ==",
          "dependencies": [
            "module.eks.aws_security_group.cluster",
            "module.eks.aws_security_group.node",
            "module.vpc.aws_vpc.this"
          ],
          "create_before_destroy": true
        }
      ]
    },
    {
      "module": "module.eks",
      "mode": "managed",
      "type": "aws_security_group_rule",
      "name": "node",
      "provider": "provider[\"registry.terraform.io/hashicorp/aws\"]",
      "instances": [
        {
          "index_key": "egress_cluster_443",
          "schema_version": 2,
          "attributes": {
            "cidr_blocks": null,
            "description": "Node groups to cluster API",
            "from_port": 443,
            "id": "sgrule-2551507213",
            "ipv6_cidr_blocks": null,
            "prefix_list_ids": [],
            "protocol": "tcp",
            "security_group_id": "sg-0c72fe4dffcebe0f9",
            "security_group_rule_id": "sgr-02c34f99dd4ce38d2",
            "self": false,
            "source_security_group_id": "sg-0eef7b9bfe93a6bf1",
            "timeouts": null,
            "to_port": 443,
            "type": "egress"
          },
          "sensitive_attributes": [],
          "private": "eyJlMmJmYjczMC1lY2FhLTExZTYtOGY4OC0zNDM2M2JjN2M0YzAiOnsiY3JlYXRlIjozMDAwMDAwMDAwMDB9LCJzY2hlbWFfdmVyc2lvbiI6IjIifQ==",
          "dependencies": [
            "module.eks.aws_security_group.cluster",
            "module.eks.aws_security_group.node",
            "module.vpc.aws_vpc.this"
          ],
          "create_before_destroy": true
        },
        {
          "index_key": "egress_https",
          "schema_version": 2,
          "attributes": {
            "cidr_blocks": [
              "0.0.0.0/0"
            ],
            "description": "Egress all HTTPS to internet",
            "from_port": 443,
            "id": "sgrule-55482545",
            "ipv6_cidr_blocks": null,
            "prefix_list_ids": [],
            "protocol": "tcp",
            "security_group_id": "sg-0c72fe4dffcebe0f9",
            "security_group_rule_id": "sgr-05780531cd362c9c3",
            "self": false,
            "source_security_group_id": null,
            "timeouts": null,
            "to_port": 443,
            "type": "egress"
          },
          "sensitive_attributes": [],
          "private": "eyJlMmJmYjczMC1lY2FhLTExZTYtOGY4OC0zNDM2M2JjN2M0YzAiOnsiY3JlYXRlIjozMDAwMDAwMDAwMDB9LCJzY2hlbWFfdmVyc2lvbiI6IjIifQ==",
          "dependencies": [
            "module.eks.aws_security_group.cluster",
            "module.eks.aws_security_group.node",
            "module.vpc.aws_vpc.this"
          ],
          "create_before_destroy": true
        },
        {
          "index_key": "egress_ntp_tcp",
          "schema_version": 2,
          "attributes": {
            "cidr_blocks": [
              "0.0.0.0/0"
            ],
            "description": "Egress NTP/TCP to internet",
            "from_port": 123,
            "id": "sgrule-3700467119",
            "ipv6_cidr_blocks": null,
            "prefix_list_ids": [],
            "protocol": "tcp",
            "security_group_id": "sg-0c72fe4dffcebe0f9",
            "security_group_rule_id": "sgr-0e521bc802be16ebe",
            "self": false,
            "source_security_group_id": null,
            "timeouts": null,
            "to_port": 123,
            "type": "egress"
          },
          "sensitive_attributes": [],
          "private": "eyJlMmJmYjczMC1lY2FhLTExZTYtOGY4OC0zNDM2M2JjN2M0YzAiOnsiY3JlYXRlIjozMDAwMDAwMDAwMDB9LCJzY2hlbWFfdmVyc2lvbiI6IjIifQ==",
          "dependencies": [
            "module.eks.aws_security_group.cluster",
            "module.eks.aws_security_group.node",
            "module.vpc.aws_vpc.this"
          ],
          "create_before_destroy": true
        },
        {
          "index_key": "egress_ntp_udp",
          "schema_version": 2,
          "attributes": {
            "cidr_blocks": [
              "0.0.0.0/0"
            ],
            "description": "Egress NTP/UDP to internet",
            "from_port": 123,
            "id": "sgrule-2718859426",
            "ipv6_cidr_blocks": null,
            "prefix_list_ids": [],
            "protocol": "udp",
            "security_group_id": "sg-0c72fe4dffcebe0f9",
            "security_group_rule_id": "sgr-0cff2e683986d457c",
            "self": false,
            "source_security_group_id": null,
            "timeouts": null,
            "to_port": 123,
            "type": "egress"
          },
          "sensitive_attributes": [],
          "private": "eyJlMmJmYjczMC1lY2FhLTExZTYtOGY4OC0zNDM2M2JjN2M0YzAiOnsiY3JlYXRlIjozMDAwMDAwMDAwMDB9LCJzY2hlbWFfdmVyc2lvbiI6IjIifQ==",
          "dependencies": [
            "module.eks.aws_security_group.cluster",
            "module.eks.aws_security_group.node",
            "module.vpc.aws_vpc.this"
          ],
          "create_before_destroy": true
        },
        {
          "index_key": "egress_self_coredns_tcp",
          "schema_version": 2,
          "attributes": {
            "cidr_blocks": null,
            "description": "Node to node CoreDNS",
            "from_port": 53,
            "id": "sgrule-3613755695",
            "ipv6_cidr_blocks": null,
            "prefix_list_ids": [],
            "protocol": "tcp",
            "security_group_id": "sg-0c72fe4dffcebe0f9",
            "security_group_rule_id": "sgr-005536aeec6dd3d46",
            "self": true,
            "source_security_group_id": null,
            "timeouts": null,
            "to_port": 53,
            "type": "egress"
          },
          "sensitive_attributes": [],
          "private": "eyJlMmJmYjczMC1lY2FhLTExZTYtOGY4OC0zNDM2M2JjN2M0YzAiOnsiY3JlYXRlIjozMDAwMDAwMDAwMDB9LCJzY2hlbWFfdmVyc2lvbiI6IjIifQ==",
          "dependencies": [
            "module.eks.aws_security_group.cluster",
            "module.eks.aws_security_group.node",
            "module.vpc.aws_vpc.this"
          ],
          "create_before_destroy": true
        },
        {
          "index_key": "egress_self_coredns_udp",
          "schema_version": 2,
          "attributes": {
            "cidr_blocks": null,
            "description": "Node to node CoreDNS",
            "from_port": 53,
            "id": "sgrule-1493306185",
            "ipv6_cidr_blocks": null,
            "prefix_list_ids": [],
            "protocol": "udp",
            "security_group_id": "sg-0c72fe4dffcebe0f9",
            "security_group_rule_id": "sgr-0bc6da9f5ad168038",
            "self": true,
            "source_security_group_id": null,
            "timeouts": null,
            "to_port": 53,
            "type": "egress"
          },
          "sensitive_attributes": [],
          "private": "eyJlMmJmYjczMC1lY2FhLTExZTYtOGY4OC0zNDM2M2JjN2M0YzAiOnsiY3JlYXRlIjozMDAwMDAwMDAwMDB9LCJzY2hlbWFfdmVyc2lvbiI6IjIifQ==",
          "dependencies": [
            "module.eks.aws_security_group.cluster",
            "module.eks.aws_security_group.node",
            "module.vpc.aws_vpc.this"
          ],
          "create_before_destroy": true
        },
        {
          "index_key": "ingress_allow_access_from_control_plane",
          "schema_version": 2,
          "attributes": {
            "cidr_blocks": null,
            "description": "Allow access from control plane to webhook port of AWS load balancer controller",
            "from_port": 9443,
            "id": "sgrule-3368790510",
            "ipv6_cidr_blocks": null,
            "prefix_list_ids": [],
            "protocol": "tcp",
            "security_group_id": "sg-0c72fe4dffcebe0f9",
            "security_group_rule_id": "sgr-07d3bede52c2b349a",
            "self": false,
            "source_security_group_id": "sg-0eef7b9bfe93a6bf1",
            "timeouts": null,
            "to_port": 9443,
            "type": "ingress"
          },
          "sensitive_attributes": [],
          "private": "eyJlMmJmYjczMC1lY2FhLTExZTYtOGY4OC0zNDM2M2JjN2M0YzAiOnsiY3JlYXRlIjozMDAwMDAwMDAwMDB9LCJzY2hlbWFfdmVyc2lvbiI6IjIifQ==",
          "dependencies": [
            "module.eks.aws_security_group.cluster",
            "module.eks.aws_security_group.node",
            "module.vpc.aws_vpc.this"
          ],
          "create_before_destroy": true
        },
        {
          "index_key": "ingress_cluster_443",
          "schema_version": 2,
          "attributes": {
            "cidr_blocks": null,
            "description": "Cluster API to node groups",
            "from_port": 443,
            "id": "sgrule-3196058533",
            "ipv6_cidr_blocks": null,
            "prefix_list_ids": [],
            "protocol": "tcp",
            "security_group_id": "sg-0c72fe4dffcebe0f9",
            "security_group_rule_id": "sgr-043193b8a4cd58a20",
            "self": false,
            "source_security_group_id": "sg-0eef7b9bfe93a6bf1",
            "timeouts": null,
            "to_port": 443,
            "type": "ingress"
          },
          "sensitive_attributes": [],
          "private": "eyJlMmJmYjczMC1lY2FhLTExZTYtOGY4OC0zNDM2M2JjN2M0YzAiOnsiY3JlYXRlIjozMDAwMDAwMDAwMDB9LCJzY2hlbWFfdmVyc2lvbiI6IjIifQ==",
          "dependencies": [
            "module.eks.aws_security_group.cluster",
            "module.eks.aws_security_group.node",
            "module.vpc.aws_vpc.this"
          ],
          "create_before_destroy": true
        },
        {
          "index_key": "ingress_cluster_kubelet",
          "schema_version": 2,
          "attributes": {
            "cidr_blocks": null,
            "description": "Cluster API to node kubelets",
            "from_port": 10250,
            "id": "sgrule-2602149777",
            "ipv6_cidr_blocks": null,
            "prefix_list_ids": [],
            "protocol": "tcp",
            "security_group_id": "sg-0c72fe4dffcebe0f9",
            "security_group_rule_id": "sgr-0c7a77feaa456709c",
            "self": false,
            "source_security_group_id": "sg-0eef7b9bfe93a6bf1",
            "timeouts": null,
            "to_port": 10250,
            "type": "ingress"
          },
          "sensitive_attributes": [],
          "private": "eyJlMmJmYjczMC1lY2FhLTExZTYtOGY4OC0zNDM2M2JjN2M0YzAiOnsiY3JlYXRlIjozMDAwMDAwMDAwMDB9LCJzY2hlbWFfdmVyc2lvbiI6IjIifQ==",
          "dependencies": [
            "module.eks.aws_security_group.cluster",
            "module.eks.aws_security_group.node",
            "module.vpc.aws_vpc.this"
          ],
          "create_before_destroy": true
        },
        {
          "index_key": "ingress_self_coredns_tcp",
          "schema_version": 2,
          "attributes": {
            "cidr_blocks": null,
            "description": "Node to node CoreDNS",
            "from_port": 53,
            "id": "sgrule-2217458577",
            "ipv6_cidr_blocks": null,
            "prefix_list_ids": [],
            "protocol": "tcp",
            "security_group_id": "sg-0c72fe4dffcebe0f9",
            "security_group_rule_id": "sgr-005536aeec6dd3d46",
            "self": true,
            "source_security_group_id": null,
            "timeouts": null,
            "to_port": 53,
            "type": "ingress"
          },
          "sensitive_attributes": [],
          "private": "eyJlMmJmYjczMC1lY2FhLTExZTYtOGY4OC0zNDM2M2JjN2M0YzAiOnsiY3JlYXRlIjozMDAwMDAwMDAwMDB9LCJzY2hlbWFfdmVyc2lvbiI6IjIifQ==",
          "dependencies": [
            "module.eks.aws_security_group.cluster",
            "module.eks.aws_security_group.node",
            "module.vpc.aws_vpc.this"
          ],
          "create_before_destroy": true
        },
        {
          "index_key": "ingress_self_coredns_udp",
          "schema_version": 2,
          "attributes": {
            "cidr_blocks": null,
            "description": "Node to node CoreDNS",
            "from_port": 53,
            "id": "sgrule-544479358",
            "ipv6_cidr_blocks": null,
            "prefix_list_ids": [],
            "protocol": "udp",
            "security_group_id": "sg-0c72fe4dffcebe0f9",
            "security_group_rule_id": "sgr-0bc6da9f5ad168038",
            "self": true,
            "source_security_group_id": null,
            "timeouts": null,
            "to_port": 53,
            "type": "ingress"
          },
          "sensitive_attributes": [],
          "private": "eyJlMmJmYjczMC1lY2FhLTExZTYtOGY4OC0zNDM2M2JjN2M0YzAiOnsiY3JlYXRlIjozMDAwMDAwMDAwMDB9LCJzY2hlbWFfdmVyc2lvbiI6IjIifQ==",
          "dependencies": [
            "module.eks.aws_security_group.cluster",
            "module.eks.aws_security_group.node",
            "module.vpc.aws_vpc.this"
          ],
          "create_before_destroy": true
        }
      ]
    },
    {
      "module": "module.eks",
      "mode": "managed",
      "type": "kubernetes_config_map_v1_data",
      "name": "aws_auth",
      "provider": "provider[\"registry.terraform.io/hashicorp/kubernetes\"]",
      "instances": [
        {
          "index_key": 0,
          "schema_version": 0,
          "attributes": {
            "data": {
              "mapAccounts": "[]\n",
              "mapRoles": "- \"groups\":\n  - \"system:bootstrappers\"\n  - \"system:nodes\"\n  \"rolearn\": \"arn:aws:iam::852312235001:role/general-eks-node-group-20240314123827362100000003\"\n  \"username\": \"system:node:{{EC2PrivateDNSName}}\"\n- \"groups\":\n  - \"system:bootstrappers\"\n  - \"system:nodes\"\n  \"rolearn\": \"arn:aws:iam::852312235001:role/spot-eks-node-group-20240314123827360300000001\"\n  \"username\": \"system:node:{{EC2PrivateDNSName}}\"\n- \"groups\":\n  - \"system:masters\"\n  \"rolearn\": \"arn:aws:iam::852312235001:role/eks-admin\"\n  \"username\": \"eks-admin\"\n",
              "mapUsers": "[]\n"
            },
            "field_manager": "Terraform",
            "force": true,
            "id": "kube-system/aws-auth",
            "metadata": [
              {
                "name": "aws-auth",
                "namespace": "kube-system"
              }
            ]
          },
          "sensitive_attributes": [],
          "private": "bnVsbA==",
          "dependencies": [
            "data.aws_eks_cluster.default",
            "module.eks.aws_cloudwatch_log_group.this",
            "module.eks.aws_eks_cluster.this",
            "module.eks.aws_iam_role.this",
            "module.eks.aws_iam_role_policy_attachment.this",
            "module.eks.aws_security_group.cluster",
            "module.eks.aws_security_group.node",
            "module.eks.aws_security_group_rule.cluster",
            "module.eks.aws_security_group_rule.node",
            "module.eks.data.aws_caller_identity.current",
            "module.eks.data.aws_iam_policy_document.assume_role_policy",
            "module.eks.data.aws_partition.current",
            "module.eks.kubernetes_config_map.aws_auth",
            "module.eks.module.eks_managed_node_group.aws_eks_node_group.this",
            "module.eks.module.eks_managed_node_group.aws_iam_role.this",
            "module.eks.module.eks_managed_node_group.aws_iam_role_policy_attachment.this",
            "module.eks.module.eks_managed_node_group.aws_launch_template.this",
            "module.eks.module.eks_managed_node_group.aws_security_group.this",
            "module.eks.module.eks_managed_node_group.aws_security_group_rule.this",
            "module.eks.module.eks_managed_node_group.data.aws_caller_identity.current",
            "module.eks.module.eks_managed_node_group.data.aws_iam_policy_document.assume_role_policy",
            "module.eks.module.eks_managed_node_group.data.aws_partition.current",
            "module.eks.module.eks_managed_node_group.module.user_data.data.cloudinit_config.linux_eks_managed_node_group",
            "module.eks.module.fargate_profile.aws_eks_fargate_profile.this",
            "module.eks.module.fargate_profile.aws_iam_role.this",
            "module.eks.module.fargate_profile.aws_iam_role_policy_attachment.this",
            "module.eks.module.fargate_profile.data.aws_caller_identity.current",
            "module.eks.module.fargate_profile.data.aws_iam_policy_document.assume_role_policy",
            "module.eks.module.fargate_profile.data.aws_partition.current",
            "module.eks.module.kms.aws_kms_external_key.this",
            "module.eks.module.kms.aws_kms_key.this",
            "module.eks.module.kms.data.aws_caller_identity.current",
            "module.eks.module.kms.data.aws_iam_policy_document.this",
            "module.eks.module.kms.data.aws_partition.current",
            "module.eks.module.self_managed_node_group.aws_autoscaling_group.this",
            "module.eks.module.self_managed_node_group.aws_autoscaling_schedule.this",
            "module.eks.module.self_managed_node_group.aws_iam_instance_profile.this",
            "module.eks.module.self_managed_node_group.aws_iam_role.this",
            "module.eks.module.self_managed_node_group.aws_iam_role_policy_attachment.this",
            "module.eks.module.self_managed_node_group.aws_launch_template.this",
            "module.eks.module.self_managed_node_group.aws_security_group.this",
            "module.eks.module.self_managed_node_group.aws_security_group_rule.this",
            "module.eks.module.self_managed_node_group.data.aws_ami.eks_default",
            "module.eks.module.self_managed_node_group.data.aws_caller_identity.current",
            "module.eks.module.self_managed_node_group.data.aws_default_tags.current",
            "module.eks.module.self_managed_node_group.data.aws_iam_policy_document.assume_role_policy",
            "module.eks.module.self_managed_node_group.data.aws_partition.current",
            "module.eks.module.self_managed_node_group.module.user_data.data.cloudinit_config.linux_eks_managed_node_group",
            "module.eks_admins_iam_role.aws_iam_role.this",
            "module.eks_admins_iam_role.data.aws_iam_policy_document.assume_role",
            "module.eks_admins_iam_role.data.aws_iam_policy_document.assume_role_with_mfa",
            "module.vpc.aws_subnet.private",
            "module.vpc.aws_vpc.this",
            "module.vpc.aws_vpc_ipv4_cidr_block_association.this"
          ]
        }
      ]
    },
    {
      "module": "module.eks.module.eks_managed_node_group[\"general\"]",
      "mode": "data",
      "type": "aws_caller_identity",
      "name": "current",
      "provider": "provider[\"registry.terraform.io/hashicorp/aws\"]",
      "instances": [
        {
          "schema_version": 0,
          "attributes": {
            "account_id": "852312235001",
            "arn": "arn:aws:iam::852312235001:user/snewhadeep.saha",
            "id": "852312235001",
            "user_id": "AIDA4M4OETP4SUK7FZCON"
          },
          "sensitive_attributes": []
        }
      ]
    },
    {
      "module": "module.eks.module.eks_managed_node_group[\"general\"]",
      "mode": "data",
      "type": "aws_iam_policy_document",
      "name": "assume_role_policy",
      "provider": "provider[\"registry.terraform.io/hashicorp/aws\"]",
      "instances": [
        {
          "index_key": 0,
          "schema_version": 0,
          "attributes": {
            "id": "2560088296",
            "json": "{\n  \"Version\": \"2012-10-17\",\n  \"Statement\": [\n    {\n      \"Sid\": \"EKSNodeAssumeRole\",\n      \"Effect\": \"Allow\",\n      \"Action\": \"sts:AssumeRole\",\n      \"Principal\": {\n        \"Service\": \"ec2.amazonaws.com\"\n      }\n    }\n  ]\n}",
            "override_policy_documents": null,
            "policy_id": null,
            "source_policy_documents": null,
            "statement": [
              {
                "actions": [
                  "sts:AssumeRole"
                ],
                "condition": [],
                "effect": "Allow",
                "not_actions": [],
                "not_principals": [],
                "not_resources": [],
                "principals": [
                  {
                    "identifiers": [
                      "ec2.amazonaws.com"
                    ],
                    "type": "Service"
                  }
                ],
                "resources": [],
                "sid": "EKSNodeAssumeRole"
              }
            ],
            "version": "2012-10-17"
          },
          "sensitive_attributes": []
        }
      ]
    },
    {
      "module": "module.eks.module.eks_managed_node_group[\"general\"]",
      "mode": "data",
      "type": "aws_partition",
      "name": "current",
      "provider": "provider[\"registry.terraform.io/hashicorp/aws\"]",
      "instances": [
        {
          "schema_version": 0,
          "attributes": {
            "dns_suffix": "amazonaws.com",
            "id": "aws",
            "partition": "aws",
            "reverse_dns_prefix": "com.amazonaws"
          },
          "sensitive_attributes": []
        }
      ]
    },
    {
      "module": "module.eks.module.eks_managed_node_group[\"general\"]",
      "mode": "managed",
      "type": "aws_eks_node_group",
      "name": "this",
      "provider": "provider[\"registry.terraform.io/hashicorp/aws\"]",
      "instances": [
        {
          "index_key": 0,
          "schema_version": 0,
          "attributes": {
            "ami_type": "AL2_x86_64",
            "arn": "arn:aws:eks:us-east-1:852312235001:nodegroup/my-eks-cluster/general-2024031412482679240000001d/36c71e80-dca0-93fb-b454-cdf020cf1ce7",
            "capacity_type": "ON_DEMAND",
            "cluster_name": "my-eks-cluster",
            "disk_size": 0,
            "force_update_version": null,
            "id": "my-eks-cluster:general-2024031412482679240000001d",
            "instance_types": [
              "t3.small"
            ],
            "labels": {
              "role": "general"
            },
            "launch_template": [
              {
                "id": "lt-04cdf85a36b248f3a",
                "name": "general-20240314124824491000000018",
                "version": "1"
              }
            ],
            "node_group_name": "general-2024031412482679240000001d",
            "node_group_name_prefix": "general-",
            "node_role_arn": "arn:aws:iam::852312235001:role/general-eks-node-group-20240314123827362100000003",
            "release_version": "1.25.16-20240307",
            "remote_access": [],
            "resources": [
              {
                "autoscaling_groups": [
                  {
                    "name": "eks-general-2024031412482679240000001d-36c71e80-dca0-93fb-b454-cdf020cf1ce7"
                  }
                ],
                "remote_access_security_group_id": ""
              }
            ],
            "scaling_config": [
              {
                "desired_size": 1,
                "max_size": 10,
                "min_size": 1
              }
            ],
            "status": "ACTIVE",
            "subnet_ids": [
              "subnet-0204908893f489429",
              "subnet-09bc423ef8b7165aa"
            ],
            "tags": {
              "Environment": "dev",
              "Name": "general"
            },
            "tags_all": {
              "Environment": "dev",
              "Name": "general"
            },
            "taint": [],
            "timeouts": {
              "create": null,
              "delete": null,
              "update": null
            },
            "update_config": [
              {
                "max_unavailable": 1,
                "max_unavailable_percentage": 0
              }
            ],
            "version": "1.25"
          },
          "sensitive_attributes": [],
          "private": "eyJlMmJmYjczMC1lY2FhLTExZTYtOGY4OC0zNDM2M2JjN2M0YzAiOnsiY3JlYXRlIjozNjAwMDAwMDAwMDAwLCJkZWxldGUiOjM2MDAwMDAwMDAwMDAsInVwZGF0ZSI6MzYwMDAwMDAwMDAwMH19",
          "dependencies": [
            "module.eks.aws_cloudwatch_log_group.this",
            "module.eks.aws_eks_cluster.this",
            "module.eks.aws_iam_role.this",
            "module.eks.aws_iam_role_policy_attachment.this",
            "module.eks.aws_security_group.cluster",
            "module.eks.aws_security_group.node",
            "module.eks.aws_security_group_rule.cluster",
            "module.eks.aws_security_group_rule.node",
            "module.eks.data.aws_caller_identity.current",
            "module.eks.data.aws_iam_policy_document.assume_role_policy",
            "module.eks.data.aws_partition.current",
            "module.eks.module.eks_managed_node_group.aws_iam_role.this",
            "module.eks.module.eks_managed_node_group.aws_iam_role_policy_attachment.this",
            "module.eks.module.eks_managed_node_group.aws_launch_template.this",
            "module.eks.module.eks_managed_node_group.aws_security_group.this",
            "module.eks.module.eks_managed_node_group.aws_security_group_rule.this",
            "module.eks.module.eks_managed_node_group.data.aws_caller_identity.current",
            "module.eks.module.eks_managed_node_group.data.aws_iam_policy_document.assume_role_policy",
            "module.eks.module.eks_managed_node_group.data.aws_partition.current",
            "module.eks.module.eks_managed_node_group.module.user_data.data.cloudinit_config.linux_eks_managed_node_group",
            "module.eks.module.kms.aws_kms_external_key.this",
            "module.eks.module.kms.aws_kms_key.this",
            "module.eks.module.kms.data.aws_caller_identity.current",
            "module.eks.module.kms.data.aws_iam_policy_document.this",
            "module.eks.module.kms.data.aws_partition.current",
            "module.vpc.aws_subnet.private",
            "module.vpc.aws_vpc.this",
            "module.vpc.aws_vpc_ipv4_cidr_block_association.this"
          ],
          "create_before_destroy": true
        }
      ]
    },
    {
      "module": "module.eks.module.eks_managed_node_group[\"general\"]",
      "mode": "managed",
      "type": "aws_iam_role",
      "name": "this",
      "provider": "provider[\"registry.terraform.io/hashicorp/aws\"]",
      "instances": [
        {
          "index_key": 0,
          "schema_version": 0,
          "attributes": {
            "arn": "arn:aws:iam::852312235001:role/general-eks-node-group-20240314123827362100000003",
            "assume_role_policy": "{\"Statement\":[{\"Action\":\"sts:AssumeRole\",\"Effect\":\"Allow\",\"Principal\":{\"Service\":\"ec2.amazonaws.com\"},\"Sid\":\"EKSNodeAssumeRole\"}],\"Version\":\"2012-10-17\"}",
            "create_date": "2024-03-14T12:38:28Z",
            "description": "EKS managed node group IAM role",
            "force_detach_policies": true,
            "id": "general-eks-node-group-20240314123827362100000003",
            "inline_policy": [],
            "managed_policy_arns": [
              "arn:aws:iam::aws:policy/AmazonEC2ContainerRegistryReadOnly",
              "arn:aws:iam::aws:policy/AmazonEKSWorkerNodePolicy",
              "arn:aws:iam::aws:policy/AmazonEKS_CNI_Policy"
            ],
            "max_session_duration": 3600,
            "name": "general-eks-node-group-20240314123827362100000003",
            "name_prefix": "general-eks-node-group-",
            "path": "/",
            "permissions_boundary": "",
            "tags": {
              "Environment": "dev"
            },
            "tags_all": {
              "Environment": "dev"
            },
            "unique_id": "AROA4M4OETP4WAT7UT2VZ"
          },
          "sensitive_attributes": [],
          "private": "bnVsbA==",
          "dependencies": [
            "module.eks.module.eks_managed_node_group.data.aws_iam_policy_document.assume_role_policy",
            "module.eks.module.eks_managed_node_group.data.aws_partition.current"
          ],
          "create_before_destroy": true
        }
      ]
    },
    {
      "module": "module.eks.module.eks_managed_node_group[\"general\"]",
      "mode": "managed",
      "type": "aws_iam_role_policy_attachment",
      "name": "this",
      "provider": "provider[\"registry.terraform.io/hashicorp/aws\"]",
      "instances": [
        {
          "index_key": "arn:aws:iam::aws:policy/AmazonEC2ContainerRegistryReadOnly",
          "schema_version": 0,
          "attributes": {
            "id": "general-eks-node-group-20240314123827362100000003-20240314123830207000000007",
            "policy_arn": "arn:aws:iam::aws:policy/AmazonEC2ContainerRegistryReadOnly",
            "role": "general-eks-node-group-20240314123827362100000003"
          },
          "sensitive_attributes": [],
          "private": "bnVsbA==",
          "dependencies": [
            "module.eks.module.eks_managed_node_group.aws_iam_role.this",
            "module.eks.module.eks_managed_node_group.data.aws_caller_identity.current",
            "module.eks.module.eks_managed_node_group.data.aws_iam_policy_document.assume_role_policy",
            "module.eks.module.eks_managed_node_group.data.aws_partition.current"
          ],
          "create_before_destroy": true
        },
        {
          "index_key": "arn:aws:iam::aws:policy/AmazonEKSWorkerNodePolicy",
          "schema_version": 0,
          "attributes": {
            "id": "general-eks-node-group-20240314123827362100000003-20240314123830197600000005",
            "policy_arn": "arn:aws:iam::aws:policy/AmazonEKSWorkerNodePolicy",
            "role": "general-eks-node-group-20240314123827362100000003"
          },
          "sensitive_attributes": [],
          "private": "bnVsbA==",
          "dependencies": [
            "module.eks.module.eks_managed_node_group.aws_iam_role.this",
            "module.eks.module.eks_managed_node_group.data.aws_caller_identity.current",
            "module.eks.module.eks_managed_node_group.data.aws_iam_policy_document.assume_role_policy",
            "module.eks.module.eks_managed_node_group.data.aws_partition.current"
          ],
          "create_before_destroy": true
        },
        {
          "index_key": "arn:aws:iam::aws:policy/AmazonEKS_CNI_Policy",
          "schema_version": 0,
          "attributes": {
            "id": "general-eks-node-group-20240314123827362100000003-2024031412383054440000000a",
            "policy_arn": "arn:aws:iam::aws:policy/AmazonEKS_CNI_Policy",
            "role": "general-eks-node-group-20240314123827362100000003"
          },
          "sensitive_attributes": [],
          "private": "bnVsbA==",
          "dependencies": [
            "module.eks.module.eks_managed_node_group.aws_iam_role.this",
            "module.eks.module.eks_managed_node_group.data.aws_caller_identity.current",
            "module.eks.module.eks_managed_node_group.data.aws_iam_policy_document.assume_role_policy",
            "module.eks.module.eks_managed_node_group.data.aws_partition.current"
          ],
          "create_before_destroy": true
        }
      ]
    },
    {
      "module": "module.eks.module.eks_managed_node_group[\"general\"]",
      "mode": "managed",
      "type": "aws_launch_template",
      "name": "this",
      "provider": "provider[\"registry.terraform.io/hashicorp/aws\"]",
      "instances": [
        {
          "index_key": 0,
          "schema_version": 0,
          "attributes": {
            "arn": "arn:aws:ec2:us-east-1:852312235001:launch-template/lt-04cdf85a36b248f3a",
            "block_device_mappings": [],
            "capacity_reservation_specification": [],
            "cpu_options": [],
            "credit_specification": [],
            "default_version": 1,
            "description": "Custom launch template for general EKS managed node group",
            "disable_api_stop": false,
            "disable_api_termination": false,
            "ebs_optimized": "",
            "elastic_gpu_specifications": [],
            "elastic_inference_accelerator": [],
            "enclave_options": [],
            "hibernation_options": [],
            "iam_instance_profile": [],
            "id": "lt-04cdf85a36b248f3a",
            "image_id": "",
            "instance_initiated_shutdown_behavior": "",
            "instance_market_options": [],
            "instance_requirements": [],
            "instance_type": "",
            "kernel_id": "",
            "key_name": "",
            "latest_version": 1,
            "license_specification": [],
            "maintenance_options": [],
            "metadata_options": [
              {
                "http_endpoint": "enabled",
                "http_protocol_ipv6": "",
                "http_put_response_hop_limit": 2,
                "http_tokens": "required",
                "instance_metadata_tags": ""
              }
            ],
            "monitoring": [
              {
                "enabled": true
              }
            ],
            "name": "general-20240314124824491000000018",
            "name_prefix": "general-",
            "network_interfaces": [],
            "placement": [],
            "private_dns_name_options": [],
            "ram_disk_id": "",
            "security_group_names": [],
            "tag_specifications": [
              {
                "resource_type": "instance",
                "tags": {
                  "Environment": "dev",
                  "Name": "general"
                }
              },
              {
                "resource_type": "network-interface",
                "tags": {
                  "Environment": "dev",
                  "Name": "general"
                }
              },
              {
                "resource_type": "volume",
                "tags": {
                  "Environment": "dev",
                  "Name": "general"
                }
              }
            ],
            "tags": {
              "Environment": "dev"
            },
            "tags_all": {
              "Environment": "dev"
            },
            "update_default_version": true,
            "user_data": "",
            "vpc_security_group_ids": [
              "sg-0b6f5fcf3cc868498",
              "sg-0c72fe4dffcebe0f9"
            ]
          },
          "sensitive_attributes": [],
          "private": "bnVsbA==",
          "dependencies": [
            "module.eks.aws_cloudwatch_log_group.this",
            "module.eks.aws_eks_cluster.this",
            "module.eks.aws_iam_role.this",
            "module.eks.aws_iam_role_policy_attachment.this",
            "module.eks.aws_security_group.cluster",
            "module.eks.aws_security_group.node",
            "module.eks.aws_security_group_rule.cluster",
            "module.eks.aws_security_group_rule.node",
            "module.eks.data.aws_caller_identity.current",
            "module.eks.data.aws_iam_policy_document.assume_role_policy",
            "module.eks.data.aws_partition.current",
            "module.eks.module.eks_managed_node_group.aws_iam_role.this",
            "module.eks.module.eks_managed_node_group.aws_iam_role_policy_attachment.this",
            "module.eks.module.eks_managed_node_group.aws_security_group.this",
            "module.eks.module.eks_managed_node_group.aws_security_group_rule.this",
            "module.eks.module.eks_managed_node_group.data.aws_caller_identity.current",
            "module.eks.module.eks_managed_node_group.data.aws_iam_policy_document.assume_role_policy",
            "module.eks.module.eks_managed_node_group.data.aws_partition.current",
            "module.eks.module.eks_managed_node_group.module.user_data.data.cloudinit_config.linux_eks_managed_node_group",
            "module.eks.module.kms.aws_kms_external_key.this",
            "module.eks.module.kms.aws_kms_key.this",
            "module.eks.module.kms.data.aws_caller_identity.current",
            "module.eks.module.kms.data.aws_iam_policy_document.this",
            "module.eks.module.kms.data.aws_partition.current",
            "module.vpc.aws_subnet.private",
            "module.vpc.aws_vpc.this",
            "module.vpc.aws_vpc_ipv4_cidr_block_association.this"
          ],
          "create_before_destroy": true
        }
      ]
    },
    {
      "module": "module.eks.module.eks_managed_node_group[\"general\"]",
      "mode": "managed",
      "type": "aws_security_group",
      "name": "this",
      "provider": "provider[\"registry.terraform.io/hashicorp/aws\"]",
      "instances": [
        {
          "index_key": 0,
          "schema_version": 1,
          "attributes": {
            "arn": "arn:aws:ec2:us-east-1:852312235001:security-group/sg-0b6f5fcf3cc868498",
            "description": "EKS managed node group security group",
            "egress": [],
            "id": "sg-0b6f5fcf3cc868498",
            "ingress": [],
            "name": "general-eks-node-group-20240314123845773600000012",
            "name_prefix": "general-eks-node-group-",
            "owner_id": "852312235001",
            "revoke_rules_on_delete": false,
            "tags": {
              "Environment": "dev",
              "Name": "general-eks-node-group"
            },
            "tags_all": {
              "Environment": "dev",
              "Name": "general-eks-node-group"
            },
            "timeouts": null,
            "vpc_id": "vpc-0680979fd1bca1c4d"
          },
          "sensitive_attributes": [],
          "private": "eyJlMmJmYjczMC1lY2FhLTExZTYtOGY4OC0zNDM2M2JjN2M0YzAiOnsiY3JlYXRlIjo2MDAwMDAwMDAwMDAsImRlbGV0ZSI6OTAwMDAwMDAwMDAwfSwic2NoZW1hX3ZlcnNpb24iOiIxIn0=",
          "dependencies": [
            "module.vpc.aws_vpc.this"
          ],
          "create_before_destroy": true
        }
      ]
    },
    {
      "module": "module.eks.module.eks_managed_node_group[\"spot\"]",
      "mode": "data",
      "type": "aws_caller_identity",
      "name": "current",
      "provider": "provider[\"registry.terraform.io/hashicorp/aws\"]",
      "instances": [
        {
          "schema_version": 0,
          "attributes": {
            "account_id": "852312235001",
            "arn": "arn:aws:iam::852312235001:user/snewhadeep.saha",
            "id": "852312235001",
            "user_id": "AIDA4M4OETP4SUK7FZCON"
          },
          "sensitive_attributes": []
        }
      ]
    },
    {
      "module": "module.eks.module.eks_managed_node_group[\"spot\"]",
      "mode": "data",
      "type": "aws_iam_policy_document",
      "name": "assume_role_policy",
      "provider": "provider[\"registry.terraform.io/hashicorp/aws\"]",
      "instances": [
        {
          "index_key": 0,
          "schema_version": 0,
          "attributes": {
            "id": "2560088296",
            "json": "{\n  \"Version\": \"2012-10-17\",\n  \"Statement\": [\n    {\n      \"Sid\": \"EKSNodeAssumeRole\",\n      \"Effect\": \"Allow\",\n      \"Action\": \"sts:AssumeRole\",\n      \"Principal\": {\n        \"Service\": \"ec2.amazonaws.com\"\n      }\n    }\n  ]\n}",
            "override_policy_documents": null,
            "policy_id": null,
            "source_policy_documents": null,
            "statement": [
              {
                "actions": [
                  "sts:AssumeRole"
                ],
                "condition": [],
                "effect": "Allow",
                "not_actions": [],
                "not_principals": [],
                "not_resources": [],
                "principals": [
                  {
                    "identifiers": [
                      "ec2.amazonaws.com"
                    ],
                    "type": "Service"
                  }
                ],
                "resources": [],
                "sid": "EKSNodeAssumeRole"
              }
            ],
            "version": "2012-10-17"
          },
          "sensitive_attributes": []
        }
      ]
    },
    {
      "module": "module.eks.module.eks_managed_node_group[\"spot\"]",
      "mode": "data",
      "type": "aws_partition",
      "name": "current",
      "provider": "provider[\"registry.terraform.io/hashicorp/aws\"]",
      "instances": [
        {
          "schema_version": 0,
          "attributes": {
            "dns_suffix": "amazonaws.com",
            "id": "aws",
            "partition": "aws",
            "reverse_dns_prefix": "com.amazonaws"
          },
          "sensitive_attributes": []
        }
      ]
    },
    {
      "module": "module.eks.module.eks_managed_node_group[\"spot\"]",
      "mode": "managed",
      "type": "aws_eks_node_group",
      "name": "this",
      "provider": "provider[\"registry.terraform.io/hashicorp/aws\"]",
      "instances": [
        {
          "index_key": 0,
          "schema_version": 0,
          "attributes": {
            "ami_type": "AL2_x86_64",
            "arn": "arn:aws:eks:us-east-1:852312235001:nodegroup/my-eks-cluster/spot-2024031412482679050000001b/42c71e80-dca2-e8d6-2a75-027173b68d61",
            "capacity_type": "SPOT",
            "cluster_name": "my-eks-cluster",
            "disk_size": 0,
            "force_update_version": null,
            "id": "my-eks-cluster:spot-2024031412482679050000001b",
            "instance_types": [
              "t3.micro"
            ],
            "labels": {
              "role": "spot"
            },
            "launch_template": [
              {
                "id": "lt-058907f1792e9080a",
                "name": "spot-20240314124824490600000016",
                "version": "1"
              }
            ],
            "node_group_name": "spot-2024031412482679050000001b",
            "node_group_name_prefix": "spot-",
            "node_role_arn": "arn:aws:iam::852312235001:role/spot-eks-node-group-20240314123827360300000001",
            "release_version": "1.25.16-20240307",
            "remote_access": [],
            "resources": [
              {
                "autoscaling_groups": [
                  {
                    "name": "eks-spot-2024031412482679050000001b-42c71e80-dca2-e8d6-2a75-027173b68d61"
                  }
                ],
                "remote_access_security_group_id": ""
              }
            ],
            "scaling_config": [
              {
                "desired_size": 1,
                "max_size": 10,
                "min_size": 1
              }
            ],
            "status": "ACTIVE",
            "subnet_ids": [
              "subnet-0204908893f489429",
              "subnet-09bc423ef8b7165aa"
            ],
            "tags": {
              "Environment": "dev",
              "Name": "spot"
            },
            "tags_all": {
              "Environment": "dev",
              "Name": "spot"
            },
            "taint": [
              {
                "effect": "NO_SCHEDULE",
                "key": "market",
                "value": "spot"
              }
            ],
            "timeouts": {
              "create": null,
              "delete": null,
              "update": null
            },
            "update_config": [
              {
                "max_unavailable": 1,
                "max_unavailable_percentage": 0
              }
            ],
            "version": "1.25"
          },
          "sensitive_attributes": [],
          "private": "eyJlMmJmYjczMC1lY2FhLTExZTYtOGY4OC0zNDM2M2JjN2M0YzAiOnsiY3JlYXRlIjozNjAwMDAwMDAwMDAwLCJkZWxldGUiOjM2MDAwMDAwMDAwMDAsInVwZGF0ZSI6MzYwMDAwMDAwMDAwMH19",
          "dependencies": [
            "module.eks.aws_cloudwatch_log_group.this",
            "module.eks.aws_eks_cluster.this",
            "module.eks.aws_iam_role.this",
            "module.eks.aws_iam_role_policy_attachment.this",
            "module.eks.aws_security_group.cluster",
            "module.eks.aws_security_group.node",
            "module.eks.aws_security_group_rule.cluster",
            "module.eks.aws_security_group_rule.node",
            "module.eks.data.aws_caller_identity.current",
            "module.eks.data.aws_iam_policy_document.assume_role_policy",
            "module.eks.data.aws_partition.current",
            "module.eks.module.eks_managed_node_group.aws_iam_role.this",
            "module.eks.module.eks_managed_node_group.aws_iam_role_policy_attachment.this",
            "module.eks.module.eks_managed_node_group.aws_launch_template.this",
            "module.eks.module.eks_managed_node_group.aws_security_group.this",
            "module.eks.module.eks_managed_node_group.aws_security_group_rule.this",
            "module.eks.module.eks_managed_node_group.data.aws_caller_identity.current",
            "module.eks.module.eks_managed_node_group.data.aws_iam_policy_document.assume_role_policy",
            "module.eks.module.eks_managed_node_group.data.aws_partition.current",
            "module.eks.module.eks_managed_node_group.module.user_data.data.cloudinit_config.linux_eks_managed_node_group",
            "module.eks.module.kms.aws_kms_external_key.this",
            "module.eks.module.kms.aws_kms_key.this",
            "module.eks.module.kms.data.aws_caller_identity.current",
            "module.eks.module.kms.data.aws_iam_policy_document.this",
            "module.eks.module.kms.data.aws_partition.current",
            "module.vpc.aws_subnet.private",
            "module.vpc.aws_vpc.this",
            "module.vpc.aws_vpc_ipv4_cidr_block_association.this"
          ],
          "create_before_destroy": true
        }
      ]
    },
    {
      "module": "module.eks.module.eks_managed_node_group[\"spot\"]",
      "mode": "managed",
      "type": "aws_iam_role",
      "name": "this",
      "provider": "provider[\"registry.terraform.io/hashicorp/aws\"]",
      "instances": [
        {
          "index_key": 0,
          "schema_version": 0,
          "attributes": {
            "arn": "arn:aws:iam::852312235001:role/spot-eks-node-group-20240314123827360300000001",
            "assume_role_policy": "{\"Statement\":[{\"Action\":\"sts:AssumeRole\",\"Effect\":\"Allow\",\"Principal\":{\"Service\":\"ec2.amazonaws.com\"},\"Sid\":\"EKSNodeAssumeRole\"}],\"Version\":\"2012-10-17\"}",
            "create_date": "2024-03-14T12:38:28Z",
            "description": "EKS managed node group IAM role",
            "force_detach_policies": true,
            "id": "spot-eks-node-group-20240314123827360300000001",
            "inline_policy": [],
            "managed_policy_arns": [
              "arn:aws:iam::aws:policy/AmazonEC2ContainerRegistryReadOnly",
              "arn:aws:iam::aws:policy/AmazonEKSWorkerNodePolicy",
              "arn:aws:iam::aws:policy/AmazonEKS_CNI_Policy"
            ],
            "max_session_duration": 3600,
            "name": "spot-eks-node-group-20240314123827360300000001",
            "name_prefix": "spot-eks-node-group-",
            "path": "/",
            "permissions_boundary": "",
            "tags": {
              "Environment": "dev"
            },
            "tags_all": {
              "Environment": "dev"
            },
            "unique_id": "AROA4M4OETP4QR23LODMK"
          },
          "sensitive_attributes": [],
          "private": "bnVsbA==",
          "dependencies": [
            "module.eks.module.eks_managed_node_group.data.aws_iam_policy_document.assume_role_policy",
            "module.eks.module.eks_managed_node_group.data.aws_partition.current"
          ],
          "create_before_destroy": true
        }
      ]
    },
    {
      "module": "module.eks.module.eks_managed_node_group[\"spot\"]",
      "mode": "managed",
      "type": "aws_iam_role_policy_attachment",
      "name": "this",
      "provider": "provider[\"registry.terraform.io/hashicorp/aws\"]",
      "instances": [
        {
          "index_key": "arn:aws:iam::aws:policy/AmazonEC2ContainerRegistryReadOnly",
          "schema_version": 0,
          "attributes": {
            "id": "spot-eks-node-group-20240314123827360300000001-20240314123830210900000008",
            "policy_arn": "arn:aws:iam::aws:policy/AmazonEC2ContainerRegistryReadOnly",
            "role": "spot-eks-node-group-20240314123827360300000001"
          },
          "sensitive_attributes": [],
          "private": "bnVsbA==",
          "dependencies": [
            "module.eks.module.eks_managed_node_group.aws_iam_role.this",
            "module.eks.module.eks_managed_node_group.data.aws_caller_identity.current",
            "module.eks.module.eks_managed_node_group.data.aws_iam_policy_document.assume_role_policy",
            "module.eks.module.eks_managed_node_group.data.aws_partition.current"
          ],
          "create_before_destroy": true
        },
        {
          "index_key": "arn:aws:iam::aws:policy/AmazonEKSWorkerNodePolicy",
          "schema_version": 0,
          "attributes": {
            "id": "spot-eks-node-group-20240314123827360300000001-20240314123830206700000006",
            "policy_arn": "arn:aws:iam::aws:policy/AmazonEKSWorkerNodePolicy",
            "role": "spot-eks-node-group-20240314123827360300000001"
          },
          "sensitive_attributes": [],
          "private": "bnVsbA==",
          "dependencies": [
            "module.eks.module.eks_managed_node_group.aws_iam_role.this",
            "module.eks.module.eks_managed_node_group.data.aws_caller_identity.current",
            "module.eks.module.eks_managed_node_group.data.aws_iam_policy_document.assume_role_policy",
            "module.eks.module.eks_managed_node_group.data.aws_partition.current"
          ],
          "create_before_destroy": true
        },
        {
          "index_key": "arn:aws:iam::aws:policy/AmazonEKS_CNI_Policy",
          "schema_version": 0,
          "attributes": {
            "id": "spot-eks-node-group-20240314123827360300000001-20240314123830451500000009",
            "policy_arn": "arn:aws:iam::aws:policy/AmazonEKS_CNI_Policy",
            "role": "spot-eks-node-group-20240314123827360300000001"
          },
          "sensitive_attributes": [],
          "private": "bnVsbA==",
          "dependencies": [
            "module.eks.module.eks_managed_node_group.aws_iam_role.this",
            "module.eks.module.eks_managed_node_group.data.aws_caller_identity.current",
            "module.eks.module.eks_managed_node_group.data.aws_iam_policy_document.assume_role_policy",
            "module.eks.module.eks_managed_node_group.data.aws_partition.current"
          ],
          "create_before_destroy": true
        }
      ]
    },
    {
      "module": "module.eks.module.eks_managed_node_group[\"spot\"]",
      "mode": "managed",
      "type": "aws_launch_template",
      "name": "this",
      "provider": "provider[\"registry.terraform.io/hashicorp/aws\"]",
      "instances": [
        {
          "index_key": 0,
          "schema_version": 0,
          "attributes": {
            "arn": "arn:aws:ec2:us-east-1:852312235001:launch-template/lt-058907f1792e9080a",
            "block_device_mappings": [],
            "capacity_reservation_specification": [],
            "cpu_options": [],
            "credit_specification": [],
            "default_version": 1,
            "description": "Custom launch template for spot EKS managed node group",
            "disable_api_stop": false,
            "disable_api_termination": false,
            "ebs_optimized": "",
            "elastic_gpu_specifications": [],
            "elastic_inference_accelerator": [],
            "enclave_options": [],
            "hibernation_options": [],
            "iam_instance_profile": [],
            "id": "lt-058907f1792e9080a",
            "image_id": "",
            "instance_initiated_shutdown_behavior": "",
            "instance_market_options": [],
            "instance_requirements": [],
            "instance_type": "",
            "kernel_id": "",
            "key_name": "",
            "latest_version": 1,
            "license_specification": [],
            "maintenance_options": [],
            "metadata_options": [
              {
                "http_endpoint": "enabled",
                "http_protocol_ipv6": "",
                "http_put_response_hop_limit": 2,
                "http_tokens": "required",
                "instance_metadata_tags": ""
              }
            ],
            "monitoring": [
              {
                "enabled": true
              }
            ],
            "name": "spot-20240314124824490600000016",
            "name_prefix": "spot-",
            "network_interfaces": [],
            "placement": [],
            "private_dns_name_options": [],
            "ram_disk_id": "",
            "security_group_names": [],
            "tag_specifications": [
              {
                "resource_type": "instance",
                "tags": {
                  "Environment": "dev",
                  "Name": "spot"
                }
              },
              {
                "resource_type": "network-interface",
                "tags": {
                  "Environment": "dev",
                  "Name": "spot"
                }
              },
              {
                "resource_type": "volume",
                "tags": {
                  "Environment": "dev",
                  "Name": "spot"
                }
              }
            ],
            "tags": {
              "Environment": "dev"
            },
            "tags_all": {
              "Environment": "dev"
            },
            "update_default_version": true,
            "user_data": "",
            "vpc_security_group_ids": [
              "sg-03fd58c96b25c3951",
              "sg-0c72fe4dffcebe0f9"
            ]
          },
          "sensitive_attributes": [],
          "private": "bnVsbA==",
          "dependencies": [
            "module.eks.aws_cloudwatch_log_group.this",
            "module.eks.aws_eks_cluster.this",
            "module.eks.aws_iam_role.this",
            "module.eks.aws_iam_role_policy_attachment.this",
            "module.eks.aws_security_group.cluster",
            "module.eks.aws_security_group.node",
            "module.eks.aws_security_group_rule.cluster",
            "module.eks.aws_security_group_rule.node",
            "module.eks.data.aws_caller_identity.current",
            "module.eks.data.aws_iam_policy_document.assume_role_policy",
            "module.eks.data.aws_partition.current",
            "module.eks.module.eks_managed_node_group.aws_iam_role.this",
            "module.eks.module.eks_managed_node_group.aws_iam_role_policy_attachment.this",
            "module.eks.module.eks_managed_node_group.aws_security_group.this",
            "module.eks.module.eks_managed_node_group.aws_security_group_rule.this",
            "module.eks.module.eks_managed_node_group.data.aws_caller_identity.current",
            "module.eks.module.eks_managed_node_group.data.aws_iam_policy_document.assume_role_policy",
            "module.eks.module.eks_managed_node_group.data.aws_partition.current",
            "module.eks.module.eks_managed_node_group.module.user_data.data.cloudinit_config.linux_eks_managed_node_group",
            "module.eks.module.kms.aws_kms_external_key.this",
            "module.eks.module.kms.aws_kms_key.this",
            "module.eks.module.kms.data.aws_caller_identity.current",
            "module.eks.module.kms.data.aws_iam_policy_document.this",
            "module.eks.module.kms.data.aws_partition.current",
            "module.vpc.aws_subnet.private",
            "module.vpc.aws_vpc.this",
            "module.vpc.aws_vpc_ipv4_cidr_block_association.this"
          ],
          "create_before_destroy": true
        }
      ]
    },
    {
      "module": "module.eks.module.eks_managed_node_group[\"spot\"]",
      "mode": "managed",
      "type": "aws_security_group",
      "name": "this",
      "provider": "provider[\"registry.terraform.io/hashicorp/aws\"]",
      "instances": [
        {
          "index_key": 0,
          "schema_version": 1,
          "attributes": {
            "arn": "arn:aws:ec2:us-east-1:852312235001:security-group/sg-03fd58c96b25c3951",
            "description": "EKS managed node group security group",
            "egress": [],
            "id": "sg-03fd58c96b25c3951",
            "ingress": [],
            "name": "spot-eks-node-group-20240314123845768000000011",
            "name_prefix": "spot-eks-node-group-",
            "owner_id": "852312235001",
            "revoke_rules_on_delete": false,
            "tags": {
              "Environment": "dev",
              "Name": "spot-eks-node-group"
            },
            "tags_all": {
              "Environment": "dev",
              "Name": "spot-eks-node-group"
            },
            "timeouts": null,
            "vpc_id": "vpc-0680979fd1bca1c4d"
          },
          "sensitive_attributes": [],
          "private": "eyJlMmJmYjczMC1lY2FhLTExZTYtOGY4OC0zNDM2M2JjN2M0YzAiOnsiY3JlYXRlIjo2MDAwMDAwMDAwMDAsImRlbGV0ZSI6OTAwMDAwMDAwMDAwfSwic2NoZW1hX3ZlcnNpb24iOiIxIn0=",
          "dependencies": [
            "module.vpc.aws_vpc.this"
          ],
          "create_before_destroy": true
        }
      ]
    },
    {
      "module": "module.eks.module.kms",
      "mode": "data",
      "type": "aws_caller_identity",
      "name": "current",
      "provider": "provider[\"registry.terraform.io/hashicorp/aws\"]",
      "instances": [
        {
          "schema_version": 0,
          "attributes": {
            "account_id": "852312235001",
            "arn": "arn:aws:iam::852312235001:user/snewhadeep.saha",
            "id": "852312235001",
            "user_id": "AIDA4M4OETP4SUK7FZCON"
          },
          "sensitive_attributes": []
        }
      ]
    },
    {
      "module": "module.eks.module.kms",
      "mode": "data",
      "type": "aws_partition",
      "name": "current",
      "provider": "provider[\"registry.terraform.io/hashicorp/aws\"]",
      "instances": [
        {
          "schema_version": 0,
          "attributes": {
            "dns_suffix": "amazonaws.com",
            "id": "aws",
            "partition": "aws",
            "reverse_dns_prefix": "com.amazonaws"
          },
          "sensitive_attributes": []
        }
      ]
    },
    {
      "module": "module.eks_admins_iam_group",
      "mode": "data",
      "type": "aws_caller_identity",
      "name": "current",
      "provider": "provider[\"registry.terraform.io/hashicorp/aws\"]",
      "instances": [
        {
          "index_key": 0,
          "schema_version": 0,
          "attributes": {
            "account_id": "852312235001",
            "arn": "arn:aws:iam::852312235001:user/snewhadeep.saha",
            "id": "852312235001",
            "user_id": "AIDA4M4OETP4SUK7FZCON"
          },
          "sensitive_attributes": []
        }
      ]
    },
    {
      "module": "module.eks_admins_iam_group",
      "mode": "data",
      "type": "aws_iam_policy_document",
      "name": "iam_self_management",
      "provider": "provider[\"registry.terraform.io/hashicorp/aws\"]",
      "instances": [
        {
          "schema_version": 0,
          "attributes": {
            "id": "2676895446",
            "json": "{\n  \"Version\": \"2012-10-17\",\n  \"Statement\": [\n    {\n      \"Sid\": \"AllowSelfManagement\",\n      \"Effect\": \"Allow\",\n      \"Action\": [\n        \"iam:UploadSigningCertificate\",\n        \"iam:UploadSSHPublicKey\",\n        \"iam:UpdateUser\",\n        \"iam:UpdateLoginProfile\",\n        \"iam:UpdateAccessKey\",\n        \"iam:ResyncMFADevice\",\n        \"iam:List*\",\n        \"iam:Get*\",\n        \"iam:GenerateServiceLastAccessedDetails\",\n        \"iam:GenerateCredentialReport\",\n        \"iam:EnableMFADevice\",\n        \"iam:DeleteVirtualMFADevice\",\n        \"iam:DeleteLoginProfile\",\n        \"iam:DeleteAccessKey\",\n        \"iam:CreateVirtualMFADevice\",\n        \"iam:CreateLoginProfile\",\n        \"iam:CreateAccessKey\",\n        \"iam:ChangePassword\"\n      ],\n      \"Resource\": [\n        \"arn:aws:iam::852312235001:user/*/${aws:username}\",\n        \"arn:aws:iam::852312235001:user/${aws:username}\",\n        \"arn:aws:iam::852312235001:mfa/${aws:username}\"\n      ]\n    },\n    {\n      \"Sid\": \"AllowIAMReadOnly\",\n      \"Effect\": \"Allow\",\n      \"Action\": [\n        \"iam:List*\",\n        \"iam:Get*\"\n      ],\n      \"Resource\": \"*\"\n    },\n    {\n      \"Sid\": \"AllowDeactivateMFADevice\",\n      \"Effect\": \"Allow\",\n      \"Action\": \"iam:DeactivateMFADevice\",\n      \"Resource\": [\n        \"arn:aws:iam::852312235001:user/*/${aws:username}\",\n        \"arn:aws:iam::852312235001:user/${aws:username}\",\n        \"arn:aws:iam::852312235001:mfa/${aws:username}\"\n      ],\n      \"Condition\": {\n        \"Bool\": {\n          \"aws:MultiFactorAuthPresent\": \"true\"\n        },\n        \"NumericLessThan\": {\n          \"aws:MultiFactorAuthAge\": \"3600\"\n        }\n      }\n    }\n  ]\n}",
            "override_policy_documents": null,
            "policy_id": null,
            "source_policy_documents": null,
            "statement": [
              {
                "actions": [
                  "iam:ChangePassword",
                  "iam:CreateAccessKey",
                  "iam:CreateLoginProfile",
                  "iam:CreateVirtualMFADevice",
                  "iam:DeleteAccessKey",
                  "iam:DeleteLoginProfile",
                  "iam:DeleteVirtualMFADevice",
                  "iam:EnableMFADevice",
                  "iam:GenerateCredentialReport",
                  "iam:GenerateServiceLastAccessedDetails",
                  "iam:Get*",
                  "iam:List*",
                  "iam:ResyncMFADevice",
                  "iam:UpdateAccessKey",
                  "iam:UpdateLoginProfile",
                  "iam:UpdateUser",
                  "iam:UploadSSHPublicKey",
                  "iam:UploadSigningCertificate"
                ],
                "condition": [],
                "effect": "Allow",
                "not_actions": [],
                "not_principals": [],
                "not_resources": [],
                "principals": [],
                "resources": [
                  "arn:aws:iam::852312235001:mfa/${aws:username}",
                  "arn:aws:iam::852312235001:user/${aws:username}",
                  "arn:aws:iam::852312235001:user/*/${aws:username}"
                ],
                "sid": "AllowSelfManagement"
              },
              {
                "actions": [
                  "iam:Get*",
                  "iam:List*"
                ],
                "condition": [],
                "effect": "Allow",
                "not_actions": [],
                "not_principals": [],
                "not_resources": [],
                "principals": [],
                "resources": [
                  "*"
                ],
                "sid": "AllowIAMReadOnly"
              },
              {
                "actions": [
                  "iam:DeactivateMFADevice"
                ],
                "condition": [
                  {
                    "test": "Bool",
                    "values": [
                      "true"
                    ],
                    "variable": "aws:MultiFactorAuthPresent"
                  },
                  {
                    "test": "NumericLessThan",
                    "values": [
                      "3600"
                    ],
                    "variable": "aws:MultiFactorAuthAge"
                  }
                ],
                "effect": "Allow",
                "not_actions": [],
                "not_principals": [],
                "not_resources": [],
                "principals": [],
                "resources": [
                  "arn:aws:iam::852312235001:mfa/${aws:username}",
                  "arn:aws:iam::852312235001:user/${aws:username}",
                  "arn:aws:iam::852312235001:user/*/${aws:username}"
                ],
                "sid": "AllowDeactivateMFADevice"
              }
            ],
            "version": "2012-10-17"
          },
          "sensitive_attributes": []
        }
      ]
    },
    {
      "module": "module.eks_admins_iam_group",
      "mode": "data",
      "type": "aws_partition",
      "name": "current",
      "provider": "provider[\"registry.terraform.io/hashicorp/aws\"]",
      "instances": [
        {
          "schema_version": 0,
          "attributes": {
            "dns_suffix": "amazonaws.com",
            "id": "aws",
            "partition": "aws",
            "reverse_dns_prefix": "com.amazonaws"
          },
          "sensitive_attributes": []
        }
      ]
    },
    {
      "module": "module.eks_admins_iam_group",
      "mode": "managed",
      "type": "aws_iam_group",
      "name": "this",
      "provider": "provider[\"registry.terraform.io/hashicorp/aws\"]",
      "instances": [
        {
          "index_key": 0,
          "schema_version": 0,
          "attributes": {
            "arn": "arn:aws:iam::852312235001:group/eks-admin",
            "id": "eks-admin",
            "name": "eks-admin",
            "path": "/",
            "unique_id": "AGPA4M4OETP4QSSGP7UN5"
          },
          "sensitive_attributes": [],
          "private": "bnVsbA=="
        }
      ]
    },
    {
      "module": "module.eks_admins_iam_group",
      "mode": "managed",
      "type": "aws_iam_group_membership",
      "name": "this",
      "provider": "provider[\"registry.terraform.io/hashicorp/aws\"]",
      "instances": [
        {
          "index_key": 0,
          "schema_version": 0,
          "attributes": {
            "group": "eks-admin",
            "id": "eks-admin",
            "name": "eks-admin",
            "users": [
              "user1"
            ]
          },
          "sensitive_attributes": [],
          "private": "bnVsbA==",
          "dependencies": [
            "module.eks_admins_iam_group.aws_iam_group.this",
            "module.user1_iam_user.aws_iam_user.this"
          ]
        }
      ]
    },
    {
      "module": "module.eks_admins_iam_group",
      "mode": "managed",
      "type": "aws_iam_group_policy_attachment",
      "name": "custom_arns",
      "provider": "provider[\"registry.terraform.io/hashicorp/aws\"]",
      "instances": [
        {
          "index_key": 0,
          "schema_version": 0,
          "attributes": {
            "group": "eks-admin",
            "id": "eks-admin-20240314123849306500000015",
            "policy_arn": "arn:aws:iam::852312235001:policy/allow-assume-eks-admin-iam-role"
          },
          "sensitive_attributes": [],
          "private": "bnVsbA==",
          "dependencies": [
            "module.allow_assume_eks_admins_iam_policy.aws_iam_policy.policy",
            "module.eks_admins_iam_group.aws_iam_group.this",
            "module.eks_admins_iam_role.aws_iam_role.this",
            "module.eks_admins_iam_role.data.aws_iam_policy_document.assume_role",
            "module.eks_admins_iam_role.data.aws_iam_policy_document.assume_role_with_mfa",
            "module.vpc.aws_vpc.this"
          ]
        }
      ]
    },
    {
      "module": "module.eks_admins_iam_role",
      "mode": "data",
      "type": "aws_iam_policy_document",
      "name": "assume_role",
      "provider": "provider[\"registry.terraform.io/hashicorp/aws\"]",
      "instances": [
        {
          "index_key": 0,
          "schema_version": 0,
          "attributes": {
            "id": "4270711641",
            "json": "{\n  \"Version\": \"2012-10-17\",\n  \"Statement\": [\n    {\n      \"Effect\": \"Allow\",\n      \"Action\": \"sts:AssumeRole\",\n      \"Principal\": {\n        \"AWS\": \"arn:aws:iam::852312235001:root\",\n        \"Service\": []\n      }\n    }\n  ]\n}",
            "override_policy_documents": null,
            "policy_id": null,
            "source_policy_documents": null,
            "statement": [
              {
                "actions": [
                  "sts:AssumeRole"
                ],
                "condition": [],
                "effect": "Allow",
                "not_actions": [],
                "not_principals": [],
                "not_resources": [],
                "principals": [
                  {
                    "identifiers": [
                      "arn:aws:iam::852312235001:root"
                    ],
                    "type": "AWS"
                  },
                  {
                    "identifiers": [],
                    "type": "Service"
                  }
                ],
                "resources": [],
                "sid": ""
              }
            ],
            "version": "2012-10-17"
          },
          "sensitive_attributes": []
        }
      ]
    },
    {
      "module": "module.eks_admins_iam_role",
      "mode": "managed",
      "type": "aws_iam_role",
      "name": "this",
      "provider": "provider[\"registry.terraform.io/hashicorp/aws\"]",
      "instances": [
        {
          "index_key": 0,
          "schema_version": 0,
          "attributes": {
            "arn": "arn:aws:iam::852312235001:role/eks-admin",
            "assume_role_policy": "{\"Statement\":[{\"Action\":\"sts:AssumeRole\",\"Effect\":\"Allow\",\"Principal\":{\"AWS\":\"arn:aws:iam::852312235001:root\",\"Service\":[]}}],\"Version\":\"2012-10-17\"}",
            "create_date": "2024-03-14T12:38:45Z",
            "description": "",
            "force_detach_policies": false,
            "id": "eks-admin",
            "inline_policy": [],
            "managed_policy_arns": [
              "arn:aws:iam::852312235001:policy/allow-eks-access"
            ],
            "max_session_duration": 3600,
            "name": "eks-admin",
            "name_prefix": "",
            "path": "/",
            "permissions_boundary": "",
            "tags": {},
            "tags_all": {},
            "unique_id": "AROA4M4OETP4XXLQVQYCJ"
          },
          "sensitive_attributes": [],
          "private": "bnVsbA==",
          "dependencies": [
            "module.eks_admins_iam_role.data.aws_iam_policy_document.assume_role",
            "module.eks_admins_iam_role.data.aws_iam_policy_document.assume_role_with_mfa",
            "module.vpc.aws_vpc.this"
          ]
        }
      ]
    },
    {
      "module": "module.eks_admins_iam_role",
      "mode": "managed",
      "type": "aws_iam_role_policy_attachment",
      "name": "custom",
      "provider": "provider[\"registry.terraform.io/hashicorp/aws\"]",
      "instances": [
        {
          "index_key": 0,
          "schema_version": 0,
          "attributes": {
            "id": "eks-admin-20240314123847676400000013",
            "policy_arn": "arn:aws:iam::852312235001:policy/allow-eks-access",
            "role": "eks-admin"
          },
          "sensitive_attributes": [],
          "private": "bnVsbA==",
          "dependencies": [
            "module.allow_eks_access_iam_policy.aws_iam_policy.policy",
            "module.eks_admins_iam_role.aws_iam_role.this",
            "module.eks_admins_iam_role.data.aws_iam_policy_document.assume_role",
            "module.eks_admins_iam_role.data.aws_iam_policy_document.assume_role_with_mfa",
            "module.vpc.aws_vpc.this"
          ]
        }
      ]
    },
    {
      "module": "module.user1_iam_user",
      "mode": "managed",
      "type": "aws_iam_user",
      "name": "this",
      "provider": "provider[\"registry.terraform.io/hashicorp/aws\"]",
      "instances": [
        {
          "index_key": 0,
          "schema_version": 0,
          "attributes": {
            "arn": "arn:aws:iam::852312235001:user/user1",
            "force_destroy": true,
            "id": "user1",
            "name": "user1",
            "path": "/",
            "permissions_boundary": "",
            "tags": {},
            "tags_all": {},
            "unique_id": "AIDA4M4OETP457TVASWWC"
          },
          "sensitive_attributes": [],
          "private": "bnVsbA=="
        }
      ]
    },
    {
      "module": "module.vpc",
      "mode": "managed",
      "type": "aws_default_network_acl",
      "name": "this",
      "provider": "provider[\"registry.terraform.io/hashicorp/aws\"]",
      "instances": [
        {
          "index_key": 0,
          "schema_version": 0,
          "attributes": {
            "arn": "arn:aws:ec2:us-east-1:852312235001:network-acl/acl-074275dd50a8ad414",
            "default_network_acl_id": "acl-074275dd50a8ad414",
            "egress": [
              {
                "action": "allow",
                "cidr_block": "",
                "from_port": 0,
                "icmp_code": 0,
                "icmp_type": 0,
                "ipv6_cidr_block": "::/0",
                "protocol": "-1",
                "rule_no": 101,
                "to_port": 0
              },
              {
                "action": "allow",
                "cidr_block": "0.0.0.0/0",
                "from_port": 0,
                "icmp_code": 0,
                "icmp_type": 0,
                "ipv6_cidr_block": "",
                "protocol": "-1",
                "rule_no": 100,
                "to_port": 0
              }
            ],
            "id": "acl-074275dd50a8ad414",
            "ingress": [
              {
                "action": "allow",
                "cidr_block": "",
                "from_port": 0,
                "icmp_code": 0,
                "icmp_type": 0,
                "ipv6_cidr_block": "::/0",
                "protocol": "-1",
                "rule_no": 101,
                "to_port": 0
              },
              {
                "action": "allow",
                "cidr_block": "0.0.0.0/0",
                "from_port": 0,
                "icmp_code": 0,
                "icmp_type": 0,
                "ipv6_cidr_block": "",
                "protocol": "-1",
                "rule_no": 100,
                "to_port": 0
              }
            ],
            "owner_id": "852312235001",
            "subnet_ids": [
              "subnet-000e55dd9b78d4573",
              "subnet-0204908893f489429",
              "subnet-05d99d8774bbf97b3",
              "subnet-09bc423ef8b7165aa"
            ],
            "tags": {
              "Environment": "dev",
              "Name": "main-default"
            },
            "tags_all": {
              "Environment": "dev",
              "Name": "main-default"
            },
            "vpc_id": "vpc-0680979fd1bca1c4d"
          },
          "sensitive_attributes": [],
          "private": "bnVsbA==",
          "dependencies": [
            "module.vpc.aws_vpc.this"
          ]
        }
      ]
    },
    {
      "module": "module.vpc",
      "mode": "managed",
      "type": "aws_default_route_table",
      "name": "default",
      "provider": "provider[\"registry.terraform.io/hashicorp/aws\"]",
      "instances": [
        {
          "index_key": 0,
          "schema_version": 0,
          "attributes": {
            "arn": "arn:aws:ec2:us-east-1:852312235001:route-table/rtb-07d33ede02af37b55",
            "default_route_table_id": "rtb-07d33ede02af37b55",
            "id": "rtb-07d33ede02af37b55",
            "owner_id": "852312235001",
            "propagating_vgws": [],
            "route": [],
            "tags": {
              "Environment": "dev",
              "Name": "main-default"
            },
            "tags_all": {
              "Environment": "dev",
              "Name": "main-default"
            },
            "timeouts": {
              "create": "5m",
              "update": "5m"
            },
            "vpc_id": "vpc-0680979fd1bca1c4d"
          },
          "sensitive_attributes": [],
          "private": "eyJlMmJmYjczMC1lY2FhLTExZTYtOGY4OC0zNDM2M2JjN2M0YzAiOnsiY3JlYXRlIjozMDAwMDAwMDAwMDAsInVwZGF0ZSI6MzAwMDAwMDAwMDAwfX0=",
          "dependencies": [
            "module.vpc.aws_vpc.this"
          ]
        }
      ]
    },
    {
      "module": "module.vpc",
      "mode": "managed",
      "type": "aws_default_security_group",
      "name": "this",
      "provider": "provider[\"registry.terraform.io/hashicorp/aws\"]",
      "instances": [
        {
          "index_key": 0,
          "schema_version": 1,
          "attributes": {
            "arn": "arn:aws:ec2:us-east-1:852312235001:security-group/sg-09a985ee4c630ecda",
            "description": "default VPC security group",
            "egress": [],
            "id": "sg-09a985ee4c630ecda",
            "ingress": [],
            "name": "default",
            "name_prefix": "",
            "owner_id": "852312235001",
            "revoke_rules_on_delete": false,
            "tags": {
              "Environment": "dev",
              "Name": "main-default"
            },
            "tags_all": {
              "Environment": "dev",
              "Name": "main-default"
            },
            "vpc_id": "vpc-0680979fd1bca1c4d"
          },
          "sensitive_attributes": [],
          "private": "eyJzY2hlbWFfdmVyc2lvbiI6IjEifQ==",
          "dependencies": [
            "module.vpc.aws_vpc.this"
          ]
        }
      ]
    },
    {
      "module": "module.vpc",
      "mode": "managed",
      "type": "aws_eip",
      "name": "nat",
      "provider": "provider[\"registry.terraform.io/hashicorp/aws\"]",
      "instances": [
        {
          "index_key": 0,
          "schema_version": 0,
          "attributes": {
            "address": null,
            "allocation_id": "eipalloc-08bab7c9ad231c5bc",
            "associate_with_private_ip": null,
            "association_id": "eipassoc-01abfbca037b336eb",
            "carrier_ip": "",
            "customer_owned_ip": "",
            "customer_owned_ipv4_pool": "",
            "domain": "vpc",
            "id": "eipalloc-08bab7c9ad231c5bc",
            "instance": "",
            "network_border_group": "us-east-1",
            "network_interface": "eni-0433312034325c1ed",
            "private_dns": "ip-10-0-75-171.ec2.internal",
            "private_ip": "10.0.75.171",
            "public_dns": "ec2-3-226-71-236.compute-1.amazonaws.com",
            "public_ip": "3.226.71.236",
            "public_ipv4_pool": "amazon",
            "tags": {
              "Environment": "dev",
              "Name": "main-us-east-1a"
            },
            "tags_all": {
              "Environment": "dev",
              "Name": "main-us-east-1a"
            },
            "timeouts": null,
            "vpc": true
          },
          "sensitive_attributes": [],
          "private": "eyJlMmJmYjczMC1lY2FhLTExZTYtOGY4OC0zNDM2M2JjN2M0YzAiOnsiZGVsZXRlIjoxODAwMDAwMDAwMDAsInJlYWQiOjkwMDAwMDAwMDAwMCwidXBkYXRlIjozMDAwMDAwMDAwMDB9fQ==",
          "dependencies": [
            "module.vpc.aws_internet_gateway.this",
            "module.vpc.aws_vpc.this",
            "module.vpc.aws_vpc_ipv4_cidr_block_association.this"
          ]
        }
      ]
    },
    {
      "module": "module.vpc",
      "mode": "managed",
      "type": "aws_internet_gateway",
      "name": "this",
      "provider": "provider[\"registry.terraform.io/hashicorp/aws\"]",
      "instances": [
        {
          "index_key": 0,
          "schema_version": 0,
          "attributes": {
            "arn": "arn:aws:ec2:us-east-1:852312235001:internet-gateway/igw-048b2de57dc884c9e",
            "id": "igw-048b2de57dc884c9e",
            "owner_id": "852312235001",
            "tags": {
              "Environment": "dev",
              "Name": "main"
            },
            "tags_all": {
              "Environment": "dev",
              "Name": "main"
            },
            "timeouts": null,
            "vpc_id": "vpc-0680979fd1bca1c4d"
          },
          "sensitive_attributes": [],
          "private": "eyJlMmJmYjczMC1lY2FhLTExZTYtOGY4OC0zNDM2M2JjN2M0YzAiOnsiY3JlYXRlIjoxMjAwMDAwMDAwMDAwLCJkZWxldGUiOjEyMDAwMDAwMDAwMDAsInVwZGF0ZSI6MTIwMDAwMDAwMDAwMH19",
          "dependencies": [
            "module.vpc.aws_vpc.this",
            "module.vpc.aws_vpc_ipv4_cidr_block_association.this"
          ]
        }
      ]
    },
    {
      "module": "module.vpc",
      "mode": "managed",
      "type": "aws_nat_gateway",
      "name": "this",
      "provider": "provider[\"registry.terraform.io/hashicorp/aws\"]",
      "instances": [
        {
          "index_key": 0,
          "schema_version": 0,
          "attributes": {
            "allocation_id": "eipalloc-08bab7c9ad231c5bc",
            "association_id": "eipassoc-01abfbca037b336eb",
            "connectivity_type": "public",
            "id": "nat-0902dbc9a153c3ad2",
            "network_interface_id": "eni-0433312034325c1ed",
            "private_ip": "10.0.75.171",
            "public_ip": "3.226.71.236",
            "secondary_allocation_ids": [],
            "secondary_private_ip_address_count": 0,
            "secondary_private_ip_addresses": [],
            "subnet_id": "subnet-000e55dd9b78d4573",
            "tags": {
              "Environment": "dev",
              "Name": "main-us-east-1a"
            },
            "tags_all": {
              "Environment": "dev",
              "Name": "main-us-east-1a"
            },
            "timeouts": null
          },
          "sensitive_attributes": [],
          "private": "eyJlMmJmYjczMC1lY2FhLTExZTYtOGY4OC0zNDM2M2JjN2M0YzAiOnsiY3JlYXRlIjo2MDAwMDAwMDAwMDAsImRlbGV0ZSI6MTgwMDAwMDAwMDAwMCwidXBkYXRlIjo2MDAwMDAwMDAwMDB9fQ==",
          "dependencies": [
            "module.vpc.aws_eip.nat",
            "module.vpc.aws_internet_gateway.this",
            "module.vpc.aws_subnet.public",
            "module.vpc.aws_vpc.this",
            "module.vpc.aws_vpc_ipv4_cidr_block_association.this"
          ]
        }
      ]
    },
    {
      "module": "module.vpc",
      "mode": "managed",
      "type": "aws_route",
      "name": "private_nat_gateway",
      "provider": "provider[\"registry.terraform.io/hashicorp/aws\"]",
      "instances": [
        {
          "index_key": 0,
          "schema_version": 0,
          "attributes": {
            "carrier_gateway_id": "",
            "core_network_arn": "",
            "destination_cidr_block": "0.0.0.0/0",
            "destination_ipv6_cidr_block": "",
            "destination_prefix_list_id": "",
            "egress_only_gateway_id": "",
            "gateway_id": "",
            "id": "r-rtb-04edc528e842e41d91080289494",
            "instance_id": "",
            "instance_owner_id": "",
            "local_gateway_id": "",
            "nat_gateway_id": "nat-0902dbc9a153c3ad2",
            "network_interface_id": "",
            "origin": "CreateRoute",
            "route_table_id": "rtb-04edc528e842e41d9",
            "state": "active",
            "timeouts": {
              "create": "5m",
              "delete": null,
              "update": null
            },
            "transit_gateway_id": "",
            "vpc_endpoint_id": "",
            "vpc_peering_connection_id": ""
          },
          "sensitive_attributes": [],
          "private": "eyJlMmJmYjczMC1lY2FhLTExZTYtOGY4OC0zNDM2M2JjN2M0YzAiOnsiY3JlYXRlIjozMDAwMDAwMDAwMDAsImRlbGV0ZSI6MzAwMDAwMDAwMDAwLCJ1cGRhdGUiOjEyMDAwMDAwMDAwMH19",
          "dependencies": [
            "module.vpc.aws_eip.nat",
            "module.vpc.aws_internet_gateway.this",
            "module.vpc.aws_nat_gateway.this",
            "module.vpc.aws_route_table.private",
            "module.vpc.aws_subnet.public",
            "module.vpc.aws_vpc.this",
            "module.vpc.aws_vpc_ipv4_cidr_block_association.this"
          ]
        }
      ]
    },
    {
      "module": "module.vpc",
      "mode": "managed",
      "type": "aws_route",
      "name": "public_internet_gateway",
      "provider": "provider[\"registry.terraform.io/hashicorp/aws\"]",
      "instances": [
        {
          "index_key": 0,
          "schema_version": 0,
          "attributes": {
            "carrier_gateway_id": "",
            "core_network_arn": "",
            "destination_cidr_block": "0.0.0.0/0",
            "destination_ipv6_cidr_block": "",
            "destination_prefix_list_id": "",
            "egress_only_gateway_id": "",
            "gateway_id": "igw-048b2de57dc884c9e",
            "id": "r-rtb-0f0d8c9afcb9e18231080289494",
            "instance_id": "",
            "instance_owner_id": "",
            "local_gateway_id": "",
            "nat_gateway_id": "",
            "network_interface_id": "",
            "origin": "CreateRoute",
            "route_table_id": "rtb-0f0d8c9afcb9e1823",
            "state": "active",
            "timeouts": {
              "create": "5m",
              "delete": null,
              "update": null
            },
            "transit_gateway_id": "",
            "vpc_endpoint_id": "",
            "vpc_peering_connection_id": ""
          },
          "sensitive_attributes": [],
          "private": "eyJlMmJmYjczMC1lY2FhLTExZTYtOGY4OC0zNDM2M2JjN2M0YzAiOnsiY3JlYXRlIjozMDAwMDAwMDAwMDAsImRlbGV0ZSI6MzAwMDAwMDAwMDAwLCJ1cGRhdGUiOjEyMDAwMDAwMDAwMH19",
          "dependencies": [
            "module.vpc.aws_internet_gateway.this",
            "module.vpc.aws_route_table.public",
            "module.vpc.aws_vpc.this",
            "module.vpc.aws_vpc_ipv4_cidr_block_association.this"
          ]
        }
      ]
    },
    {
      "module": "module.vpc",
      "mode": "managed",
      "type": "aws_route_table",
      "name": "private",
      "provider": "provider[\"registry.terraform.io/hashicorp/aws\"]",
      "instances": [
        {
          "index_key": 0,
          "schema_version": 0,
          "attributes": {
            "arn": "arn:aws:ec2:us-east-1:852312235001:route-table/rtb-04edc528e842e41d9",
            "id": "rtb-04edc528e842e41d9",
            "owner_id": "852312235001",
            "propagating_vgws": [],
            "route": [
              {
                "carrier_gateway_id": "",
                "cidr_block": "0.0.0.0/0",
                "core_network_arn": "",
                "destination_prefix_list_id": "",
                "egress_only_gateway_id": "",
                "gateway_id": "",
                "ipv6_cidr_block": "",
                "local_gateway_id": "",
                "nat_gateway_id": "nat-0902dbc9a153c3ad2",
                "network_interface_id": "",
                "transit_gateway_id": "",
                "vpc_endpoint_id": "",
                "vpc_peering_connection_id": ""
              }
            ],
            "tags": {
              "Environment": "dev",
              "Name": "main-private"
            },
            "tags_all": {
              "Environment": "dev",
              "Name": "main-private"
            },
            "timeouts": null,
            "vpc_id": "vpc-0680979fd1bca1c4d"
          },
          "sensitive_attributes": [],
          "private": "eyJlMmJmYjczMC1lY2FhLTExZTYtOGY4OC0zNDM2M2JjN2M0YzAiOnsiY3JlYXRlIjozMDAwMDAwMDAwMDAsImRlbGV0ZSI6MzAwMDAwMDAwMDAwLCJ1cGRhdGUiOjEyMDAwMDAwMDAwMH19",
          "dependencies": [
            "module.vpc.aws_vpc.this",
            "module.vpc.aws_vpc_ipv4_cidr_block_association.this"
          ]
        }
      ]
    },
    {
      "module": "module.vpc",
      "mode": "managed",
      "type": "aws_route_table",
      "name": "public",
      "provider": "provider[\"registry.terraform.io/hashicorp/aws\"]",
      "instances": [
        {
          "index_key": 0,
          "schema_version": 0,
          "attributes": {
            "arn": "arn:aws:ec2:us-east-1:852312235001:route-table/rtb-0f0d8c9afcb9e1823",
            "id": "rtb-0f0d8c9afcb9e1823",
            "owner_id": "852312235001",
            "propagating_vgws": [],
            "route": [
              {
                "carrier_gateway_id": "",
                "cidr_block": "0.0.0.0/0",
                "core_network_arn": "",
                "destination_prefix_list_id": "",
                "egress_only_gateway_id": "",
                "gateway_id": "igw-048b2de57dc884c9e",
                "ipv6_cidr_block": "",
                "local_gateway_id": "",
                "nat_gateway_id": "",
                "network_interface_id": "",
                "transit_gateway_id": "",
                "vpc_endpoint_id": "",
                "vpc_peering_connection_id": ""
              }
            ],
            "tags": {
              "Environment": "dev",
              "Name": "main-public"
            },
            "tags_all": {
              "Environment": "dev",
              "Name": "main-public"
            },
            "timeouts": null,
            "vpc_id": "vpc-0680979fd1bca1c4d"
          },
          "sensitive_attributes": [],
          "private": "eyJlMmJmYjczMC1lY2FhLTExZTYtOGY4OC0zNDM2M2JjN2M0YzAiOnsiY3JlYXRlIjozMDAwMDAwMDAwMDAsImRlbGV0ZSI6MzAwMDAwMDAwMDAwLCJ1cGRhdGUiOjEyMDAwMDAwMDAwMH19",
          "dependencies": [
            "module.vpc.aws_vpc.this",
            "module.vpc.aws_vpc_ipv4_cidr_block_association.this"
          ]
        }
      ]
    },
    {
      "module": "module.vpc",
      "mode": "managed",
      "type": "aws_route_table_association",
      "name": "private",
      "provider": "provider[\"registry.terraform.io/hashicorp/aws\"]",
      "instances": [
        {
          "index_key": 0,
          "schema_version": 0,
          "attributes": {
            "gateway_id": "",
            "id": "rtbassoc-0dea5a7a31d0507e1",
            "route_table_id": "rtb-04edc528e842e41d9",
            "subnet_id": "subnet-0204908893f489429",
            "timeouts": null
          },
          "sensitive_attributes": [],
          "private": "eyJlMmJmYjczMC1lY2FhLTExZTYtOGY4OC0zNDM2M2JjN2M0YzAiOnsiY3JlYXRlIjozMDAwMDAwMDAwMDAsImRlbGV0ZSI6MzAwMDAwMDAwMDAwLCJ1cGRhdGUiOjEyMDAwMDAwMDAwMH19",
          "dependencies": [
            "module.vpc.aws_route_table.private",
            "module.vpc.aws_subnet.private",
            "module.vpc.aws_vpc.this",
            "module.vpc.aws_vpc_ipv4_cidr_block_association.this"
          ]
        },
        {
          "index_key": 1,
          "schema_version": 0,
          "attributes": {
            "gateway_id": "",
            "id": "rtbassoc-0365a2132c3122be5",
            "route_table_id": "rtb-04edc528e842e41d9",
            "subnet_id": "subnet-09bc423ef8b7165aa",
            "timeouts": null
          },
          "sensitive_attributes": [],
          "private": "eyJlMmJmYjczMC1lY2FhLTExZTYtOGY4OC0zNDM2M2JjN2M0YzAiOnsiY3JlYXRlIjozMDAwMDAwMDAwMDAsImRlbGV0ZSI6MzAwMDAwMDAwMDAwLCJ1cGRhdGUiOjEyMDAwMDAwMDAwMH19",
          "dependencies": [
            "module.vpc.aws_route_table.private",
            "module.vpc.aws_subnet.private",
            "module.vpc.aws_vpc.this",
            "module.vpc.aws_vpc_ipv4_cidr_block_association.this"
          ]
        }
      ]
    },
    {
      "module": "module.vpc",
      "mode": "managed",
      "type": "aws_route_table_association",
      "name": "public",
      "provider": "provider[\"registry.terraform.io/hashicorp/aws\"]",
      "instances": [
        {
          "index_key": 0,
          "schema_version": 0,
          "attributes": {
            "gateway_id": "",
            "id": "rtbassoc-0f2e092f69844dc45",
            "route_table_id": "rtb-0f0d8c9afcb9e1823",
            "subnet_id": "subnet-000e55dd9b78d4573",
            "timeouts": null
          },
          "sensitive_attributes": [],
          "private": "eyJlMmJmYjczMC1lY2FhLTExZTYtOGY4OC0zNDM2M2JjN2M0YzAiOnsiY3JlYXRlIjozMDAwMDAwMDAwMDAsImRlbGV0ZSI6MzAwMDAwMDAwMDAwLCJ1cGRhdGUiOjEyMDAwMDAwMDAwMH19",
          "dependencies": [
            "module.vpc.aws_route_table.public",
            "module.vpc.aws_subnet.public",
            "module.vpc.aws_vpc.this",
            "module.vpc.aws_vpc_ipv4_cidr_block_association.this"
          ]
        },
        {
          "index_key": 1,
          "schema_version": 0,
          "attributes": {
            "gateway_id": "",
            "id": "rtbassoc-0fd2172dc0c6c386f",
            "route_table_id": "rtb-0f0d8c9afcb9e1823",
            "subnet_id": "subnet-05d99d8774bbf97b3",
            "timeouts": null
          },
          "sensitive_attributes": [],
          "private": "eyJlMmJmYjczMC1lY2FhLTExZTYtOGY4OC0zNDM2M2JjN2M0YzAiOnsiY3JlYXRlIjozMDAwMDAwMDAwMDAsImRlbGV0ZSI6MzAwMDAwMDAwMDAwLCJ1cGRhdGUiOjEyMDAwMDAwMDAwMH19",
          "dependencies": [
            "module.vpc.aws_route_table.public",
            "module.vpc.aws_subnet.public",
            "module.vpc.aws_vpc.this",
            "module.vpc.aws_vpc_ipv4_cidr_block_association.this"
          ]
        }
      ]
    },
    {
      "module": "module.vpc",
      "mode": "managed",
      "type": "aws_subnet",
      "name": "private",
      "provider": "provider[\"registry.terraform.io/hashicorp/aws\"]",
      "instances": [
        {
          "index_key": 0,
          "schema_version": 1,
          "attributes": {
            "arn": "arn:aws:ec2:us-east-1:852312235001:subnet/subnet-0204908893f489429",
            "assign_ipv6_address_on_creation": false,
            "availability_zone": "us-east-1a",
            "availability_zone_id": "use1-az4",
            "cidr_block": "10.0.0.0/19",
            "customer_owned_ipv4_pool": "",
            "enable_dns64": false,
            "enable_lni_at_device_index": 0,
            "enable_resource_name_dns_a_record_on_launch": false,
            "enable_resource_name_dns_aaaa_record_on_launch": false,
            "id": "subnet-0204908893f489429",
            "ipv6_cidr_block": "",
            "ipv6_cidr_block_association_id": "",
            "ipv6_native": false,
            "map_customer_owned_ip_on_launch": false,
            "map_public_ip_on_launch": false,
            "outpost_arn": "",
            "owner_id": "852312235001",
            "private_dns_hostname_type_on_launch": "ip-name",
            "tags": {
              "Environment": "dev",
              "Name": "main-private-us-east-1a",
              "kubernetes.io/role/internal-elb": "1"
            },
            "tags_all": {
              "Environment": "dev",
              "Name": "main-private-us-east-1a",
              "kubernetes.io/role/internal-elb": "1"
            },
            "timeouts": null,
            "vpc_id": "vpc-0680979fd1bca1c4d"
          },
          "sensitive_attributes": [],
          "private": "eyJlMmJmYjczMC1lY2FhLTExZTYtOGY4OC0zNDM2M2JjN2M0YzAiOnsiY3JlYXRlIjo2MDAwMDAwMDAwMDAsImRlbGV0ZSI6MTIwMDAwMDAwMDAwMH0sInNjaGVtYV92ZXJzaW9uIjoiMSJ9",
          "dependencies": [
            "module.vpc.aws_vpc.this",
            "module.vpc.aws_vpc_ipv4_cidr_block_association.this"
          ],
          "create_before_destroy": true
        },
        {
          "index_key": 1,
          "schema_version": 1,
          "attributes": {
            "arn": "arn:aws:ec2:us-east-1:852312235001:subnet/subnet-09bc423ef8b7165aa",
            "assign_ipv6_address_on_creation": false,
            "availability_zone": "us-east-1b",
            "availability_zone_id": "use1-az6",
            "cidr_block": "10.0.32.0/19",
            "customer_owned_ipv4_pool": "",
            "enable_dns64": false,
            "enable_lni_at_device_index": 0,
            "enable_resource_name_dns_a_record_on_launch": false,
            "enable_resource_name_dns_aaaa_record_on_launch": false,
            "id": "subnet-09bc423ef8b7165aa",
            "ipv6_cidr_block": "",
            "ipv6_cidr_block_association_id": "",
            "ipv6_native": false,
            "map_customer_owned_ip_on_launch": false,
            "map_public_ip_on_launch": false,
            "outpost_arn": "",
            "owner_id": "852312235001",
            "private_dns_hostname_type_on_launch": "ip-name",
            "tags": {
              "Environment": "dev",
              "Name": "main-private-us-east-1b",
              "kubernetes.io/role/internal-elb": "1"
            },
            "tags_all": {
              "Environment": "dev",
              "Name": "main-private-us-east-1b",
              "kubernetes.io/role/internal-elb": "1"
            },
            "timeouts": null,
            "vpc_id": "vpc-0680979fd1bca1c4d"
          },
          "sensitive_attributes": [],
          "private": "eyJlMmJmYjczMC1lY2FhLTExZTYtOGY4OC0zNDM2M2JjN2M0YzAiOnsiY3JlYXRlIjo2MDAwMDAwMDAwMDAsImRlbGV0ZSI6MTIwMDAwMDAwMDAwMH0sInNjaGVtYV92ZXJzaW9uIjoiMSJ9",
          "dependencies": [
            "module.vpc.aws_vpc.this",
            "module.vpc.aws_vpc_ipv4_cidr_block_association.this"
          ],
          "create_before_destroy": true
        }
      ]
    },
    {
      "module": "module.vpc",
      "mode": "managed",
      "type": "aws_subnet",
      "name": "public",
      "provider": "provider[\"registry.terraform.io/hashicorp/aws\"]",
      "instances": [
        {
          "index_key": 0,
          "schema_version": 1,
          "attributes": {
            "arn": "arn:aws:ec2:us-east-1:852312235001:subnet/subnet-000e55dd9b78d4573",
            "assign_ipv6_address_on_creation": false,
            "availability_zone": "us-east-1a",
            "availability_zone_id": "use1-az4",
            "cidr_block": "10.0.64.0/19",
            "customer_owned_ipv4_pool": "",
            "enable_dns64": false,
            "enable_lni_at_device_index": 0,
            "enable_resource_name_dns_a_record_on_launch": false,
            "enable_resource_name_dns_aaaa_record_on_launch": false,
            "id": "subnet-000e55dd9b78d4573",
            "ipv6_cidr_block": "",
            "ipv6_cidr_block_association_id": "",
            "ipv6_native": false,
            "map_customer_owned_ip_on_launch": false,
            "map_public_ip_on_launch": false,
            "outpost_arn": "",
            "owner_id": "852312235001",
            "private_dns_hostname_type_on_launch": "ip-name",
            "tags": {
              "Environment": "dev",
              "Name": "main-public-us-east-1a",
              "kubernetes.io/role/elb": "1"
            },
            "tags_all": {
              "Environment": "dev",
              "Name": "main-public-us-east-1a",
              "kubernetes.io/role/elb": "1"
            },
            "timeouts": null,
            "vpc_id": "vpc-0680979fd1bca1c4d"
          },
          "sensitive_attributes": [],
          "private": "eyJlMmJmYjczMC1lY2FhLTExZTYtOGY4OC0zNDM2M2JjN2M0YzAiOnsiY3JlYXRlIjo2MDAwMDAwMDAwMDAsImRlbGV0ZSI6MTIwMDAwMDAwMDAwMH0sInNjaGVtYV92ZXJzaW9uIjoiMSJ9",
          "dependencies": [
            "module.vpc.aws_vpc.this",
            "module.vpc.aws_vpc_ipv4_cidr_block_association.this"
          ]
        },
        {
          "index_key": 1,
          "schema_version": 1,
          "attributes": {
            "arn": "arn:aws:ec2:us-east-1:852312235001:subnet/subnet-05d99d8774bbf97b3",
            "assign_ipv6_address_on_creation": false,
            "availability_zone": "us-east-1b",
            "availability_zone_id": "use1-az6",
            "cidr_block": "10.0.96.0/19",
            "customer_owned_ipv4_pool": "",
            "enable_dns64": false,
            "enable_lni_at_device_index": 0,
            "enable_resource_name_dns_a_record_on_launch": false,
            "enable_resource_name_dns_aaaa_record_on_launch": false,
            "id": "subnet-05d99d8774bbf97b3",
            "ipv6_cidr_block": "",
            "ipv6_cidr_block_association_id": "",
            "ipv6_native": false,
            "map_customer_owned_ip_on_launch": false,
            "map_public_ip_on_launch": false,
            "outpost_arn": "",
            "owner_id": "852312235001",
            "private_dns_hostname_type_on_launch": "ip-name",
            "tags": {
              "Environment": "dev",
              "Name": "main-public-us-east-1b",
              "kubernetes.io/role/elb": "1"
            },
            "tags_all": {
              "Environment": "dev",
              "Name": "main-public-us-east-1b",
              "kubernetes.io/role/elb": "1"
            },
            "timeouts": null,
            "vpc_id": "vpc-0680979fd1bca1c4d"
          },
          "sensitive_attributes": [],
          "private": "eyJlMmJmYjczMC1lY2FhLTExZTYtOGY4OC0zNDM2M2JjN2M0YzAiOnsiY3JlYXRlIjo2MDAwMDAwMDAwMDAsImRlbGV0ZSI6MTIwMDAwMDAwMDAwMH0sInNjaGVtYV92ZXJzaW9uIjoiMSJ9",
          "dependencies": [
            "module.vpc.aws_vpc.this",
            "module.vpc.aws_vpc_ipv4_cidr_block_association.this"
          ]
        }
      ]
    },
    {
      "module": "module.vpc",
      "mode": "managed",
      "type": "aws_vpc",
      "name": "this",
      "provider": "provider[\"registry.terraform.io/hashicorp/aws\"]",
      "instances": [
        {
          "index_key": 0,
          "schema_version": 1,
          "attributes": {
            "arn": "arn:aws:ec2:us-east-1:852312235001:vpc/vpc-0680979fd1bca1c4d",
            "assign_generated_ipv6_cidr_block": false,
            "cidr_block": "10.0.0.0/16",
            "default_network_acl_id": "acl-074275dd50a8ad414",
            "default_route_table_id": "rtb-07d33ede02af37b55",
            "default_security_group_id": "sg-09a985ee4c630ecda",
            "dhcp_options_id": "dopt-05399f04ecfea32d5",
            "enable_dns_hostnames": true,
            "enable_dns_support": true,
            "enable_network_address_usage_metrics": false,
            "id": "vpc-0680979fd1bca1c4d",
            "instance_tenancy": "default",
            "ipv4_ipam_pool_id": null,
            "ipv4_netmask_length": null,
            "ipv6_association_id": "",
            "ipv6_cidr_block": "",
            "ipv6_cidr_block_network_border_group": "",
            "ipv6_ipam_pool_id": "",
            "ipv6_netmask_length": 0,
            "main_route_table_id": "rtb-07d33ede02af37b55",
            "owner_id": "852312235001",
            "tags": {
              "Environment": "dev",
              "Name": "main"
            },
            "tags_all": {
              "Environment": "dev",
              "Name": "main"
            }
          },
          "sensitive_attributes": [],
          "private": "eyJzY2hlbWFfdmVyc2lvbiI6IjEifQ==",
          "create_before_destroy": true
        }
      ]
    }
  ],
  "check_results": null
}
